// !$*UTF8*$!
{
	archiveVersion = 1;
	classes = {
	};
	objectVersion = 55;
	objects = {

/* Begin PBXBuildFile section */
		4B09466529DCEC9B001CB55F /* TrendingEndpoint.swift in Sources */ = {isa = PBXBuildFile; fileRef = 4B09466429DCEC9B001CB55F /* TrendingEndpoint.swift */; };
		4B2DA18E29EF6AB7006BD0EC /* Box.swift in Sources */ = {isa = PBXBuildFile; fileRef = 4B2DA18D29EF6AB7006BD0EC /* Box.swift */; };
		4B2DA19129EF7E21006BD0EC /* SearchEndpoint.swift in Sources */ = {isa = PBXBuildFile; fileRef = 4B2DA19029EF7E21006BD0EC /* SearchEndpoint.swift */; };
		4B2DA1A629F2089A006BD0EC /* TrendingRemoteDataMock.swift in Sources */ = {isa = PBXBuildFile; fileRef = 4B2DA1A529F2089A006BD0EC /* TrendingRemoteDataMock.swift */; };
		4B2DA1A829F23E68006BD0EC /* TrendingMediaViewModelTests.swift in Sources */ = {isa = PBXBuildFile; fileRef = 4B2DA1A729F23E68006BD0EC /* TrendingMediaViewModelTests.swift */; };
		4B2DA1AC29F23F1C006BD0EC /* DecoderTests.swift in Sources */ = {isa = PBXBuildFile; fileRef = 4B2DA1AB29F23F1C006BD0EC /* DecoderTests.swift */; };
		4B37398629D3B1980056041F /* MainTabBarController.swift in Sources */ = {isa = PBXBuildFile; fileRef = 4B37398529D3B1980056041F /* MainTabBarController.swift */; };
		4B37398C29D4A88B0056041F /* RequestHandler.swift in Sources */ = {isa = PBXBuildFile; fileRef = 4B37398B29D4A88B0056041F /* RequestHandler.swift */; };
		4B37398E29D4A9DC0056041F /* RequestHandlerError.swift in Sources */ = {isa = PBXBuildFile; fileRef = 4B37398D29D4A9DC0056041F /* RequestHandlerError.swift */; };
		4B37399229D4B4550056041F /* GenericResponseDataObject.swift in Sources */ = {isa = PBXBuildFile; fileRef = 4B37399129D4B4550056041F /* GenericResponseDataObject.swift */; };
		4B37399429D4BA560056041F /* TrendingMediaViewModel.swift in Sources */ = {isa = PBXBuildFile; fileRef = 4B37399329D4BA560056041F /* TrendingMediaViewModel.swift */; };
		4B37399C29D4C1450056041F /* RequestHandlerUnitTests.swift in Sources */ = {isa = PBXBuildFile; fileRef = 4B37399B29D4C1450056041F /* RequestHandlerUnitTests.swift */; };
		4B3A946529D609F100C25BF4 /* Decodable.swift in Sources */ = {isa = PBXBuildFile; fileRef = 4B3A946429D609F100C25BF4 /* Decodable.swift */; };
		4B3BBE8129D65674001F4E85 /* NetworkingProtocols.swift in Sources */ = {isa = PBXBuildFile; fileRef = 4B3BBE8029D65674001F4E85 /* NetworkingProtocols.swift */; };
		4B3BBE8529D65879001F4E85 /* RequestSessionMock.swift in Sources */ = {isa = PBXBuildFile; fileRef = 4B3BBE8429D65879001F4E85 /* RequestSessionMock.swift */; };
		4B3BBE8929D658E2001F4E85 /* EndpointMock.swift in Sources */ = {isa = PBXBuildFile; fileRef = 4B3BBE8829D658E2001F4E85 /* EndpointMock.swift */; };
		4B3BBE8E29D69CFE001F4E85 /* TrendingMediaViewControllerTests.swift in Sources */ = {isa = PBXBuildFile; fileRef = 4B3BBE8D29D69CFE001F4E85 /* TrendingMediaViewControllerTests.swift */; };
		4B3BBE9029D69D46001F4E85 /* TrendingMoviesViewModelMock.swift in Sources */ = {isa = PBXBuildFile; fileRef = 4B3BBE8F29D69D46001F4E85 /* TrendingMoviesViewModelMock.swift */; };
		4B6BB28829FB0CDC007A20D7 /* MediaTypeTests.swift in Sources */ = {isa = PBXBuildFile; fileRef = 4B6BB28729FB0CDC007A20D7 /* MediaTypeTests.swift */; };
		4B6BB28C29FB1E8E007A20D7 /* MediaCollectionViewCellModel.swift in Sources */ = {isa = PBXBuildFile; fileRef = 4B6BB28B29FB1E8E007A20D7 /* MediaCollectionViewCellModel.swift */; };
		4B6BB29229FB36B1007A20D7 /* SimpleCollectionViewHeaderView.swift in Sources */ = {isa = PBXBuildFile; fileRef = 4B6BB29129FB36B1007A20D7 /* SimpleCollectionViewHeaderView.swift */; };
		4B6BB29429FDD931007A20D7 /* UIImage.swift in Sources */ = {isa = PBXBuildFile; fileRef = 4B6BB29329FDD931007A20D7 /* UIImage.swift */; };
		4B6BB29629FDDC24007A20D7 /* ImageEndpoint.swift in Sources */ = {isa = PBXBuildFile; fileRef = 4B6BB29529FDDC24007A20D7 /* ImageEndpoint.swift */; };
		4B6BB29D29FE388F007A20D7 /* SearchTableViewController.swift in Sources */ = {isa = PBXBuildFile; fileRef = 4B6BB29B29FE388F007A20D7 /* SearchTableViewController.swift */; };
		4B6BB2A029FE38D7007A20D7 /* SearchViewModel.swift in Sources */ = {isa = PBXBuildFile; fileRef = 4B6BB29F29FE38D7007A20D7 /* SearchViewModel.swift */; };
		4B6BB2A229FE38F3007A20D7 /* SearchRemoteData.swift in Sources */ = {isa = PBXBuildFile; fileRef = 4B6BB2A129FE38F3007A20D7 /* SearchRemoteData.swift */; };
		4B6BB2A529FE3F1A007A20D7 /* SearchLocalData.swift in Sources */ = {isa = PBXBuildFile; fileRef = 4B6BB2A429FE3F1A007A20D7 /* SearchLocalData.swift */; };
		4B6BB2AC2A00394A007A20D7 /* MediaItemTableViewCell.swift in Sources */ = {isa = PBXBuildFile; fileRef = 4B6BB2AA2A00394A007A20D7 /* MediaItemTableViewCell.swift */; };
		4B6BB2AF2A003B77007A20D7 /* MediaTableViewCellModel.swift in Sources */ = {isa = PBXBuildFile; fileRef = 4B6BB2AE2A003B77007A20D7 /* MediaTableViewCellModel.swift */; };
		4B6BB2B12A003E9C007A20D7 /* MediaTableViewCell.xib in Resources */ = {isa = PBXBuildFile; fileRef = 4B6BB2B02A003E9C007A20D7 /* MediaTableViewCell.xib */; };
		4B6BB2B62A006DAE007A20D7 /* DateFormatter.swift in Sources */ = {isa = PBXBuildFile; fileRef = 4B6BB2B52A006DAE007A20D7 /* DateFormatter.swift */; };
		4B6BB2BF2A00ADC6007A20D7 /* SearchViewModelTests.swift in Sources */ = {isa = PBXBuildFile; fileRef = 4B6BB2BE2A00ADC6007A20D7 /* SearchViewModelTests.swift */; };
		4B6BB2C22A00ADE9007A20D7 /* SearchLocalDataMock.swift in Sources */ = {isa = PBXBuildFile; fileRef = 4B6BB2C12A00ADE9007A20D7 /* SearchLocalDataMock.swift */; };
		4B6BB2C42A00AFEC007A20D7 /* SearchRemoteDataMock.swift in Sources */ = {isa = PBXBuildFile; fileRef = 4B6BB2C32A00AFEC007A20D7 /* SearchRemoteDataMock.swift */; };
		4B7060022A03113E00CB142A /* SearchViewControllerTests.swift in Sources */ = {isa = PBXBuildFile; fileRef = 4B7060012A03113E00CB142A /* SearchViewControllerTests.swift */; };
		4B8FBDB029F9C23F00F9422B /* MediaCollectionViewCell.swift in Sources */ = {isa = PBXBuildFile; fileRef = 4B8FBDAE29F9C23F00F9422B /* MediaCollectionViewCell.swift */; };
		4B8FBDB129F9C23F00F9422B /* MediaCollectionViewCell.xib in Resources */ = {isa = PBXBuildFile; fileRef = 4B8FBDAF29F9C23F00F9422B /* MediaCollectionViewCell.xib */; };
		4B8FBDB329F9E28B00F9422B /* MediaItem.swift in Sources */ = {isa = PBXBuildFile; fileRef = 4B8FBDB229F9E28B00F9422B /* MediaItem.swift */; };
		4B8FBDB529F9E2E600F9422B /* MediaType.swift in Sources */ = {isa = PBXBuildFile; fileRef = 4B8FBDB429F9E2E600F9422B /* MediaType.swift */; };
		4B947E7629F247DB00C116E3 /* DecodableMovies.swift in Sources */ = {isa = PBXBuildFile; fileRef = 4B947E7529F247DB00C116E3 /* DecodableMovies.swift */; };
		4B947E7829F24C9900C116E3 /* EndpointTests.swift in Sources */ = {isa = PBXBuildFile; fileRef = 4B947E7729F24C9900C116E3 /* EndpointTests.swift */; };
		4B947E7A29F24DDA00C116E3 /* RequestHandlerErrorTests.swift in Sources */ = {isa = PBXBuildFile; fileRef = 4B947E7929F24DDA00C116E3 /* RequestHandlerErrorTests.swift */; };
		4B947E7C29F24F8100C116E3 /* GenericEndpoint.swift in Sources */ = {isa = PBXBuildFile; fileRef = 4B947E7B29F24F8100C116E3 /* GenericEndpoint.swift */; };
		4BC398A72A0349550003A03F /* DispatchQueue+DispatchProtocol.swift in Sources */ = {isa = PBXBuildFile; fileRef = 4BC398A62A0349550003A03F /* DispatchQueue+DispatchProtocol.swift */; };
		4BC398AA2A034B2C0003A03F /* DispatchQueueMock.swift in Sources */ = {isa = PBXBuildFile; fileRef = 4BC398A92A034B2C0003A03F /* DispatchQueueMock.swift */; };
		C30893AE28A2F42B004B1860 /* AppDelegate.swift in Sources */ = {isa = PBXBuildFile; fileRef = C30893AD28A2F42B004B1860 /* AppDelegate.swift */; };
		C30893B028A2F42B004B1860 /* SceneDelegate.swift in Sources */ = {isa = PBXBuildFile; fileRef = C30893AF28A2F42B004B1860 /* SceneDelegate.swift */; };
		C30893B728A2F42D004B1860 /* Assets.xcassets in Resources */ = {isa = PBXBuildFile; fileRef = C30893B628A2F42D004B1860 /* Assets.xcassets */; };
		C30893BA28A2F42D004B1860 /* LaunchScreen.storyboard in Resources */ = {isa = PBXBuildFile; fileRef = C30893B828A2F42D004B1860 /* LaunchScreen.storyboard */; };
		C30893C428A2F845004B1860 /*  TrendingMediaViewController.swift in Sources */ = {isa = PBXBuildFile; fileRef = C30893C328A2F845004B1860 /*  TrendingMediaViewController.swift */; };
		C30893DB28A42481004B1860 /* README.md in Resources */ = {isa = PBXBuildFile; fileRef = C30893DA28A42481004B1860 /* README.md */; };
		C30893E228A425E1004B1860 /* TrendingMediaRemoteData.swift in Sources */ = {isa = PBXBuildFile; fileRef = C30893E028A425E1004B1860 /* TrendingMediaRemoteData.swift */; };
		C30893E328A425E1004B1860 /* MediaDataObject.swift in Sources */ = {isa = PBXBuildFile; fileRef = C30893E128A425E1004B1860 /* MediaDataObject.swift */; };
		C383356E28CA917400FCE0D5 /* code-review-rubric.md in Resources */ = {isa = PBXBuildFile; fileRef = C383356D28CA917400FCE0D5 /* code-review-rubric.md */; };
/* End PBXBuildFile section */

/* Begin PBXContainerItemProxy section */
		4B37399D29D4C1450056041F /* PBXContainerItemProxy */ = {
			isa = PBXContainerItemProxy;
			containerPortal = C30893A228A2F42B004B1860 /* Project object */;
			proxyType = 1;
			remoteGlobalIDString = C30893A928A2F42B004B1860;
			remoteInfo = BAZProject;
		};
/* End PBXContainerItemProxy section */

/* Begin PBXFileReference section */
		4B09466429DCEC9B001CB55F /* TrendingEndpoint.swift */ = {isa = PBXFileReference; lastKnownFileType = sourcecode.swift; path = TrendingEndpoint.swift; sourceTree = "<group>"; };
		4B2DA18D29EF6AB7006BD0EC /* Box.swift */ = {isa = PBXFileReference; lastKnownFileType = sourcecode.swift; path = Box.swift; sourceTree = "<group>"; };
		4B2DA19029EF7E21006BD0EC /* SearchEndpoint.swift */ = {isa = PBXFileReference; lastKnownFileType = sourcecode.swift; path = SearchEndpoint.swift; sourceTree = "<group>"; };
		4B2DA1A529F2089A006BD0EC /* TrendingRemoteDataMock.swift */ = {isa = PBXFileReference; lastKnownFileType = sourcecode.swift; path = TrendingRemoteDataMock.swift; sourceTree = "<group>"; };
		4B2DA1A729F23E68006BD0EC /* TrendingMediaViewModelTests.swift */ = {isa = PBXFileReference; lastKnownFileType = sourcecode.swift; path = TrendingMediaViewModelTests.swift; sourceTree = "<group>"; };
		4B2DA1AB29F23F1C006BD0EC /* DecoderTests.swift */ = {isa = PBXFileReference; lastKnownFileType = sourcecode.swift; path = DecoderTests.swift; sourceTree = "<group>"; };
		4B37398529D3B1980056041F /* MainTabBarController.swift */ = {isa = PBXFileReference; lastKnownFileType = sourcecode.swift; path = MainTabBarController.swift; sourceTree = "<group>"; };
		4B37398B29D4A88B0056041F /* RequestHandler.swift */ = {isa = PBXFileReference; lastKnownFileType = sourcecode.swift; path = RequestHandler.swift; sourceTree = "<group>"; };
		4B37398D29D4A9DC0056041F /* RequestHandlerError.swift */ = {isa = PBXFileReference; lastKnownFileType = sourcecode.swift; path = RequestHandlerError.swift; sourceTree = "<group>"; };
		4B37399129D4B4550056041F /* GenericResponseDataObject.swift */ = {isa = PBXFileReference; lastKnownFileType = sourcecode.swift; path = GenericResponseDataObject.swift; sourceTree = "<group>"; };
		4B37399329D4BA560056041F /* TrendingMediaViewModel.swift */ = {isa = PBXFileReference; lastKnownFileType = sourcecode.swift; path = TrendingMediaViewModel.swift; sourceTree = "<group>"; };
		4B37399929D4C1450056041F /* BAZProjectUnitTests.xctest */ = {isa = PBXFileReference; explicitFileType = wrapper.cfbundle; includeInIndex = 0; path = BAZProjectUnitTests.xctest; sourceTree = BUILT_PRODUCTS_DIR; };
		4B37399B29D4C1450056041F /* RequestHandlerUnitTests.swift */ = {isa = PBXFileReference; lastKnownFileType = sourcecode.swift; path = RequestHandlerUnitTests.swift; sourceTree = "<group>"; };
		4B3A946429D609F100C25BF4 /* Decodable.swift */ = {isa = PBXFileReference; lastKnownFileType = sourcecode.swift; path = Decodable.swift; sourceTree = "<group>"; };
		4B3BBE8029D65674001F4E85 /* NetworkingProtocols.swift */ = {isa = PBXFileReference; lastKnownFileType = sourcecode.swift; path = NetworkingProtocols.swift; sourceTree = "<group>"; };
		4B3BBE8429D65879001F4E85 /* RequestSessionMock.swift */ = {isa = PBXFileReference; lastKnownFileType = sourcecode.swift; path = RequestSessionMock.swift; sourceTree = "<group>"; };
		4B3BBE8829D658E2001F4E85 /* EndpointMock.swift */ = {isa = PBXFileReference; lastKnownFileType = sourcecode.swift; path = EndpointMock.swift; sourceTree = "<group>"; };
		4B3BBE8D29D69CFE001F4E85 /* TrendingMediaViewControllerTests.swift */ = {isa = PBXFileReference; lastKnownFileType = sourcecode.swift; name = TrendingMediaViewControllerTests.swift; path = BAZProjectUnitTests/TrendingMediaViewControllerTests.swift; sourceTree = SOURCE_ROOT; };
		4B3BBE8F29D69D46001F4E85 /* TrendingMoviesViewModelMock.swift */ = {isa = PBXFileReference; lastKnownFileType = sourcecode.swift; path = TrendingMoviesViewModelMock.swift; sourceTree = "<group>"; };
		4B6BB28729FB0CDC007A20D7 /* MediaTypeTests.swift */ = {isa = PBXFileReference; lastKnownFileType = sourcecode.swift; name = MediaTypeTests.swift; path = BAZProjectUnitTests/MediaTypeTests.swift; sourceTree = SOURCE_ROOT; };
		4B6BB28B29FB1E8E007A20D7 /* MediaCollectionViewCellModel.swift */ = {isa = PBXFileReference; lastKnownFileType = sourcecode.swift; path = MediaCollectionViewCellModel.swift; sourceTree = "<group>"; };
		4B6BB29129FB36B1007A20D7 /* SimpleCollectionViewHeaderView.swift */ = {isa = PBXFileReference; lastKnownFileType = sourcecode.swift; path = SimpleCollectionViewHeaderView.swift; sourceTree = "<group>"; };
		4B6BB29329FDD931007A20D7 /* UIImage.swift */ = {isa = PBXFileReference; lastKnownFileType = sourcecode.swift; path = UIImage.swift; sourceTree = "<group>"; };
		4B6BB29529FDDC24007A20D7 /* ImageEndpoint.swift */ = {isa = PBXFileReference; lastKnownFileType = sourcecode.swift; path = ImageEndpoint.swift; sourceTree = "<group>"; };
		4B6BB29B29FE388F007A20D7 /* SearchTableViewController.swift */ = {isa = PBXFileReference; lastKnownFileType = sourcecode.swift; path = SearchTableViewController.swift; sourceTree = "<group>"; };
		4B6BB29F29FE38D7007A20D7 /* SearchViewModel.swift */ = {isa = PBXFileReference; lastKnownFileType = sourcecode.swift; path = SearchViewModel.swift; sourceTree = "<group>"; };
		4B6BB2A129FE38F3007A20D7 /* SearchRemoteData.swift */ = {isa = PBXFileReference; lastKnownFileType = sourcecode.swift; path = SearchRemoteData.swift; sourceTree = "<group>"; };
		4B6BB2A429FE3F1A007A20D7 /* SearchLocalData.swift */ = {isa = PBXFileReference; lastKnownFileType = sourcecode.swift; path = SearchLocalData.swift; sourceTree = "<group>"; };
		4B6BB2AA2A00394A007A20D7 /* MediaItemTableViewCell.swift */ = {isa = PBXFileReference; lastKnownFileType = sourcecode.swift; path = MediaItemTableViewCell.swift; sourceTree = "<group>"; };
		4B6BB2AE2A003B77007A20D7 /* MediaTableViewCellModel.swift */ = {isa = PBXFileReference; lastKnownFileType = sourcecode.swift; path = MediaTableViewCellModel.swift; sourceTree = "<group>"; };
		4B6BB2B02A003E9C007A20D7 /* MediaTableViewCell.xib */ = {isa = PBXFileReference; lastKnownFileType = file.xib; path = MediaTableViewCell.xib; sourceTree = "<group>"; };
		4B6BB2B52A006DAE007A20D7 /* DateFormatter.swift */ = {isa = PBXFileReference; lastKnownFileType = sourcecode.swift; path = DateFormatter.swift; sourceTree = "<group>"; };
		4B6BB2BE2A00ADC6007A20D7 /* SearchViewModelTests.swift */ = {isa = PBXFileReference; lastKnownFileType = sourcecode.swift; path = SearchViewModelTests.swift; sourceTree = "<group>"; };
		4B6BB2C12A00ADE9007A20D7 /* SearchLocalDataMock.swift */ = {isa = PBXFileReference; lastKnownFileType = sourcecode.swift; path = SearchLocalDataMock.swift; sourceTree = "<group>"; };
		4B6BB2C32A00AFEC007A20D7 /* SearchRemoteDataMock.swift */ = {isa = PBXFileReference; lastKnownFileType = sourcecode.swift; path = SearchRemoteDataMock.swift; sourceTree = "<group>"; };
		4B7060012A03113E00CB142A /* SearchViewControllerTests.swift */ = {isa = PBXFileReference; lastKnownFileType = sourcecode.swift; name = SearchViewControllerTests.swift; path = BAZProjectUnitTests/SearchViewControllerTests.swift; sourceTree = SOURCE_ROOT; };
		4B8FBDAE29F9C23F00F9422B /* MediaCollectionViewCell.swift */ = {isa = PBXFileReference; lastKnownFileType = sourcecode.swift; path = MediaCollectionViewCell.swift; sourceTree = "<group>"; };
		4B8FBDAF29F9C23F00F9422B /* MediaCollectionViewCell.xib */ = {isa = PBXFileReference; lastKnownFileType = file.xib; path = MediaCollectionViewCell.xib; sourceTree = "<group>"; };
		4B8FBDB229F9E28B00F9422B /* MediaItem.swift */ = {isa = PBXFileReference; lastKnownFileType = sourcecode.swift; path = MediaItem.swift; sourceTree = "<group>"; };
		4B8FBDB429F9E2E600F9422B /* MediaType.swift */ = {isa = PBXFileReference; lastKnownFileType = sourcecode.swift; path = MediaType.swift; sourceTree = "<group>"; };
		4B947E7529F247DB00C116E3 /* DecodableMovies.swift */ = {isa = PBXFileReference; lastKnownFileType = sourcecode.swift; path = DecodableMovies.swift; sourceTree = "<group>"; };
		4B947E7729F24C9900C116E3 /* EndpointTests.swift */ = {isa = PBXFileReference; lastKnownFileType = sourcecode.swift; path = EndpointTests.swift; sourceTree = "<group>"; };
		4B947E7929F24DDA00C116E3 /* RequestHandlerErrorTests.swift */ = {isa = PBXFileReference; lastKnownFileType = sourcecode.swift; path = RequestHandlerErrorTests.swift; sourceTree = "<group>"; };
		4B947E7B29F24F8100C116E3 /* GenericEndpoint.swift */ = {isa = PBXFileReference; lastKnownFileType = sourcecode.swift; path = GenericEndpoint.swift; sourceTree = "<group>"; };
		4BC398A62A0349550003A03F /* DispatchQueue+DispatchProtocol.swift */ = {isa = PBXFileReference; lastKnownFileType = sourcecode.swift; path = "DispatchQueue+DispatchProtocol.swift"; sourceTree = "<group>"; };
		4BC398A92A034B2C0003A03F /* DispatchQueueMock.swift */ = {isa = PBXFileReference; lastKnownFileType = sourcecode.swift; path = DispatchQueueMock.swift; sourceTree = "<group>"; };
		C30893AA28A2F42B004B1860 /* BAZProject.app */ = {isa = PBXFileReference; explicitFileType = wrapper.application; includeInIndex = 0; path = BAZProject.app; sourceTree = BUILT_PRODUCTS_DIR; };
		C30893AD28A2F42B004B1860 /* AppDelegate.swift */ = {isa = PBXFileReference; lastKnownFileType = sourcecode.swift; path = AppDelegate.swift; sourceTree = "<group>"; };
		C30893AF28A2F42B004B1860 /* SceneDelegate.swift */ = {isa = PBXFileReference; lastKnownFileType = sourcecode.swift; path = SceneDelegate.swift; sourceTree = "<group>"; };
		C30893B628A2F42D004B1860 /* Assets.xcassets */ = {isa = PBXFileReference; lastKnownFileType = folder.assetcatalog; path = Assets.xcassets; sourceTree = "<group>"; };
		C30893B928A2F42D004B1860 /* Base */ = {isa = PBXFileReference; lastKnownFileType = file.storyboard; name = Base; path = Base.lproj/LaunchScreen.storyboard; sourceTree = "<group>"; };
		C30893BB28A2F42D004B1860 /* Info.plist */ = {isa = PBXFileReference; lastKnownFileType = text.plist.xml; path = Info.plist; sourceTree = "<group>"; };
		C30893C328A2F845004B1860 /*  TrendingMediaViewController.swift */ = {isa = PBXFileReference; lastKnownFileType = sourcecode.swift; path = " TrendingMediaViewController.swift"; sourceTree = "<group>"; };
		C30893DA28A42481004B1860 /* README.md */ = {isa = PBXFileReference; fileEncoding = 4; lastKnownFileType = net.daringfireball.markdown; path = README.md; sourceTree = "<group>"; };
		C30893E028A425E1004B1860 /* TrendingMediaRemoteData.swift */ = {isa = PBXFileReference; fileEncoding = 4; lastKnownFileType = sourcecode.swift; path = TrendingMediaRemoteData.swift; sourceTree = "<group>"; };
		C30893E128A425E1004B1860 /* MediaDataObject.swift */ = {isa = PBXFileReference; fileEncoding = 4; lastKnownFileType = sourcecode.swift; path = MediaDataObject.swift; sourceTree = "<group>"; };
		C383356D28CA917400FCE0D5 /* code-review-rubric.md */ = {isa = PBXFileReference; fileEncoding = 4; lastKnownFileType = net.daringfireball.markdown; path = "code-review-rubric.md"; sourceTree = "<group>"; };
/* End PBXFileReference section */

/* Begin PBXFrameworksBuildPhase section */
		4B37399629D4C1450056041F /* Frameworks */ = {
			isa = PBXFrameworksBuildPhase;
			buildActionMask = 2147483647;
			files = (
			);
			runOnlyForDeploymentPostprocessing = 0;
		};
		C30893A728A2F42B004B1860 /* Frameworks */ = {
			isa = PBXFrameworksBuildPhase;
			buildActionMask = 2147483647;
			files = (
			);
			runOnlyForDeploymentPostprocessing = 0;
		};
/* End PBXFrameworksBuildPhase section */

/* Begin PBXGroup section */
		4B2DA18C29EF6AA4006BD0EC /* Common */ = {
			isa = PBXGroup;
			children = (
				4B37398829D4A4FB0056041F /* Networking */,
				4B3BBE8A29D69932001F4E85 /* Extensions */,
				4B2DA18D29EF6AB7006BD0EC /* Box.swift */,
			);
			path = Common;
			sourceTree = "<group>";
		};
		4B2DA18F29EF7DC5006BD0EC /* Endpoints */ = {
			isa = PBXGroup;
			children = (
				4B09466429DCEC9B001CB55F /* TrendingEndpoint.swift */,
				4B2DA19029EF7E21006BD0EC /* SearchEndpoint.swift */,
				4B6BB29529FDDC24007A20D7 /* ImageEndpoint.swift */,
			);
			path = Endpoints;
			sourceTree = "<group>";
		};
		4B37398029D395900056041F /* TrendingMediaModule */ = {
			isa = PBXGroup;
			children = (
				C30893E028A425E1004B1860 /* TrendingMediaRemoteData.swift */,
				C30893C328A2F845004B1860 /*  TrendingMediaViewController.swift */,
				4B37399329D4BA560056041F /* TrendingMediaViewModel.swift */,
			);
			path = TrendingMediaModule;
			sourceTree = "<group>";
		};
		4B37398829D4A4FB0056041F /* Networking */ = {
			isa = PBXGroup;
			children = (
				4B37398B29D4A88B0056041F /* RequestHandler.swift */,
				4B37398D29D4A9DC0056041F /* RequestHandlerError.swift */,
				4B3BBE8029D65674001F4E85 /* NetworkingProtocols.swift */,
				4B2DA18F29EF7DC5006BD0EC /* Endpoints */,
				4B37398F29D4B1FE0056041F /* Models */,
			);
			path = Networking;
			sourceTree = "<group>";
		};
		4B37398F29D4B1FE0056041F /* Models */ = {
			isa = PBXGroup;
			children = (
				4B37399129D4B4550056041F /* GenericResponseDataObject.swift */,
				C30893E128A425E1004B1860 /* MediaDataObject.swift */,
			);
			path = Models;
			sourceTree = "<group>";
		};
		4B37399A29D4C1450056041F /* BAZProjectUnitTests */ = {
			isa = PBXGroup;
			children = (
				4B3BBE8229D65856001F4E85 /* TestDoubles */,
				4B37399B29D4C1450056041F /* RequestHandlerUnitTests.swift */,
				4B3BBE8D29D69CFE001F4E85 /* TrendingMediaViewControllerTests.swift */,
				4B2DA1A729F23E68006BD0EC /* TrendingMediaViewModelTests.swift */,
				4B7060012A03113E00CB142A /* SearchViewControllerTests.swift */,
				4B2DA1AB29F23F1C006BD0EC /* DecoderTests.swift */,
				4B947E7729F24C9900C116E3 /* EndpointTests.swift */,
				4B947E7929F24DDA00C116E3 /* RequestHandlerErrorTests.swift */,
				4B6BB28729FB0CDC007A20D7 /* MediaTypeTests.swift */,
				4B6BB2BE2A00ADC6007A20D7 /* SearchViewModelTests.swift */,
			);
			path = BAZProjectUnitTests;
			sourceTree = "<group>";
		};
		4B3BBE8229D65856001F4E85 /* TestDoubles */ = {
			isa = PBXGroup;
			children = (
				4B3BBE8329D65860001F4E85 /* Mocks */,
				4B947E7B29F24F8100C116E3 /* GenericEndpoint.swift */,
			);
			path = TestDoubles;
			sourceTree = "<group>";
		};
		4B3BBE8329D65860001F4E85 /* Mocks */ = {
			isa = PBXGroup;
			children = (
				4B3BBE8429D65879001F4E85 /* RequestSessionMock.swift */,
				4B3BBE8829D658E2001F4E85 /* EndpointMock.swift */,
				4B3BBE8F29D69D46001F4E85 /* TrendingMoviesViewModelMock.swift */,
				4B2DA1A529F2089A006BD0EC /* TrendingRemoteDataMock.swift */,
				4B947E7529F247DB00C116E3 /* DecodableMovies.swift */,
				4B6BB2C12A00ADE9007A20D7 /* SearchLocalDataMock.swift */,
				4B6BB2C32A00AFEC007A20D7 /* SearchRemoteDataMock.swift */,
				4BC398A92A034B2C0003A03F /* DispatchQueueMock.swift */,
			);
			path = Mocks;
			sourceTree = "<group>";
		};
		4B3BBE8A29D69932001F4E85 /* Extensions */ = {
			isa = PBXGroup;
			children = (
				4B3A946429D609F100C25BF4 /* Decodable.swift */,
				4B6BB29329FDD931007A20D7 /* UIImage.swift */,
				4B6BB2B52A006DAE007A20D7 /* DateFormatter.swift */,
				4BC398A62A0349550003A03F /* DispatchQueue+DispatchProtocol.swift */,
			);
			path = Extensions;
			sourceTree = "<group>";
		};
		4B6BB29029FB3695007A20D7 /* SimpleCollectionViewHeaderView */ = {
			isa = PBXGroup;
			children = (
				4B6BB29129FB36B1007A20D7 /* SimpleCollectionViewHeaderView.swift */,
			);
			path = SimpleCollectionViewHeaderView;
			sourceTree = "<group>";
		};
		4B6BB29A29FE37D7007A20D7 /* SearchModule */ = {
			isa = PBXGroup;
			children = (
				4B6BB29B29FE388F007A20D7 /* SearchTableViewController.swift */,
				4B6BB29F29FE38D7007A20D7 /* SearchViewModel.swift */,
				4B6BB2A129FE38F3007A20D7 /* SearchRemoteData.swift */,
				4B6BB2A429FE3F1A007A20D7 /* SearchLocalData.swift */,
			);
			path = SearchModule;
			sourceTree = "<group>";
		};
		4B6BB2A329FE39FC007A20D7 /* MediaItemTableViewCell */ = {
			isa = PBXGroup;
			children = (
				4B6BB2AA2A00394A007A20D7 /* MediaItemTableViewCell.swift */,
				4B6BB2AE2A003B77007A20D7 /* MediaTableViewCellModel.swift */,
				4B6BB2B02A003E9C007A20D7 /* MediaTableViewCell.xib */,
			);
			path = MediaItemTableViewCell;
			sourceTree = "<group>";
		};
		4B8FBDAD29F9C22500F9422B /* MovieCollectionViewCell */ = {
			isa = PBXGroup;
			children = (
				4B8FBDAE29F9C23F00F9422B /* MediaCollectionViewCell.swift */,
				4B8FBDAF29F9C23F00F9422B /* MediaCollectionViewCell.xib */,
				4B6BB28B29FB1E8E007A20D7 /* MediaCollectionViewCellModel.swift */,
			);
			path = MovieCollectionViewCell;
			sourceTree = "<group>";
		};
		4B8FBDB629F9EBD300F9422B /* Models */ = {
			isa = PBXGroup;
			children = (
				4B8FBDB429F9E2E600F9422B /* MediaType.swift */,
				4B8FBDB229F9E28B00F9422B /* MediaItem.swift */,
			);
			path = Models;
			sourceTree = "<group>";
		};
		C30893A128A2F42B004B1860 = {
			isa = PBXGroup;
			children = (
				C30893DA28A42481004B1860 /* README.md */,
				C383356D28CA917400FCE0D5 /* code-review-rubric.md */,
				C30893AC28A2F42B004B1860 /* BAZProject */,
				4B37399A29D4C1450056041F /* BAZProjectUnitTests */,
				C30893AB28A2F42B004B1860 /* Products */,
			);
			sourceTree = "<group>";
		};
		C30893AB28A2F42B004B1860 /* Products */ = {
			isa = PBXGroup;
			children = (
				C30893AA28A2F42B004B1860 /* BAZProject.app */,
				4B37399929D4C1450056041F /* BAZProjectUnitTests.xctest */,
			);
			name = Products;
			sourceTree = "<group>";
		};
		C30893AC28A2F42B004B1860 /* BAZProject */ = {
			isa = PBXGroup;
			children = (
				4B6BB2A329FE39FC007A20D7 /* MediaItemTableViewCell */,
				4B6BB29A29FE37D7007A20D7 /* SearchModule */,
				4B6BB29029FB3695007A20D7 /* SimpleCollectionViewHeaderView */,
				4B8FBDAD29F9C22500F9422B /* MovieCollectionViewCell */,
				4B2DA18C29EF6AA4006BD0EC /* Common */,
				4B8FBDB629F9EBD300F9422B /* Models */,
				4B37398029D395900056041F /* TrendingMediaModule */,
				C30893AD28A2F42B004B1860 /* AppDelegate.swift */,
				C30893AF28A2F42B004B1860 /* SceneDelegate.swift */,
				4B37398529D3B1980056041F /* MainTabBarController.swift */,
				C30893B828A2F42D004B1860 /* LaunchScreen.storyboard */,
				C30893B628A2F42D004B1860 /* Assets.xcassets */,
				C30893BB28A2F42D004B1860 /* Info.plist */,
			);
			path = BAZProject;
			sourceTree = "<group>";
		};
/* End PBXGroup section */

/* Begin PBXNativeTarget section */
		4B37399829D4C1450056041F /* BAZProjectUnitTests */ = {
			isa = PBXNativeTarget;
			buildConfigurationList = 4B37399F29D4C1450056041F /* Build configuration list for PBXNativeTarget "BAZProjectUnitTests" */;
			buildPhases = (
				4B37399529D4C1450056041F /* Sources */,
				4B37399629D4C1450056041F /* Frameworks */,
				4B37399729D4C1450056041F /* Resources */,
			);
			buildRules = (
			);
			dependencies = (
				4B37399E29D4C1450056041F /* PBXTargetDependency */,
			);
			name = BAZProjectUnitTests;
			productName = BAZProjectUnitTests;
			productReference = 4B37399929D4C1450056041F /* BAZProjectUnitTests.xctest */;
			productType = "com.apple.product-type.bundle.unit-test";
		};
		C30893A928A2F42B004B1860 /* BAZProject */ = {
			isa = PBXNativeTarget;
			buildConfigurationList = C30893BE28A2F42D004B1860 /* Build configuration list for PBXNativeTarget "BAZProject" */;
			buildPhases = (
				C30893A628A2F42B004B1860 /* Sources */,
				C30893A728A2F42B004B1860 /* Frameworks */,
				C30893A828A2F42B004B1860 /* Resources */,
			);
			buildRules = (
			);
			dependencies = (
			);
			name = BAZProject;
			productName = BAZProject;
			productReference = C30893AA28A2F42B004B1860 /* BAZProject.app */;
			productType = "com.apple.product-type.application";
		};
/* End PBXNativeTarget section */

/* Begin PBXProject section */
		C30893A228A2F42B004B1860 /* Project object */ = {
			isa = PBXProject;
			attributes = {
				BuildIndependentTargetsInParallel = 1;
				LastSwiftUpdateCheck = 1420;
				LastUpgradeCheck = 1340;
				TargetAttributes = {
					4B37399829D4C1450056041F = {
						CreatedOnToolsVersion = 14.2;
						TestTargetID = C30893A928A2F42B004B1860;
					};
					C30893A928A2F42B004B1860 = {
						CreatedOnToolsVersion = 13.4.1;
					};
				};
			};
			buildConfigurationList = C30893A528A2F42B004B1860 /* Build configuration list for PBXProject "BAZProject" */;
			compatibilityVersion = "Xcode 13.0";
			developmentRegion = en;
			hasScannedForEncodings = 0;
			knownRegions = (
				en,
				Base,
			);
			mainGroup = C30893A128A2F42B004B1860;
			productRefGroup = C30893AB28A2F42B004B1860 /* Products */;
			projectDirPath = "";
			projectRoot = "";
			targets = (
				C30893A928A2F42B004B1860 /* BAZProject */,
				4B37399829D4C1450056041F /* BAZProjectUnitTests */,
			);
		};
/* End PBXProject section */

/* Begin PBXResourcesBuildPhase section */
		4B37399729D4C1450056041F /* Resources */ = {
			isa = PBXResourcesBuildPhase;
			buildActionMask = 2147483647;
			files = (
			);
			runOnlyForDeploymentPostprocessing = 0;
		};
		C30893A828A2F42B004B1860 /* Resources */ = {
			isa = PBXResourcesBuildPhase;
			buildActionMask = 2147483647;
			files = (
				4B6BB2B12A003E9C007A20D7 /* MediaTableViewCell.xib in Resources */,
				4B8FBDB129F9C23F00F9422B /* MediaCollectionViewCell.xib in Resources */,
				C30893BA28A2F42D004B1860 /* LaunchScreen.storyboard in Resources */,
				C30893DB28A42481004B1860 /* README.md in Resources */,
				C30893B728A2F42D004B1860 /* Assets.xcassets in Resources */,
				C383356E28CA917400FCE0D5 /* code-review-rubric.md in Resources */,
			);
			runOnlyForDeploymentPostprocessing = 0;
		};
/* End PBXResourcesBuildPhase section */

/* Begin PBXSourcesBuildPhase section */
		4B37399529D4C1450056041F /* Sources */ = {
			isa = PBXSourcesBuildPhase;
			buildActionMask = 2147483647;
			files = (
				4B2DA1A629F2089A006BD0EC /* TrendingRemoteDataMock.swift in Sources */,
				4B947E7629F247DB00C116E3 /* DecodableMovies.swift in Sources */,
				4B2DA1A829F23E68006BD0EC /* TrendingMediaViewModelTests.swift in Sources */,
				4BC398AA2A034B2C0003A03F /* DispatchQueueMock.swift in Sources */,
				4B7060022A03113E00CB142A /* SearchViewControllerTests.swift in Sources */,
				4B6BB2C22A00ADE9007A20D7 /* SearchLocalDataMock.swift in Sources */,
				4B3BBE9029D69D46001F4E85 /* TrendingMoviesViewModelMock.swift in Sources */,
				4B3BBE8E29D69CFE001F4E85 /* TrendingMediaViewControllerTests.swift in Sources */,
				4B6BB28829FB0CDC007A20D7 /* MediaTypeTests.swift in Sources */,
				4B3BBE8929D658E2001F4E85 /* EndpointMock.swift in Sources */,
				4B3BBE8529D65879001F4E85 /* RequestSessionMock.swift in Sources */,
				4B2DA1AC29F23F1C006BD0EC /* DecoderTests.swift in Sources */,
				4B947E7A29F24DDA00C116E3 /* RequestHandlerErrorTests.swift in Sources */,
				4B6BB2C42A00AFEC007A20D7 /* SearchRemoteDataMock.swift in Sources */,
				4B947E7829F24C9900C116E3 /* EndpointTests.swift in Sources */,
				4B947E7C29F24F8100C116E3 /* GenericEndpoint.swift in Sources */,
				4B6BB2BF2A00ADC6007A20D7 /* SearchViewModelTests.swift in Sources */,
				4B37399C29D4C1450056041F /* RequestHandlerUnitTests.swift in Sources */,
			);
			runOnlyForDeploymentPostprocessing = 0;
		};
		C30893A628A2F42B004B1860 /* Sources */ = {
			isa = PBXSourcesBuildPhase;
			buildActionMask = 2147483647;
			files = (
				4B6BB29229FB36B1007A20D7 /* SimpleCollectionViewHeaderView.swift in Sources */,
				4B6BB29429FDD931007A20D7 /* UIImage.swift in Sources */,
				C30893C428A2F845004B1860 /*  TrendingMediaViewController.swift in Sources */,
				4B2DA18E29EF6AB7006BD0EC /* Box.swift in Sources */,
				4B2DA19129EF7E21006BD0EC /* SearchEndpoint.swift in Sources */,
				4BC398A72A0349550003A03F /* DispatchQueue+DispatchProtocol.swift in Sources */,
				4B37398E29D4A9DC0056041F /* RequestHandlerError.swift in Sources */,
				C30893AE28A2F42B004B1860 /* AppDelegate.swift in Sources */,
				4B6BB29D29FE388F007A20D7 /* SearchTableViewController.swift in Sources */,
				4B8FBDB529F9E2E600F9422B /* MediaType.swift in Sources */,
				4B37398629D3B1980056041F /* MainTabBarController.swift in Sources */,
				4B3BBE8129D65674001F4E85 /* NetworkingProtocols.swift in Sources */,
				4B6BB2A229FE38F3007A20D7 /* SearchRemoteData.swift in Sources */,
				4B6BB2A529FE3F1A007A20D7 /* SearchLocalData.swift in Sources */,
				4B37399429D4BA560056041F /* TrendingMediaViewModel.swift in Sources */,
				4B6BB2AF2A003B77007A20D7 /* MediaTableViewCellModel.swift in Sources */,
				C30893B028A2F42B004B1860 /* SceneDelegate.swift in Sources */,
				4B3A946529D609F100C25BF4 /* Decodable.swift in Sources */,
				4B09466529DCEC9B001CB55F /* TrendingEndpoint.swift in Sources */,
				C30893E228A425E1004B1860 /* TrendingMediaRemoteData.swift in Sources */,
				4B37398C29D4A88B0056041F /* RequestHandler.swift in Sources */,
				C30893E328A425E1004B1860 /* MediaDataObject.swift in Sources */,
				4B6BB2AC2A00394A007A20D7 /* MediaItemTableViewCell.swift in Sources */,
				4B8FBDB329F9E28B00F9422B /* MediaItem.swift in Sources */,
				4B6BB2B62A006DAE007A20D7 /* DateFormatter.swift in Sources */,
				4B6BB28C29FB1E8E007A20D7 /* MediaCollectionViewCellModel.swift in Sources */,
				4B6BB2A029FE38D7007A20D7 /* SearchViewModel.swift in Sources */,
				4B6BB29629FDDC24007A20D7 /* ImageEndpoint.swift in Sources */,
				4B37399229D4B4550056041F /* GenericResponseDataObject.swift in Sources */,
				4B8FBDB029F9C23F00F9422B /* MediaCollectionViewCell.swift in Sources */,
			);
			runOnlyForDeploymentPostprocessing = 0;
		};
/* End PBXSourcesBuildPhase section */

/* Begin PBXTargetDependency section */
		4B37399E29D4C1450056041F /* PBXTargetDependency */ = {
			isa = PBXTargetDependency;
			target = C30893A928A2F42B004B1860 /* BAZProject */;
			targetProxy = 4B37399D29D4C1450056041F /* PBXContainerItemProxy */;
		};
/* End PBXTargetDependency section */

/* Begin PBXVariantGroup section */
		C30893B828A2F42D004B1860 /* LaunchScreen.storyboard */ = {
			isa = PBXVariantGroup;
			children = (
				C30893B928A2F42D004B1860 /* Base */,
			);
			name = LaunchScreen.storyboard;
			sourceTree = "<group>";
		};
/* End PBXVariantGroup section */

/* Begin XCBuildConfiguration section */
		4B3739A029D4C1450056041F /* Debug */ = {
			isa = XCBuildConfiguration;
			buildSettings = {
				BUNDLE_LOADER = "$(TEST_HOST)";
				CLANG_CXX_LANGUAGE_STANDARD = "gnu++20";
				CODE_SIGN_STYLE = Automatic;
				CURRENT_PROJECT_VERSION = 1;
				DEVELOPMENT_TEAM = XW4YDRVRFA;
				GENERATE_INFOPLIST_FILE = YES;
				IPHONEOS_DEPLOYMENT_TARGET = 14.0;
				MARKETING_VERSION = 1.0;
				PRODUCT_BUNDLE_IDENTIFIER = gem.BAZProjectUnitTests;
				PRODUCT_NAME = "$(TARGET_NAME)";
				SWIFT_EMIT_LOC_STRINGS = NO;
				SWIFT_VERSION = 5.0;
				TARGETED_DEVICE_FAMILY = "1,2";
				TEST_HOST = "$(BUILT_PRODUCTS_DIR)/BAZProject.app/$(BUNDLE_EXECUTABLE_FOLDER_PATH)/BAZProject";
			};
			name = Debug;
		};
		4B3739A129D4C1450056041F /* Release */ = {
			isa = XCBuildConfiguration;
			buildSettings = {
				BUNDLE_LOADER = "$(TEST_HOST)";
				CLANG_CXX_LANGUAGE_STANDARD = "gnu++20";
				CODE_SIGN_STYLE = Automatic;
				CURRENT_PROJECT_VERSION = 1;
				DEVELOPMENT_TEAM = XW4YDRVRFA;
				GENERATE_INFOPLIST_FILE = YES;
				IPHONEOS_DEPLOYMENT_TARGET = 14.0;
				MARKETING_VERSION = 1.0;
				PRODUCT_BUNDLE_IDENTIFIER = gem.BAZProjectUnitTests;
				PRODUCT_NAME = "$(TARGET_NAME)";
				SWIFT_EMIT_LOC_STRINGS = NO;
				SWIFT_VERSION = 5.0;
				TARGETED_DEVICE_FAMILY = "1,2";
				TEST_HOST = "$(BUILT_PRODUCTS_DIR)/BAZProject.app/$(BUNDLE_EXECUTABLE_FOLDER_PATH)/BAZProject";
			};
			name = Release;
		};
		C30893BC28A2F42D004B1860 /* Debug */ = {
			isa = XCBuildConfiguration;
			buildSettings = {
				ALWAYS_SEARCH_USER_PATHS = NO;
				CLANG_ANALYZER_NONNULL = YES;
				CLANG_ANALYZER_NUMBER_OBJECT_CONVERSION = YES_AGGRESSIVE;
				CLANG_CXX_LANGUAGE_STANDARD = "gnu++17";
				CLANG_ENABLE_MODULES = YES;
				CLANG_ENABLE_OBJC_ARC = YES;
				CLANG_ENABLE_OBJC_WEAK = YES;
				CLANG_WARN_BLOCK_CAPTURE_AUTORELEASING = YES;
				CLANG_WARN_BOOL_CONVERSION = YES;
				CLANG_WARN_COMMA = YES;
				CLANG_WARN_CONSTANT_CONVERSION = YES;
				CLANG_WARN_DEPRECATED_OBJC_IMPLEMENTATIONS = YES;
				CLANG_WARN_DIRECT_OBJC_ISA_USAGE = YES_ERROR;
				CLANG_WARN_DOCUMENTATION_COMMENTS = YES;
				CLANG_WARN_EMPTY_BODY = YES;
				CLANG_WARN_ENUM_CONVERSION = YES;
				CLANG_WARN_INFINITE_RECURSION = YES;
				CLANG_WARN_INT_CONVERSION = YES;
				CLANG_WARN_NON_LITERAL_NULL_CONVERSION = YES;
				CLANG_WARN_OBJC_IMPLICIT_RETAIN_SELF = YES;
				CLANG_WARN_OBJC_LITERAL_CONVERSION = YES;
				CLANG_WARN_OBJC_ROOT_CLASS = YES_ERROR;
				CLANG_WARN_QUOTED_INCLUDE_IN_FRAMEWORK_HEADER = YES;
				CLANG_WARN_RANGE_LOOP_ANALYSIS = YES;
				CLANG_WARN_STRICT_PROTOTYPES = YES;
				CLANG_WARN_SUSPICIOUS_MOVE = YES;
				CLANG_WARN_UNGUARDED_AVAILABILITY = YES_AGGRESSIVE;
				CLANG_WARN_UNREACHABLE_CODE = YES;
				CLANG_WARN__DUPLICATE_METHOD_MATCH = YES;
				COPY_PHASE_STRIP = NO;
				DEBUG_INFORMATION_FORMAT = dwarf;
				ENABLE_STRICT_OBJC_MSGSEND = YES;
				ENABLE_TESTABILITY = YES;
				GCC_C_LANGUAGE_STANDARD = gnu11;
				GCC_DYNAMIC_NO_PIC = NO;
				GCC_NO_COMMON_BLOCKS = YES;
				GCC_OPTIMIZATION_LEVEL = 0;
				GCC_PREPROCESSOR_DEFINITIONS = (
					"DEBUG=1",
					"$(inherited)",
				);
				GCC_WARN_64_TO_32_BIT_CONVERSION = YES;
				GCC_WARN_ABOUT_RETURN_TYPE = YES_ERROR;
				GCC_WARN_UNDECLARED_SELECTOR = YES;
				GCC_WARN_UNINITIALIZED_AUTOS = YES_AGGRESSIVE;
				GCC_WARN_UNUSED_FUNCTION = YES;
				GCC_WARN_UNUSED_VARIABLE = YES;
				IPHONEOS_DEPLOYMENT_TARGET = 14.0;
				MTL_ENABLE_DEBUG_INFO = INCLUDE_SOURCE;
				MTL_FAST_MATH = YES;
				ONLY_ACTIVE_ARCH = YES;
				SDKROOT = iphoneos;
				SWIFT_ACTIVE_COMPILATION_CONDITIONS = DEBUG;
				SWIFT_OPTIMIZATION_LEVEL = "-Onone";
			};
			name = Debug;
		};
		C30893BD28A2F42D004B1860 /* Release */ = {
			isa = XCBuildConfiguration;
			buildSettings = {
				ALWAYS_SEARCH_USER_PATHS = NO;
				CLANG_ANALYZER_NONNULL = YES;
				CLANG_ANALYZER_NUMBER_OBJECT_CONVERSION = YES_AGGRESSIVE;
				CLANG_CXX_LANGUAGE_STANDARD = "gnu++17";
				CLANG_ENABLE_MODULES = YES;
				CLANG_ENABLE_OBJC_ARC = YES;
				CLANG_ENABLE_OBJC_WEAK = YES;
				CLANG_WARN_BLOCK_CAPTURE_AUTORELEASING = YES;
				CLANG_WARN_BOOL_CONVERSION = YES;
				CLANG_WARN_COMMA = YES;
				CLANG_WARN_CONSTANT_CONVERSION = YES;
				CLANG_WARN_DEPRECATED_OBJC_IMPLEMENTATIONS = YES;
				CLANG_WARN_DIRECT_OBJC_ISA_USAGE = YES_ERROR;
				CLANG_WARN_DOCUMENTATION_COMMENTS = YES;
				CLANG_WARN_EMPTY_BODY = YES;
				CLANG_WARN_ENUM_CONVERSION = YES;
				CLANG_WARN_INFINITE_RECURSION = YES;
				CLANG_WARN_INT_CONVERSION = YES;
				CLANG_WARN_NON_LITERAL_NULL_CONVERSION = YES;
				CLANG_WARN_OBJC_IMPLICIT_RETAIN_SELF = YES;
				CLANG_WARN_OBJC_LITERAL_CONVERSION = YES;
				CLANG_WARN_OBJC_ROOT_CLASS = YES_ERROR;
				CLANG_WARN_QUOTED_INCLUDE_IN_FRAMEWORK_HEADER = YES;
				CLANG_WARN_RANGE_LOOP_ANALYSIS = YES;
				CLANG_WARN_STRICT_PROTOTYPES = YES;
				CLANG_WARN_SUSPICIOUS_MOVE = YES;
				CLANG_WARN_UNGUARDED_AVAILABILITY = YES_AGGRESSIVE;
				CLANG_WARN_UNREACHABLE_CODE = YES;
				CLANG_WARN__DUPLICATE_METHOD_MATCH = YES;
				COPY_PHASE_STRIP = NO;
				DEBUG_INFORMATION_FORMAT = "dwarf-with-dsym";
				ENABLE_NS_ASSERTIONS = NO;
				ENABLE_STRICT_OBJC_MSGSEND = YES;
				GCC_C_LANGUAGE_STANDARD = gnu11;
				GCC_NO_COMMON_BLOCKS = YES;
				GCC_WARN_64_TO_32_BIT_CONVERSION = YES;
				GCC_WARN_ABOUT_RETURN_TYPE = YES_ERROR;
				GCC_WARN_UNDECLARED_SELECTOR = YES;
				GCC_WARN_UNINITIALIZED_AUTOS = YES_AGGRESSIVE;
				GCC_WARN_UNUSED_FUNCTION = YES;
				GCC_WARN_UNUSED_VARIABLE = YES;
				IPHONEOS_DEPLOYMENT_TARGET = 14.0;
				MTL_ENABLE_DEBUG_INFO = NO;
				MTL_FAST_MATH = YES;
				SDKROOT = iphoneos;
				SWIFT_COMPILATION_MODE = wholemodule;
				SWIFT_OPTIMIZATION_LEVEL = "-O";
				VALIDATE_PRODUCT = YES;
			};
			name = Release;
		};
		C30893BF28A2F42D004B1860 /* Debug */ = {
			isa = XCBuildConfiguration;
			buildSettings = {
				ASSETCATALOG_COMPILER_APPICON_NAME = AppIcon;
				ASSETCATALOG_COMPILER_GLOBAL_ACCENT_COLOR_NAME = AccentColor;
				CODE_SIGN_STYLE = Automatic;
				CURRENT_PROJECT_VERSION = 1;
				GENERATE_INFOPLIST_FILE = YES;
				INFOPLIST_FILE = BAZProject/Info.plist;
				INFOPLIST_KEY_UIApplicationSupportsIndirectInputEvents = YES;
				INFOPLIST_KEY_UILaunchStoryboardName = LaunchScreen;
				INFOPLIST_KEY_UIMainStoryboardFile = "";
				INFOPLIST_KEY_UISupportedInterfaceOrientations_iPad = "UIInterfaceOrientationPortrait UIInterfaceOrientationPortraitUpsideDown UIInterfaceOrientationLandscapeLeft UIInterfaceOrientationLandscapeRight";
				INFOPLIST_KEY_UISupportedInterfaceOrientations_iPhone = "UIInterfaceOrientationPortrait UIInterfaceOrientationLandscapeLeft UIInterfaceOrientationLandscapeRight";
				IPHONEOS_DEPLOYMENT_TARGET = 14.0;
				LD_RUNPATH_SEARCH_PATHS = (
					"$(inherited)",
					"@executable_path/Frameworks",
				);
				MARKETING_VERSION = 1.0;
				PRODUCT_BUNDLE_IDENTIFIER = com.wizeline.BAZProject;
				PRODUCT_NAME = "$(TARGET_NAME)";
				SWIFT_EMIT_LOC_STRINGS = YES;
				SWIFT_VERSION = 5.0;
				TARGETED_DEVICE_FAMILY = "1,2";
			};
			name = Debug;
		};
		C30893C028A2F42D004B1860 /* Release */ = {
			isa = XCBuildConfiguration;
			buildSettings = {
				ASSETCATALOG_COMPILER_APPICON_NAME = AppIcon;
				ASSETCATALOG_COMPILER_GLOBAL_ACCENT_COLOR_NAME = AccentColor;
				CODE_SIGN_STYLE = Automatic;
				CURRENT_PROJECT_VERSION = 1;
				GENERATE_INFOPLIST_FILE = YES;
				INFOPLIST_FILE = BAZProject/Info.plist;
				INFOPLIST_KEY_UIApplicationSupportsIndirectInputEvents = YES;
				INFOPLIST_KEY_UILaunchStoryboardName = LaunchScreen.storyboard;
				INFOPLIST_KEY_UIMainStoryboardFile = "";
				INFOPLIST_KEY_UISupportedInterfaceOrientations_iPad = "UIInterfaceOrientationPortrait UIInterfaceOrientationPortraitUpsideDown UIInterfaceOrientationLandscapeLeft UIInterfaceOrientationLandscapeRight";
				INFOPLIST_KEY_UISupportedInterfaceOrientations_iPhone = "UIInterfaceOrientationPortrait UIInterfaceOrientationLandscapeLeft UIInterfaceOrientationLandscapeRight";
				IPHONEOS_DEPLOYMENT_TARGET = 14.0;
				LD_RUNPATH_SEARCH_PATHS = (
					"$(inherited)",
					"@executable_path/Frameworks",
				);
				MARKETING_VERSION = 1.0;
				PRODUCT_BUNDLE_IDENTIFIER = com.wizeline.BAZProject;
				PRODUCT_NAME = "$(TARGET_NAME)";
				SWIFT_EMIT_LOC_STRINGS = YES;
				SWIFT_VERSION = 5.0;
				TARGETED_DEVICE_FAMILY = "1,2";
			};
			name = Release;
		};
/* End XCBuildConfiguration section */

/* Begin XCConfigurationList section */
		4B37399F29D4C1450056041F /* Build configuration list for PBXNativeTarget "BAZProjectUnitTests" */ = {
			isa = XCConfigurationList;
			buildConfigurations = (
				4B3739A029D4C1450056041F /* Debug */,
				4B3739A129D4C1450056041F /* Release */,
			);
			defaultConfigurationIsVisible = 0;
			defaultConfigurationName = Release;
		};
		C30893A528A2F42B004B1860 /* Build configuration list for PBXProject "BAZProject" */ = {
			isa = XCConfigurationList;
			buildConfigurations = (
				C30893BC28A2F42D004B1860 /* Debug */,
				C30893BD28A2F42D004B1860 /* Release */,
			);
			defaultConfigurationIsVisible = 0;
			defaultConfigurationName = Release;
		};
		C30893BE28A2F42D004B1860 /* Build configuration list for PBXNativeTarget "BAZProject" */ = {
			isa = XCConfigurationList;
			buildConfigurations = (
				C30893BF28A2F42D004B1860 /* Debug */,
				C30893C028A2F42D004B1860 /* Release */,
			);
			defaultConfigurationIsVisible = 0;
			defaultConfigurationName = Release;
		};
/* End XCConfigurationList section */
	};
	rootObject = C30893A228A2F42B004B1860 /* Project object */;
}
