// !$*UTF8*$!
{
	archiveVersion = 1;
	classes = {
	};
	objectVersion = 55;
	objects = {

/* Begin PBXBuildFile section */
		B51D476629F237100089DBBB /* SearchTableViewController.swift in Sources */ = {isa = PBXBuildFile; fileRef = B51D476429F237100089DBBB /* SearchTableViewController.swift */; };
		B51D476729F237100089DBBB /* SearchTableViewController.xib in Resources */ = {isa = PBXBuildFile; fileRef = B51D476529F237100089DBBB /* SearchTableViewController.xib */; };
		B51D476A29F250900089DBBB /* keysString.swift in Sources */ = {isa = PBXBuildFile; fileRef = B51D476929F250900089DBBB /* keysString.swift */; };
		B54DC53429F757CF0078AEAD /* Movie.swift in Sources */ = {isa = PBXBuildFile; fileRef = B54DC53329F757CF0078AEAD /* Movie.swift */; };
		B5A19F4D29F706B300ACD625 /* GeneralTableViewCell.swift in Sources */ = {isa = PBXBuildFile; fileRef = B5A19F4B29F706B300ACD625 /* GeneralTableViewCell.swift */; };
		B5A19F4E29F706B300ACD625 /* GeneralTableViewCell.xib in Resources */ = {isa = PBXBuildFile; fileRef = B5A19F4C29F706B300ACD625 /* GeneralTableViewCell.xib */; };
		B5A19F5229F7086600ACD625 /* GeneralServices.swift in Sources */ = {isa = PBXBuildFile; fileRef = B5A19F5129F7086600ACD625 /* GeneralServices.swift */; };
		B5BE779129D75CF20077737A /* TrendingMovies.json in Resources */ = {isa = PBXBuildFile; fileRef = B5BE779029D75CF20077737A /* TrendingMovies.json */; };
		B5BE779B29D765440077737A /* MockGeneralTaskCordinator.swift in Sources */ = {isa = PBXBuildFile; fileRef = B5BE779A29D765440077737A /* MockGeneralTaskCordinator.swift */; };
		B5CCD72829F8866D00DE3701 /* TrendingRemoteDataManagerMock.swift in Sources */ = {isa = PBXBuildFile; fileRef = B5CCD72729F8866D00DE3701 /* TrendingRemoteDataManagerMock.swift */; };
		B5CCD73C29F8874700DE3701 /* TrendingRemoteDataManager.swift in Sources */ = {isa = PBXBuildFile; fileRef = D343156829F09EDC00AEE166 /* TrendingRemoteDataManager.swift */; };
		B5CCD73D29F8874700DE3701 /* TrendingInteractor.swift in Sources */ = {isa = PBXBuildFile; fileRef = D343156629F09EDC00AEE166 /* TrendingInteractor.swift */; };
		B5CCD73E29F8874700DE3701 /* TrendingEntity.swift in Sources */ = {isa = PBXBuildFile; fileRef = D343156A29F09EDC00AEE166 /* TrendingEntity.swift */; };
		B5CCD73F29F8874700DE3701 /* BMTableViewCell.xib in Resources */ = {isa = PBXBuildFile; fileRef = D3357B0429F0677700A81AD8 /* BMTableViewCell.xib */; };
		B5CCD74029F8874700DE3701 /* BMTableViewCell.swift in Sources */ = {isa = PBXBuildFile; fileRef = D3357B0329F0677700A81AD8 /* BMTableViewCell.swift */; };
		B5CCD74129F8874700DE3701 /* TrendingLocalDataManager.swift in Sources */ = {isa = PBXBuildFile; fileRef = D343156329F09EDC00AEE166 /* TrendingLocalDataManager.swift */; };
		B5CCD74229F8874700DE3701 /* BMTabBar.swift in Sources */ = {isa = PBXBuildFile; fileRef = D3357AFA29F0463C00A81AD8 /* BMTabBar.swift */; };
		B5CCD74329F8874700DE3701 /* GeneralTableViewCell.swift in Sources */ = {isa = PBXBuildFile; fileRef = B5A19F4B29F706B300ACD625 /* GeneralTableViewCell.swift */; };
		B5CCD74429F8874700DE3701 /* GeneralTaskCoordinator.swift in Sources */ = {isa = PBXBuildFile; fileRef = D3DDE23E29D5F68800EF774D /* GeneralTaskCoordinator.swift */; };
		B5CCD74529F8874700DE3701 /* GeneralServices.swift in Sources */ = {isa = PBXBuildFile; fileRef = B5A19F5129F7086600ACD625 /* GeneralServices.swift */; };
		B5CCD74629F8874700DE3701 /* TrendingProtocols.swift in Sources */ = {isa = PBXBuildFile; fileRef = D343156529F09EDC00AEE166 /* TrendingProtocols.swift */; };
		B5CCD74729F8874700DE3701 /* keysString.swift in Sources */ = {isa = PBXBuildFile; fileRef = B51D476929F250900089DBBB /* keysString.swift */; };
		B5CCD74829F8874700DE3701 /* TrendingTableViewCell.swift in Sources */ = {isa = PBXBuildFile; fileRef = D3357B1029F06FAE00A81AD8 /* TrendingTableViewCell.swift */; };
		B5CCD74929F8874700DE3701 /* TrendingViewController.xib in Resources */ = {isa = PBXBuildFile; fileRef = D3357B0D29F06C7400A81AD8 /* TrendingViewController.xib */; };
		B5CCD74A29F8874700DE3701 /* TrendingRouter.swift in Sources */ = {isa = PBXBuildFile; fileRef = D343156429F09EDC00AEE166 /* TrendingRouter.swift */; };
		B5CCD74B29F8874700DE3701 /* TrendingTableViewCell.xib in Resources */ = {isa = PBXBuildFile; fileRef = D3357B1129F06FAE00A81AD8 /* TrendingTableViewCell.xib */; };
		B5CCD74C29F8874700DE3701 /* TrendingPresenter.swift in Sources */ = {isa = PBXBuildFile; fileRef = D343156229F09EDC00AEE166 /* TrendingPresenter.swift */; };
		B5CCD74D29F8874700DE3701 /* Movie.swift in Sources */ = {isa = PBXBuildFile; fileRef = B54DC53329F757CF0078AEAD /* Movie.swift */; };
		B5CCD74E29F8874700DE3701 /* TrendingViewController.swift in Sources */ = {isa = PBXBuildFile; fileRef = D3357B0C29F06C7400A81AD8 /* TrendingViewController.swift */; };
		B5CCD74F29F8874700DE3701 /* GeneralTableViewCell.xib in Resources */ = {isa = PBXBuildFile; fileRef = B5A19F4C29F706B300ACD625 /* GeneralTableViewCell.xib */; };
		B5CCD75029F887BB00DE3701 /* SearchEntity.swift in Sources */ = {isa = PBXBuildFile; fileRef = D309CC6029F0830C007A76D1 /* SearchEntity.swift */; };
		B5CCD75129F887BB00DE3701 /* SearchInteractor.swift in Sources */ = {isa = PBXBuildFile; fileRef = D309CC5C29F0830C007A76D1 /* SearchInteractor.swift */; };
		B5CCD75229F887BB00DE3701 /* SearchPresenter.swift in Sources */ = {isa = PBXBuildFile; fileRef = D309CC5829F0830C007A76D1 /* SearchPresenter.swift */; };
		B5CCD75329F887BB00DE3701 /* SearchRouter.swift in Sources */ = {isa = PBXBuildFile; fileRef = D309CC5A29F0830C007A76D1 /* SearchRouter.swift */; };
		B5CCD75429F887BB00DE3701 /* SearchProtocols.swift in Sources */ = {isa = PBXBuildFile; fileRef = D309CC5B29F0830C007A76D1 /* SearchProtocols.swift */; };
		B5CCD75529F887BB00DE3701 /* AppDelegate.swift in Sources */ = {isa = PBXBuildFile; fileRef = C30893AD28A2F42B004B1860 /* AppDelegate.swift */; };
		B5CCD75629F887BB00DE3701 /* SceneDelegate.swift in Sources */ = {isa = PBXBuildFile; fileRef = C30893AF28A2F42B004B1860 /* SceneDelegate.swift */; };
		B5CCD75729F887BB00DE3701 /* SearchLocalDataManager.swift in Sources */ = {isa = PBXBuildFile; fileRef = D309CC5929F0830C007A76D1 /* SearchLocalDataManager.swift */; };
		B5CCD75829F887BB00DE3701 /* SearchRemoteDataManager.swift in Sources */ = {isa = PBXBuildFile; fileRef = D309CC5E29F0830C007A76D1 /* SearchRemoteDataManager.swift */; };
		B5CCD75929F887BB00DE3701 /* SearchTableViewController.swift in Sources */ = {isa = PBXBuildFile; fileRef = B51D476429F237100089DBBB /* SearchTableViewController.swift */; };
		B5CCD75A29F887BB00DE3701 /* SearchTableViewController.xib in Resources */ = {isa = PBXBuildFile; fileRef = B51D476529F237100089DBBB /* SearchTableViewController.xib */; };
		B5CCD75C29F8887800DE3701 /* TrendingInteractorMock.swift in Sources */ = {isa = PBXBuildFile; fileRef = B5CCD75B29F8887800DE3701 /* TrendingInteractorMock.swift */; };
		B5CCD75E29F8891700DE3701 /* TrendingPresenterMock.swift in Sources */ = {isa = PBXBuildFile; fileRef = B5CCD75D29F8891700DE3701 /* TrendingPresenterMock.swift */; };
		B5CCD76029F88A1F00DE3701 /* SearchRemoteDataManagerMock.swift in Sources */ = {isa = PBXBuildFile; fileRef = B5CCD75F29F88A1F00DE3701 /* SearchRemoteDataManagerMock.swift */; };
		B5CCD76229F88A4600DE3701 /* SearchInteractorMock.swift in Sources */ = {isa = PBXBuildFile; fileRef = B5CCD76129F88A4600DE3701 /* SearchInteractorMock.swift */; };
		B5CCD76429F88A6500DE3701 /* SearchPresenterMock.swift in Sources */ = {isa = PBXBuildFile; fileRef = B5CCD76329F88A6500DE3701 /* SearchPresenterMock.swift */; };
		B5CCD76629F88DAC00DE3701 /* Search.json in Resources */ = {isa = PBXBuildFile; fileRef = B5CCD76529F88DAC00DE3701 /* Search.json */; };
		B5CCD76929F8A51D00DE3701 /* TrendingViewControllerMock.swift in Sources */ = {isa = PBXBuildFile; fileRef = B5CCD76829F8A51D00DE3701 /* TrendingViewControllerMock.swift */; };
		C30893AE28A2F42B004B1860 /* AppDelegate.swift in Sources */ = {isa = PBXBuildFile; fileRef = C30893AD28A2F42B004B1860 /* AppDelegate.swift */; };
		C30893B028A2F42B004B1860 /* SceneDelegate.swift in Sources */ = {isa = PBXBuildFile; fileRef = C30893AF28A2F42B004B1860 /* SceneDelegate.swift */; };
		C30893B528A2F42B004B1860 /* Main.storyboard in Resources */ = {isa = PBXBuildFile; fileRef = C30893B328A2F42B004B1860 /* Main.storyboard */; };
		C30893B728A2F42D004B1860 /* Assets.xcassets in Resources */ = {isa = PBXBuildFile; fileRef = C30893B628A2F42D004B1860 /* Assets.xcassets */; };
		C30893BA28A2F42D004B1860 /* LaunchScreen.storyboard in Resources */ = {isa = PBXBuildFile; fileRef = C30893B828A2F42D004B1860 /* LaunchScreen.storyboard */; };
		C30893DB28A42481004B1860 /* README.md in Resources */ = {isa = PBXBuildFile; fileRef = C30893DA28A42481004B1860 /* README.md */; };
		C383356E28CA917400FCE0D5 /* code-review-rubric.md in Resources */ = {isa = PBXBuildFile; fileRef = C383356D28CA917400FCE0D5 /* code-review-rubric.md */; };
		D309CC6129F0830C007A76D1 /* SearchPresenter.swift in Sources */ = {isa = PBXBuildFile; fileRef = D309CC5829F0830C007A76D1 /* SearchPresenter.swift */; };
		D309CC6229F0830C007A76D1 /* SearchLocalDataManager.swift in Sources */ = {isa = PBXBuildFile; fileRef = D309CC5929F0830C007A76D1 /* SearchLocalDataManager.swift */; };
		D309CC6329F0830C007A76D1 /* SearchRouter.swift in Sources */ = {isa = PBXBuildFile; fileRef = D309CC5A29F0830C007A76D1 /* SearchRouter.swift */; };
		D309CC6429F0830C007A76D1 /* SearchProtocols.swift in Sources */ = {isa = PBXBuildFile; fileRef = D309CC5B29F0830C007A76D1 /* SearchProtocols.swift */; };
		D309CC6529F0830C007A76D1 /* SearchInteractor.swift in Sources */ = {isa = PBXBuildFile; fileRef = D309CC5C29F0830C007A76D1 /* SearchInteractor.swift */; };
		D309CC6729F0830C007A76D1 /* SearchRemoteDataManager.swift in Sources */ = {isa = PBXBuildFile; fileRef = D309CC5E29F0830C007A76D1 /* SearchRemoteDataManager.swift */; };
		D309CC6929F0830C007A76D1 /* SearchEntity.swift in Sources */ = {isa = PBXBuildFile; fileRef = D309CC6029F0830C007A76D1 /* SearchEntity.swift */; };
		D3357AFB29F0463C00A81AD8 /* BMTabBar.swift in Sources */ = {isa = PBXBuildFile; fileRef = D3357AFA29F0463C00A81AD8 /* BMTabBar.swift */; };
		D3357B0529F0677700A81AD8 /* BMTableViewCell.swift in Sources */ = {isa = PBXBuildFile; fileRef = D3357B0329F0677700A81AD8 /* BMTableViewCell.swift */; };
		D3357B0629F0677700A81AD8 /* BMTableViewCell.xib in Resources */ = {isa = PBXBuildFile; fileRef = D3357B0429F0677700A81AD8 /* BMTableViewCell.xib */; };
		D3357B0E29F06C7400A81AD8 /* TrendingViewController.swift in Sources */ = {isa = PBXBuildFile; fileRef = D3357B0C29F06C7400A81AD8 /* TrendingViewController.swift */; };
		D3357B0F29F06C7400A81AD8 /* TrendingViewController.xib in Resources */ = {isa = PBXBuildFile; fileRef = D3357B0D29F06C7400A81AD8 /* TrendingViewController.xib */; };
		D3357B1229F06FAE00A81AD8 /* TrendingTableViewCell.swift in Sources */ = {isa = PBXBuildFile; fileRef = D3357B1029F06FAE00A81AD8 /* TrendingTableViewCell.swift */; };
		D3357B1329F06FAE00A81AD8 /* TrendingTableViewCell.xib in Resources */ = {isa = PBXBuildFile; fileRef = D3357B1129F06FAE00A81AD8 /* TrendingTableViewCell.xib */; };
		D343156B29F09EDC00AEE166 /* TrendingPresenter.swift in Sources */ = {isa = PBXBuildFile; fileRef = D343156229F09EDC00AEE166 /* TrendingPresenter.swift */; };
		D343156C29F09EDC00AEE166 /* TrendingLocalDataManager.swift in Sources */ = {isa = PBXBuildFile; fileRef = D343156329F09EDC00AEE166 /* TrendingLocalDataManager.swift */; };
		D343156D29F09EDC00AEE166 /* TrendingRouter.swift in Sources */ = {isa = PBXBuildFile; fileRef = D343156429F09EDC00AEE166 /* TrendingRouter.swift */; };
		D343156E29F09EDC00AEE166 /* TrendingProtocols.swift in Sources */ = {isa = PBXBuildFile; fileRef = D343156529F09EDC00AEE166 /* TrendingProtocols.swift */; };
		D343156F29F09EDC00AEE166 /* TrendingInteractor.swift in Sources */ = {isa = PBXBuildFile; fileRef = D343156629F09EDC00AEE166 /* TrendingInteractor.swift */; };
		D343157129F09EDC00AEE166 /* TrendingRemoteDataManager.swift in Sources */ = {isa = PBXBuildFile; fileRef = D343156829F09EDC00AEE166 /* TrendingRemoteDataManager.swift */; };
		D343157329F09EDC00AEE166 /* TrendingEntity.swift in Sources */ = {isa = PBXBuildFile; fileRef = D343156A29F09EDC00AEE166 /* TrendingEntity.swift */; };
		D3DDE23F29D5F68800EF774D /* GeneralTaskCoordinator.swift in Sources */ = {isa = PBXBuildFile; fileRef = D3DDE23E29D5F68800EF774D /* GeneralTaskCoordinator.swift */; };
		D3E5443429D48B6E00651AE9 /* BAZProjectTests.swift in Sources */ = {isa = PBXBuildFile; fileRef = D3E5443329D48B6E00651AE9 /* BAZProjectTests.swift */; };
/* End PBXBuildFile section */

/* Begin PBXContainerItemProxy section */
		D3E5443529D48B6E00651AE9 /* PBXContainerItemProxy */ = {
			isa = PBXContainerItemProxy;
			containerPortal = C30893A228A2F42B004B1860 /* Project object */;
			proxyType = 1;
			remoteGlobalIDString = C30893A928A2F42B004B1860;
			remoteInfo = BAZProject;
		};
/* End PBXContainerItemProxy section */

/* Begin PBXFileReference section */
		B51D476429F237100089DBBB /* SearchTableViewController.swift */ = {isa = PBXFileReference; lastKnownFileType = sourcecode.swift; path = SearchTableViewController.swift; sourceTree = "<group>"; };
		B51D476529F237100089DBBB /* SearchTableViewController.xib */ = {isa = PBXFileReference; lastKnownFileType = file.xib; path = SearchTableViewController.xib; sourceTree = "<group>"; };
		B51D476929F250900089DBBB /* keysString.swift */ = {isa = PBXFileReference; lastKnownFileType = sourcecode.swift; path = keysString.swift; sourceTree = "<group>"; };
		B54DC53329F757CF0078AEAD /* Movie.swift */ = {isa = PBXFileReference; lastKnownFileType = sourcecode.swift; path = Movie.swift; sourceTree = "<group>"; };
		B5A19F4B29F706B300ACD625 /* GeneralTableViewCell.swift */ = {isa = PBXFileReference; lastKnownFileType = sourcecode.swift; name = GeneralTableViewCell.swift; path = BAZProject/Network/Services/GeneralTableViewCell.swift; sourceTree = SOURCE_ROOT; };
		B5A19F4C29F706B300ACD625 /* GeneralTableViewCell.xib */ = {isa = PBXFileReference; lastKnownFileType = file.xib; name = GeneralTableViewCell.xib; path = BAZProject/Network/Services/GeneralTableViewCell.xib; sourceTree = SOURCE_ROOT; };
		B5A19F5129F7086600ACD625 /* GeneralServices.swift */ = {isa = PBXFileReference; lastKnownFileType = sourcecode.swift; path = GeneralServices.swift; sourceTree = "<group>"; };
		B5BE779029D75CF20077737A /* TrendingMovies.json */ = {isa = PBXFileReference; lastKnownFileType = text.json; path = TrendingMovies.json; sourceTree = "<group>"; };
		B5BE779A29D765440077737A /* MockGeneralTaskCordinator.swift */ = {isa = PBXFileReference; fileEncoding = 4; lastKnownFileType = sourcecode.swift; path = MockGeneralTaskCordinator.swift; sourceTree = "<group>"; };
		B5CCD72729F8866D00DE3701 /* TrendingRemoteDataManagerMock.swift */ = {isa = PBXFileReference; lastKnownFileType = sourcecode.swift; path = TrendingRemoteDataManagerMock.swift; sourceTree = "<group>"; };
		B5CCD75B29F8887800DE3701 /* TrendingInteractorMock.swift */ = {isa = PBXFileReference; lastKnownFileType = sourcecode.swift; path = TrendingInteractorMock.swift; sourceTree = "<group>"; };
		B5CCD75D29F8891700DE3701 /* TrendingPresenterMock.swift */ = {isa = PBXFileReference; lastKnownFileType = sourcecode.swift; path = TrendingPresenterMock.swift; sourceTree = "<group>"; };
		B5CCD75F29F88A1F00DE3701 /* SearchRemoteDataManagerMock.swift */ = {isa = PBXFileReference; lastKnownFileType = sourcecode.swift; path = SearchRemoteDataManagerMock.swift; sourceTree = "<group>"; };
		B5CCD76129F88A4600DE3701 /* SearchInteractorMock.swift */ = {isa = PBXFileReference; lastKnownFileType = sourcecode.swift; path = SearchInteractorMock.swift; sourceTree = "<group>"; };
		B5CCD76329F88A6500DE3701 /* SearchPresenterMock.swift */ = {isa = PBXFileReference; lastKnownFileType = sourcecode.swift; path = SearchPresenterMock.swift; sourceTree = "<group>"; };
		B5CCD76529F88DAC00DE3701 /* Search.json */ = {isa = PBXFileReference; fileEncoding = 4; lastKnownFileType = text.json; path = Search.json; sourceTree = "<group>"; };
		B5CCD76829F8A51D00DE3701 /* TrendingViewControllerMock.swift */ = {isa = PBXFileReference; lastKnownFileType = sourcecode.swift; path = TrendingViewControllerMock.swift; sourceTree = "<group>"; };
		C30893AA28A2F42B004B1860 /* BAZProject.app */ = {isa = PBXFileReference; explicitFileType = wrapper.application; includeInIndex = 0; path = BAZProject.app; sourceTree = BUILT_PRODUCTS_DIR; };
		C30893AD28A2F42B004B1860 /* AppDelegate.swift */ = {isa = PBXFileReference; lastKnownFileType = sourcecode.swift; path = AppDelegate.swift; sourceTree = "<group>"; };
		C30893AF28A2F42B004B1860 /* SceneDelegate.swift */ = {isa = PBXFileReference; lastKnownFileType = sourcecode.swift; path = SceneDelegate.swift; sourceTree = "<group>"; };
		C30893B428A2F42B004B1860 /* Base */ = {isa = PBXFileReference; lastKnownFileType = file.storyboard; name = Base; path = Base.lproj/Main.storyboard; sourceTree = "<group>"; };
		C30893B628A2F42D004B1860 /* Assets.xcassets */ = {isa = PBXFileReference; lastKnownFileType = folder.assetcatalog; path = Assets.xcassets; sourceTree = "<group>"; };
		C30893B928A2F42D004B1860 /* Base */ = {isa = PBXFileReference; lastKnownFileType = file.storyboard; name = Base; path = Base.lproj/LaunchScreen.storyboard; sourceTree = "<group>"; };
		C30893BB28A2F42D004B1860 /* Info.plist */ = {isa = PBXFileReference; lastKnownFileType = text.plist.xml; path = Info.plist; sourceTree = "<group>"; };
		C30893DA28A42481004B1860 /* README.md */ = {isa = PBXFileReference; fileEncoding = 4; lastKnownFileType = net.daringfireball.markdown; path = README.md; sourceTree = "<group>"; };
		C383356D28CA917400FCE0D5 /* code-review-rubric.md */ = {isa = PBXFileReference; fileEncoding = 4; lastKnownFileType = net.daringfireball.markdown; path = "code-review-rubric.md"; sourceTree = "<group>"; };
		D309CC5829F0830C007A76D1 /* SearchPresenter.swift */ = {isa = PBXFileReference; lastKnownFileType = sourcecode.swift; path = SearchPresenter.swift; sourceTree = "<group>"; };
		D309CC5929F0830C007A76D1 /* SearchLocalDataManager.swift */ = {isa = PBXFileReference; lastKnownFileType = sourcecode.swift; path = SearchLocalDataManager.swift; sourceTree = "<group>"; };
		D309CC5A29F0830C007A76D1 /* SearchRouter.swift */ = {isa = PBXFileReference; lastKnownFileType = sourcecode.swift; path = SearchRouter.swift; sourceTree = "<group>"; };
		D309CC5B29F0830C007A76D1 /* SearchProtocols.swift */ = {isa = PBXFileReference; lastKnownFileType = sourcecode.swift; path = SearchProtocols.swift; sourceTree = "<group>"; };
		D309CC5C29F0830C007A76D1 /* SearchInteractor.swift */ = {isa = PBXFileReference; lastKnownFileType = sourcecode.swift; path = SearchInteractor.swift; sourceTree = "<group>"; };
		D309CC5E29F0830C007A76D1 /* SearchRemoteDataManager.swift */ = {isa = PBXFileReference; lastKnownFileType = sourcecode.swift; path = SearchRemoteDataManager.swift; sourceTree = "<group>"; };
		D309CC6029F0830C007A76D1 /* SearchEntity.swift */ = {isa = PBXFileReference; lastKnownFileType = sourcecode.swift; path = SearchEntity.swift; sourceTree = "<group>"; };
		D3357AFA29F0463C00A81AD8 /* BMTabBar.swift */ = {isa = PBXFileReference; lastKnownFileType = sourcecode.swift; path = BMTabBar.swift; sourceTree = "<group>"; };
		D3357B0329F0677700A81AD8 /* BMTableViewCell.swift */ = {isa = PBXFileReference; lastKnownFileType = sourcecode.swift; path = BMTableViewCell.swift; sourceTree = "<group>"; };
		D3357B0429F0677700A81AD8 /* BMTableViewCell.xib */ = {isa = PBXFileReference; lastKnownFileType = file.xib; path = BMTableViewCell.xib; sourceTree = "<group>"; };
		D3357B0C29F06C7400A81AD8 /* TrendingViewController.swift */ = {isa = PBXFileReference; lastKnownFileType = sourcecode.swift; path = TrendingViewController.swift; sourceTree = "<group>"; };
		D3357B0D29F06C7400A81AD8 /* TrendingViewController.xib */ = {isa = PBXFileReference; lastKnownFileType = file.xib; path = TrendingViewController.xib; sourceTree = "<group>"; };
		D3357B1029F06FAE00A81AD8 /* TrendingTableViewCell.swift */ = {isa = PBXFileReference; lastKnownFileType = sourcecode.swift; path = TrendingTableViewCell.swift; sourceTree = "<group>"; };
		D3357B1129F06FAE00A81AD8 /* TrendingTableViewCell.xib */ = {isa = PBXFileReference; lastKnownFileType = file.xib; path = TrendingTableViewCell.xib; sourceTree = "<group>"; };
		D343156229F09EDC00AEE166 /* TrendingPresenter.swift */ = {isa = PBXFileReference; lastKnownFileType = sourcecode.swift; path = TrendingPresenter.swift; sourceTree = "<group>"; };
		D343156329F09EDC00AEE166 /* TrendingLocalDataManager.swift */ = {isa = PBXFileReference; lastKnownFileType = sourcecode.swift; path = TrendingLocalDataManager.swift; sourceTree = "<group>"; };
		D343156429F09EDC00AEE166 /* TrendingRouter.swift */ = {isa = PBXFileReference; lastKnownFileType = sourcecode.swift; path = TrendingRouter.swift; sourceTree = "<group>"; };
		D343156529F09EDC00AEE166 /* TrendingProtocols.swift */ = {isa = PBXFileReference; lastKnownFileType = sourcecode.swift; path = TrendingProtocols.swift; sourceTree = "<group>"; };
		D343156629F09EDC00AEE166 /* TrendingInteractor.swift */ = {isa = PBXFileReference; lastKnownFileType = sourcecode.swift; path = TrendingInteractor.swift; sourceTree = "<group>"; };
		D343156829F09EDC00AEE166 /* TrendingRemoteDataManager.swift */ = {isa = PBXFileReference; lastKnownFileType = sourcecode.swift; path = TrendingRemoteDataManager.swift; sourceTree = "<group>"; };
		D343156A29F09EDC00AEE166 /* TrendingEntity.swift */ = {isa = PBXFileReference; lastKnownFileType = sourcecode.swift; path = TrendingEntity.swift; sourceTree = "<group>"; };
		D3DDE23E29D5F68800EF774D /* GeneralTaskCoordinator.swift */ = {isa = PBXFileReference; lastKnownFileType = sourcecode.swift; path = GeneralTaskCoordinator.swift; sourceTree = "<group>"; };
		D3E5443129D48B6E00651AE9 /* BAZProjectTests.xctest */ = {isa = PBXFileReference; explicitFileType = wrapper.cfbundle; includeInIndex = 0; path = BAZProjectTests.xctest; sourceTree = BUILT_PRODUCTS_DIR; };
		D3E5443329D48B6E00651AE9 /* BAZProjectTests.swift */ = {isa = PBXFileReference; lastKnownFileType = sourcecode.swift; path = BAZProjectTests.swift; sourceTree = "<group>"; };
/* End PBXFileReference section */

/* Begin PBXFrameworksBuildPhase section */
		C30893A728A2F42B004B1860 /* Frameworks */ = {
			isa = PBXFrameworksBuildPhase;
			buildActionMask = 2147483647;
			files = (
			);
			runOnlyForDeploymentPostprocessing = 0;
		};
		D3E5442E29D48B6E00651AE9 /* Frameworks */ = {
			isa = PBXFrameworksBuildPhase;
			buildActionMask = 2147483647;
			files = (
			);
			runOnlyForDeploymentPostprocessing = 0;
		};
/* End PBXFrameworksBuildPhase section */

/* Begin PBXGroup section */
		B51D476829F24FFE0089DBBB /* Utils */ = {
			isa = PBXGroup;
			children = (
				B51D476929F250900089DBBB /* keysString.swift */,
			);
			path = Utils;
			sourceTree = "<group>";
		};
		B5BE779229D75D710077737A /* Fakes */ = {
			isa = PBXGroup;
			children = (
				B5CCD71D29F881D700DE3701 /* Files */,
				B5CCD71A29F8817500DE3701 /* Network */,
				B5CCD71929F880DF00DE3701 /* Search */,
				B5CCD71729F880AD00DE3701 /* Trending */,
			);
			path = Fakes;
			sourceTree = "<group>";
		};
		B5BE779329D75E1D0077737A /* Base */ = {
			isa = PBXGroup;
			children = (
				D3DDE23E29D5F68800EF774D /* GeneralTaskCoordinator.swift */,
			);
			path = Base;
			sourceTree = "<group>";
		};
		B5BE779429D75E2A0077737A /* Services */ = {
			isa = PBXGroup;
			children = (
				B5A19F5129F7086600ACD625 /* GeneralServices.swift */,
			);
			path = Services;
			sourceTree = "<group>";
		};
		B5BE779529D75E590077737A /* Models */ = {
			isa = PBXGroup;
			children = (
				B54DC53329F757CF0078AEAD /* Movie.swift */,
			);
			path = Models;
			sourceTree = "<group>";
		};
		B5CCD71729F880AD00DE3701 /* Trending */ = {
			isa = PBXGroup;
			children = (
				B5CCD76729F8A46A00DE3701 /* View */,
				B5CCD72329F882BA00DE3701 /* Interactor */,
				B5CCD72029F8825500DE3701 /* Presenter */,
				B5CCD72429F882C900DE3701 /* DataManager */,
			);
			path = Trending;
			sourceTree = "<group>";
		};
		B5CCD71929F880DF00DE3701 /* Search */ = {
			isa = PBXGroup;
			children = (
				B5CCD72129F8829E00DE3701 /* Interactor */,
				B5CCD71F29F8824800DE3701 /* Presenter */,
				B5CCD72229F882AB00DE3701 /* DataManager */,
			);
			path = Search;
			sourceTree = "<group>";
		};
		B5CCD71A29F8817500DE3701 /* Network */ = {
			isa = PBXGroup;
			children = (
				B5CCD71B29F8818200DE3701 /* Base */,
				B5CCD71C29F8818F00DE3701 /* Services */,
			);
			path = Network;
			sourceTree = "<group>";
		};
		B5CCD71B29F8818200DE3701 /* Base */ = {
			isa = PBXGroup;
			children = (
				B5BE779A29D765440077737A /* MockGeneralTaskCordinator.swift */,
			);
			path = Base;
			sourceTree = "<group>";
		};
		B5CCD71C29F8818F00DE3701 /* Services */ = {
			isa = PBXGroup;
			children = (
			);
			path = Services;
			sourceTree = "<group>";
		};
		B5CCD71D29F881D700DE3701 /* Files */ = {
			isa = PBXGroup;
			children = (
				B5BE779029D75CF20077737A /* TrendingMovies.json */,
				B5CCD76529F88DAC00DE3701 /* Search.json */,
			);
			path = Files;
			sourceTree = "<group>";
		};
		B5CCD71F29F8824800DE3701 /* Presenter */ = {
			isa = PBXGroup;
			children = (
				B5CCD76329F88A6500DE3701 /* SearchPresenterMock.swift */,
			);
			path = Presenter;
			sourceTree = "<group>";
		};
		B5CCD72029F8825500DE3701 /* Presenter */ = {
			isa = PBXGroup;
			children = (
				B5CCD75D29F8891700DE3701 /* TrendingPresenterMock.swift */,
			);
			path = Presenter;
			sourceTree = "<group>";
		};
		B5CCD72129F8829E00DE3701 /* Interactor */ = {
			isa = PBXGroup;
			children = (
				B5CCD76129F88A4600DE3701 /* SearchInteractorMock.swift */,
			);
			path = Interactor;
			sourceTree = "<group>";
		};
		B5CCD72229F882AB00DE3701 /* DataManager */ = {
			isa = PBXGroup;
			children = (
				B5CCD75F29F88A1F00DE3701 /* SearchRemoteDataManagerMock.swift */,
			);
			path = DataManager;
			sourceTree = "<group>";
		};
		B5CCD72329F882BA00DE3701 /* Interactor */ = {
			isa = PBXGroup;
			children = (
				B5CCD75B29F8887800DE3701 /* TrendingInteractorMock.swift */,
			);
			path = Interactor;
			sourceTree = "<group>";
		};
		B5CCD72429F882C900DE3701 /* DataManager */ = {
			isa = PBXGroup;
			children = (
				B5CCD72729F8866D00DE3701 /* TrendingRemoteDataManagerMock.swift */,
			);
			path = DataManager;
			sourceTree = "<group>";
		};
		B5CCD76729F8A46A00DE3701 /* View */ = {
			isa = PBXGroup;
			children = (
				B5CCD76829F8A51D00DE3701 /* TrendingViewControllerMock.swift */,
			);
			path = View;
			sourceTree = "<group>";
		};
		C30893A128A2F42B004B1860 = {
			isa = PBXGroup;
			children = (
				C30893DA28A42481004B1860 /* README.md */,
				C383356D28CA917400FCE0D5 /* code-review-rubric.md */,
				C30893AC28A2F42B004B1860 /* BAZProject */,
				D3E5443229D48B6E00651AE9 /* BAZProjectTests */,
				C30893AB28A2F42B004B1860 /* Products */,
			);
			sourceTree = "<group>";
		};
		C30893AB28A2F42B004B1860 /* Products */ = {
			isa = PBXGroup;
			children = (
				C30893AA28A2F42B004B1860 /* BAZProject.app */,
				D3E5443129D48B6E00651AE9 /* BAZProjectTests.xctest */,
			);
			name = Products;
			sourceTree = "<group>";
		};
		C30893AC28A2F42B004B1860 /* BAZProject */ = {
			isa = PBXGroup;
			children = (
				D3357AF729F0458100A81AD8 /* Generics */,
				B51D476829F24FFE0089DBBB /* Utils */,
				D3DDE23D29D5F14300EF774D /* Network */,
				D3357AF629F041B200A81AD8 /* Trending */,
				D309CC5729F082E7007A76D1 /* Search */,
				C30893AD28A2F42B004B1860 /* AppDelegate.swift */,
				C30893AF28A2F42B004B1860 /* SceneDelegate.swift */,
				C30893B328A2F42B004B1860 /* Main.storyboard */,
				C30893B828A2F42D004B1860 /* LaunchScreen.storyboard */,
				C30893B628A2F42D004B1860 /* Assets.xcassets */,
				C30893BB28A2F42D004B1860 /* Info.plist */,
			);
			path = BAZProject;
			sourceTree = "<group>";
		};
		D309CC5729F082E7007A76D1 /* Search */ = {
			isa = PBXGroup;
			children = (
				D343156129F0841C00AEE166 /* Protocols */,
				D309CC6A29F08344007A76D1 /* View */,
				D343155C29F083A400AEE166 /* Interactor */,
				D343155F29F083D400AEE166 /* Presenter */,
				D343155E29F083C900AEE166 /* Entity */,
				D343155D29F083B900AEE166 /* Router */,
				D343156029F083F700AEE166 /* DataManager */,
			);
			path = Search;
			sourceTree = "<group>";
		};
		D309CC6A29F08344007A76D1 /* View */ = {
			isa = PBXGroup;
			children = (
				B51D476429F237100089DBBB /* SearchTableViewController.swift */,
				B51D476529F237100089DBBB /* SearchTableViewController.xib */,
			);
			path = View;
			sourceTree = "<group>";
		};
		D3357AF629F041B200A81AD8 /* Trending */ = {
			isa = PBXGroup;
			children = (
				D343157429F09EEA00AEE166 /* Protocols */,
				D3357AFE29F0515200A81AD8 /* View */,
				D3357B1729F07DF600A81AD8 /* Interactor */,
				D3357B1629F07DEB00A81AD8 /* Presenter */,
				D3357B1529F07DD600A81AD8 /* Entity */,
				D3357B1429F07DC600A81AD8 /* Router */,
				D343157529F09EF300AEE166 /* DataManager */,
			);
			path = Trending;
			sourceTree = "<group>";
		};
		D3357AF729F0458100A81AD8 /* Generics */ = {
			isa = PBXGroup;
			children = (
				D3357AF829F045B000A81AD8 /* Base */,
				D3357AF929F045BC00A81AD8 /* GenericsTable */,
			);
			path = Generics;
			sourceTree = "<group>";
		};
		D3357AF829F045B000A81AD8 /* Base */ = {
			isa = PBXGroup;
			children = (
				D3357AFA29F0463C00A81AD8 /* BMTabBar.swift */,
				D3357B0329F0677700A81AD8 /* BMTableViewCell.swift */,
				D3357B0429F0677700A81AD8 /* BMTableViewCell.xib */,
			);
			path = Base;
			sourceTree = "<group>";
		};
		D3357AF929F045BC00A81AD8 /* GenericsTable */ = {
			isa = PBXGroup;
			children = (
				B5A19F4B29F706B300ACD625 /* GeneralTableViewCell.swift */,
				B5A19F4C29F706B300ACD625 /* GeneralTableViewCell.xib */,
			);
			path = GenericsTable;
			sourceTree = "<group>";
		};
		D3357AFE29F0515200A81AD8 /* View */ = {
			isa = PBXGroup;
			children = (
				D3357B0729F068A800A81AD8 /* Views */,
				D3357B0C29F06C7400A81AD8 /* TrendingViewController.swift */,
				D3357B0D29F06C7400A81AD8 /* TrendingViewController.xib */,
			);
			path = View;
			sourceTree = "<group>";
		};
		D3357B0729F068A800A81AD8 /* Views */ = {
			isa = PBXGroup;
			children = (
				D3357B1029F06FAE00A81AD8 /* TrendingTableViewCell.swift */,
				D3357B1129F06FAE00A81AD8 /* TrendingTableViewCell.xib */,
			);
			path = Views;
			sourceTree = "<group>";
		};
		D3357B1429F07DC600A81AD8 /* Router */ = {
			isa = PBXGroup;
			children = (
				D343156429F09EDC00AEE166 /* TrendingRouter.swift */,
			);
			path = Router;
			sourceTree = "<group>";
		};
		D3357B1529F07DD600A81AD8 /* Entity */ = {
			isa = PBXGroup;
			children = (
				D343156A29F09EDC00AEE166 /* TrendingEntity.swift */,
			);
			path = Entity;
			sourceTree = "<group>";
		};
		D3357B1629F07DEB00A81AD8 /* Presenter */ = {
			isa = PBXGroup;
			children = (
				D343156229F09EDC00AEE166 /* TrendingPresenter.swift */,
			);
			path = Presenter;
			sourceTree = "<group>";
		};
		D3357B1729F07DF600A81AD8 /* Interactor */ = {
			isa = PBXGroup;
			children = (
				D343156629F09EDC00AEE166 /* TrendingInteractor.swift */,
			);
			path = Interactor;
			sourceTree = "<group>";
		};
		D343155C29F083A400AEE166 /* Interactor */ = {
			isa = PBXGroup;
			children = (
				D309CC5C29F0830C007A76D1 /* SearchInteractor.swift */,
			);
			path = Interactor;
			sourceTree = "<group>";
		};
		D343155D29F083B900AEE166 /* Router */ = {
			isa = PBXGroup;
			children = (
				D309CC5A29F0830C007A76D1 /* SearchRouter.swift */,
			);
			path = Router;
			sourceTree = "<group>";
		};
		D343155E29F083C900AEE166 /* Entity */ = {
			isa = PBXGroup;
			children = (
				D309CC6029F0830C007A76D1 /* SearchEntity.swift */,
			);
			path = Entity;
			sourceTree = "<group>";
		};
		D343155F29F083D400AEE166 /* Presenter */ = {
			isa = PBXGroup;
			children = (
				D309CC5829F0830C007A76D1 /* SearchPresenter.swift */,
			);
			path = Presenter;
			sourceTree = "<group>";
		};
		D343156029F083F700AEE166 /* DataManager */ = {
			isa = PBXGroup;
			children = (
				D309CC5E29F0830C007A76D1 /* SearchRemoteDataManager.swift */,
				D309CC5929F0830C007A76D1 /* SearchLocalDataManager.swift */,
			);
			path = DataManager;
			sourceTree = "<group>";
		};
		D343156129F0841C00AEE166 /* Protocols */ = {
			isa = PBXGroup;
			children = (
				D309CC5B29F0830C007A76D1 /* SearchProtocols.swift */,
			);
			path = Protocols;
			sourceTree = "<group>";
		};
		D343157429F09EEA00AEE166 /* Protocols */ = {
			isa = PBXGroup;
			children = (
				D343156529F09EDC00AEE166 /* TrendingProtocols.swift */,
			);
			path = Protocols;
			sourceTree = "<group>";
		};
		D343157529F09EF300AEE166 /* DataManager */ = {
			isa = PBXGroup;
			children = (
				D343156329F09EDC00AEE166 /* TrendingLocalDataManager.swift */,
				D343156829F09EDC00AEE166 /* TrendingRemoteDataManager.swift */,
			);
			path = DataManager;
			sourceTree = "<group>";
		};
		D3DDE23D29D5F14300EF774D /* Network */ = {
			isa = PBXGroup;
			children = (
				B5BE779329D75E1D0077737A /* Base */,
				B5BE779429D75E2A0077737A /* Services */,
				B5BE779529D75E590077737A /* Models */,
			);
			path = Network;
			sourceTree = "<group>";
		};
		D3E5443229D48B6E00651AE9 /* BAZProjectTests */ = {
			isa = PBXGroup;
			children = (
				B5BE779229D75D710077737A /* Fakes */,
				D3E5443329D48B6E00651AE9 /* BAZProjectTests.swift */,
			);
			path = BAZProjectTests;
			sourceTree = "<group>";
		};
/* End PBXGroup section */

/* Begin PBXNativeTarget section */
		C30893A928A2F42B004B1860 /* BAZProject */ = {
			isa = PBXNativeTarget;
			buildConfigurationList = C30893BE28A2F42D004B1860 /* Build configuration list for PBXNativeTarget "BAZProject" */;
			buildPhases = (
				C30893A628A2F42B004B1860 /* Sources */,
				C30893A728A2F42B004B1860 /* Frameworks */,
				C30893A828A2F42B004B1860 /* Resources */,
			);
			buildRules = (
			);
			dependencies = (
			);
			name = BAZProject;
			productName = BAZProject;
			productReference = C30893AA28A2F42B004B1860 /* BAZProject.app */;
			productType = "com.apple.product-type.application";
		};
		D3E5443029D48B6E00651AE9 /* BAZProjectTests */ = {
			isa = PBXNativeTarget;
			buildConfigurationList = D3E5443929D48B6E00651AE9 /* Build configuration list for PBXNativeTarget "BAZProjectTests" */;
			buildPhases = (
				D3E5442D29D48B6E00651AE9 /* Sources */,
				D3E5442E29D48B6E00651AE9 /* Frameworks */,
				D3E5442F29D48B6E00651AE9 /* Resources */,
			);
			buildRules = (
			);
			dependencies = (
				D3E5443629D48B6E00651AE9 /* PBXTargetDependency */,
			);
			name = BAZProjectTests;
			productName = BAZProjectTests;
			productReference = D3E5443129D48B6E00651AE9 /* BAZProjectTests.xctest */;
			productType = "com.apple.product-type.bundle.unit-test";
		};
/* End PBXNativeTarget section */

/* Begin PBXProject section */
		C30893A228A2F42B004B1860 /* Project object */ = {
			isa = PBXProject;
			attributes = {
				BuildIndependentTargetsInParallel = 1;
				LastSwiftUpdateCheck = 1320;
				LastUpgradeCheck = 1340;
				TargetAttributes = {
					C30893A928A2F42B004B1860 = {
						CreatedOnToolsVersion = 13.4.1;
					};
					D3E5443029D48B6E00651AE9 = {
						CreatedOnToolsVersion = 13.2.1;
						TestTargetID = C30893A928A2F42B004B1860;
					};
				};
			};
			buildConfigurationList = C30893A528A2F42B004B1860 /* Build configuration list for PBXProject "BAZProject" */;
			compatibilityVersion = "Xcode 13.0";
			developmentRegion = en;
			hasScannedForEncodings = 0;
			knownRegions = (
				en,
				Base,
			);
			mainGroup = C30893A128A2F42B004B1860;
			productRefGroup = C30893AB28A2F42B004B1860 /* Products */;
			projectDirPath = "";
			projectRoot = "";
			targets = (
				C30893A928A2F42B004B1860 /* BAZProject */,
				D3E5443029D48B6E00651AE9 /* BAZProjectTests */,
			);
		};
/* End PBXProject section */

/* Begin PBXResourcesBuildPhase section */
		C30893A828A2F42B004B1860 /* Resources */ = {
			isa = PBXResourcesBuildPhase;
			buildActionMask = 2147483647;
			files = (
				D3357B1329F06FAE00A81AD8 /* TrendingTableViewCell.xib in Resources */,
				C30893BA28A2F42D004B1860 /* LaunchScreen.storyboard in Resources */,
				C30893DB28A42481004B1860 /* README.md in Resources */,
				C30893B728A2F42D004B1860 /* Assets.xcassets in Resources */,
				C383356E28CA917400FCE0D5 /* code-review-rubric.md in Resources */,
				B51D476729F237100089DBBB /* SearchTableViewController.xib in Resources */,
				B5A19F4E29F706B300ACD625 /* GeneralTableViewCell.xib in Resources */,
				D3357B0F29F06C7400A81AD8 /* TrendingViewController.xib in Resources */,
				C30893B528A2F42B004B1860 /* Main.storyboard in Resources */,
				D3357B0629F0677700A81AD8 /* BMTableViewCell.xib in Resources */,
			);
			runOnlyForDeploymentPostprocessing = 0;
		};
		D3E5442F29D48B6E00651AE9 /* Resources */ = {
			isa = PBXResourcesBuildPhase;
			buildActionMask = 2147483647;
			files = (
				B5CCD74B29F8874700DE3701 /* TrendingTableViewCell.xib in Resources */,
				B5CCD75A29F887BB00DE3701 /* SearchTableViewController.xib in Resources */,
				B5CCD74F29F8874700DE3701 /* GeneralTableViewCell.xib in Resources */,
				B5CCD73F29F8874700DE3701 /* BMTableViewCell.xib in Resources */,
				B5CCD76629F88DAC00DE3701 /* Search.json in Resources */,
				B5BE779129D75CF20077737A /* TrendingMovies.json in Resources */,
				B5CCD74929F8874700DE3701 /* TrendingViewController.xib in Resources */,
			);
			runOnlyForDeploymentPostprocessing = 0;
		};
/* End PBXResourcesBuildPhase section */

/* Begin PBXSourcesBuildPhase section */
		C30893A628A2F42B004B1860 /* Sources */ = {
			isa = PBXSourcesBuildPhase;
			buildActionMask = 2147483647;
			files = (
				D309CC6329F0830C007A76D1 /* SearchRouter.swift in Sources */,
				D343156E29F09EDC00AEE166 /* TrendingProtocols.swift in Sources */,
				D343156B29F09EDC00AEE166 /* TrendingPresenter.swift in Sources */,
				C30893AE28A2F42B004B1860 /* AppDelegate.swift in Sources */,
				D309CC6429F0830C007A76D1 /* SearchProtocols.swift in Sources */,
				D3357B0529F0677700A81AD8 /* BMTableViewCell.swift in Sources */,
				D309CC6129F0830C007A76D1 /* SearchPresenter.swift in Sources */,
				B51D476629F237100089DBBB /* SearchTableViewController.swift in Sources */,
				B54DC53429F757CF0078AEAD /* Movie.swift in Sources */,
				D3357B1229F06FAE00A81AD8 /* TrendingTableViewCell.swift in Sources */,
				D309CC6529F0830C007A76D1 /* SearchInteractor.swift in Sources */,
				D343156C29F09EDC00AEE166 /* TrendingLocalDataManager.swift in Sources */,
				D309CC6929F0830C007A76D1 /* SearchEntity.swift in Sources */,
				C30893B028A2F42B004B1860 /* SceneDelegate.swift in Sources */,
				B5A19F5229F7086600ACD625 /* GeneralServices.swift in Sources */,
				B51D476A29F250900089DBBB /* keysString.swift in Sources */,
				B5A19F4D29F706B300ACD625 /* GeneralTableViewCell.swift in Sources */,
				D343157129F09EDC00AEE166 /* TrendingRemoteDataManager.swift in Sources */,
				D3DDE23F29D5F68800EF774D /* GeneralTaskCoordinator.swift in Sources */,
				D3357B0E29F06C7400A81AD8 /* TrendingViewController.swift in Sources */,
				D343157329F09EDC00AEE166 /* TrendingEntity.swift in Sources */,
				D343156F29F09EDC00AEE166 /* TrendingInteractor.swift in Sources */,
				D3357AFB29F0463C00A81AD8 /* BMTabBar.swift in Sources */,
				D309CC6229F0830C007A76D1 /* SearchLocalDataManager.swift in Sources */,
				D309CC6729F0830C007A76D1 /* SearchRemoteDataManager.swift in Sources */,
				D343156D29F09EDC00AEE166 /* TrendingRouter.swift in Sources */,
			);
			runOnlyForDeploymentPostprocessing = 0;
		};
		D3E5442D29D48B6E00651AE9 /* Sources */ = {
			isa = PBXSourcesBuildPhase;
			buildActionMask = 2147483647;
			files = (
				B5CCD74D29F8874700DE3701 /* Movie.swift in Sources */,
				B5CCD73C29F8874700DE3701 /* TrendingRemoteDataManager.swift in Sources */,
				B5CCD75229F887BB00DE3701 /* SearchPresenter.swift in Sources */,
				B5CCD74C29F8874700DE3701 /* TrendingPresenter.swift in Sources */,
				B5CCD73E29F8874700DE3701 /* TrendingEntity.swift in Sources */,
				B5CCD74029F8874700DE3701 /* BMTableViewCell.swift in Sources */,
				B5CCD74329F8874700DE3701 /* GeneralTableViewCell.swift in Sources */,
				B5CCD75929F887BB00DE3701 /* SearchTableViewController.swift in Sources */,
				B5CCD74829F8874700DE3701 /* TrendingTableViewCell.swift in Sources */,
				B5CCD75529F887BB00DE3701 /* AppDelegate.swift in Sources */,
				B5CCD74429F8874700DE3701 /* GeneralTaskCoordinator.swift in Sources */,
				B5CCD75629F887BB00DE3701 /* SceneDelegate.swift in Sources */,
				B5CCD75C29F8887800DE3701 /* TrendingInteractorMock.swift in Sources */,
				B5CCD74A29F8874700DE3701 /* TrendingRouter.swift in Sources */,
				B5CCD76929F8A51D00DE3701 /* TrendingViewControllerMock.swift in Sources */,
				B5BE779B29D765440077737A /* MockGeneralTaskCordinator.swift in Sources */,
				B5CCD76029F88A1F00DE3701 /* SearchRemoteDataManagerMock.swift in Sources */,
				B5CCD75329F887BB00DE3701 /* SearchRouter.swift in Sources */,
				B5CCD72829F8866D00DE3701 /* TrendingRemoteDataManagerMock.swift in Sources */,
				B5CCD74729F8874700DE3701 /* keysString.swift in Sources */,
				B5CCD75E29F8891700DE3701 /* TrendingPresenterMock.swift in Sources */,
				B5CCD75029F887BB00DE3701 /* SearchEntity.swift in Sources */,
				B5CCD74629F8874700DE3701 /* TrendingProtocols.swift in Sources */,
				B5CCD74229F8874700DE3701 /* BMTabBar.swift in Sources */,
				B5CCD76429F88A6500DE3701 /* SearchPresenterMock.swift in Sources */,
				B5CCD76229F88A4600DE3701 /* SearchInteractorMock.swift in Sources */,
				B5CCD74129F8874700DE3701 /* TrendingLocalDataManager.swift in Sources */,
				B5CCD75729F887BB00DE3701 /* SearchLocalDataManager.swift in Sources */,
				D3E5443429D48B6E00651AE9 /* BAZProjectTests.swift in Sources */,
				B5CCD75129F887BB00DE3701 /* SearchInteractor.swift in Sources */,
				B5CCD75429F887BB00DE3701 /* SearchProtocols.swift in Sources */,
				B5CCD74E29F8874700DE3701 /* TrendingViewController.swift in Sources */,
				B5CCD73D29F8874700DE3701 /* TrendingInteractor.swift in Sources */,
				B5CCD74529F8874700DE3701 /* GeneralServices.swift in Sources */,
				B5CCD75829F887BB00DE3701 /* SearchRemoteDataManager.swift in Sources */,
			);
			runOnlyForDeploymentPostprocessing = 0;
		};
/* End PBXSourcesBuildPhase section */

/* Begin PBXTargetDependency section */
		D3E5443629D48B6E00651AE9 /* PBXTargetDependency */ = {
			isa = PBXTargetDependency;
			target = C30893A928A2F42B004B1860 /* BAZProject */;
			targetProxy = D3E5443529D48B6E00651AE9 /* PBXContainerItemProxy */;
		};
/* End PBXTargetDependency section */

/* Begin PBXVariantGroup section */
		C30893B328A2F42B004B1860 /* Main.storyboard */ = {
			isa = PBXVariantGroup;
			children = (
				C30893B428A2F42B004B1860 /* Base */,
			);
			name = Main.storyboard;
			sourceTree = "<group>";
		};
		C30893B828A2F42D004B1860 /* LaunchScreen.storyboard */ = {
			isa = PBXVariantGroup;
			children = (
				C30893B928A2F42D004B1860 /* Base */,
			);
			name = LaunchScreen.storyboard;
			sourceTree = "<group>";
		};
/* End PBXVariantGroup section */

/* Begin XCBuildConfiguration section */
		C30893BC28A2F42D004B1860 /* Debug */ = {
			isa = XCBuildConfiguration;
			buildSettings = {
				ALWAYS_SEARCH_USER_PATHS = NO;
				CLANG_ANALYZER_NONNULL = YES;
				CLANG_ANALYZER_NUMBER_OBJECT_CONVERSION = YES_AGGRESSIVE;
				CLANG_CXX_LANGUAGE_STANDARD = "gnu++17";
				CLANG_ENABLE_MODULES = YES;
				CLANG_ENABLE_OBJC_ARC = YES;
				CLANG_ENABLE_OBJC_WEAK = YES;
				CLANG_WARN_BLOCK_CAPTURE_AUTORELEASING = YES;
				CLANG_WARN_BOOL_CONVERSION = YES;
				CLANG_WARN_COMMA = YES;
				CLANG_WARN_CONSTANT_CONVERSION = YES;
				CLANG_WARN_DEPRECATED_OBJC_IMPLEMENTATIONS = YES;
				CLANG_WARN_DIRECT_OBJC_ISA_USAGE = YES_ERROR;
				CLANG_WARN_DOCUMENTATION_COMMENTS = YES;
				CLANG_WARN_EMPTY_BODY = YES;
				CLANG_WARN_ENUM_CONVERSION = YES;
				CLANG_WARN_INFINITE_RECURSION = YES;
				CLANG_WARN_INT_CONVERSION = YES;
				CLANG_WARN_NON_LITERAL_NULL_CONVERSION = YES;
				CLANG_WARN_OBJC_IMPLICIT_RETAIN_SELF = YES;
				CLANG_WARN_OBJC_LITERAL_CONVERSION = YES;
				CLANG_WARN_OBJC_ROOT_CLASS = YES_ERROR;
				CLANG_WARN_QUOTED_INCLUDE_IN_FRAMEWORK_HEADER = YES;
				CLANG_WARN_RANGE_LOOP_ANALYSIS = YES;
				CLANG_WARN_STRICT_PROTOTYPES = YES;
				CLANG_WARN_SUSPICIOUS_MOVE = YES;
				CLANG_WARN_UNGUARDED_AVAILABILITY = YES_AGGRESSIVE;
				CLANG_WARN_UNREACHABLE_CODE = YES;
				CLANG_WARN__DUPLICATE_METHOD_MATCH = YES;
				COPY_PHASE_STRIP = NO;
				DEBUG_INFORMATION_FORMAT = dwarf;
				ENABLE_STRICT_OBJC_MSGSEND = YES;
				ENABLE_TESTABILITY = YES;
				GCC_C_LANGUAGE_STANDARD = gnu11;
				GCC_DYNAMIC_NO_PIC = NO;
				GCC_NO_COMMON_BLOCKS = YES;
				GCC_OPTIMIZATION_LEVEL = 0;
				GCC_PREPROCESSOR_DEFINITIONS = (
					"DEBUG=1",
					"$(inherited)",
				);
				GCC_WARN_64_TO_32_BIT_CONVERSION = YES;
				GCC_WARN_ABOUT_RETURN_TYPE = YES_ERROR;
				GCC_WARN_UNDECLARED_SELECTOR = YES;
				GCC_WARN_UNINITIALIZED_AUTOS = YES_AGGRESSIVE;
				GCC_WARN_UNUSED_FUNCTION = YES;
				GCC_WARN_UNUSED_VARIABLE = YES;
				IPHONEOS_DEPLOYMENT_TARGET = 14.0;
				MTL_ENABLE_DEBUG_INFO = INCLUDE_SOURCE;
				MTL_FAST_MATH = YES;
				ONLY_ACTIVE_ARCH = YES;
				SDKROOT = iphoneos;
				SWIFT_ACTIVE_COMPILATION_CONDITIONS = DEBUG;
				SWIFT_OPTIMIZATION_LEVEL = "-Onone";
			};
			name = Debug;
		};
		C30893BD28A2F42D004B1860 /* Release */ = {
			isa = XCBuildConfiguration;
			buildSettings = {
				ALWAYS_SEARCH_USER_PATHS = NO;
				CLANG_ANALYZER_NONNULL = YES;
				CLANG_ANALYZER_NUMBER_OBJECT_CONVERSION = YES_AGGRESSIVE;
				CLANG_CXX_LANGUAGE_STANDARD = "gnu++17";
				CLANG_ENABLE_MODULES = YES;
				CLANG_ENABLE_OBJC_ARC = YES;
				CLANG_ENABLE_OBJC_WEAK = YES;
				CLANG_WARN_BLOCK_CAPTURE_AUTORELEASING = YES;
				CLANG_WARN_BOOL_CONVERSION = YES;
				CLANG_WARN_COMMA = YES;
				CLANG_WARN_CONSTANT_CONVERSION = YES;
				CLANG_WARN_DEPRECATED_OBJC_IMPLEMENTATIONS = YES;
				CLANG_WARN_DIRECT_OBJC_ISA_USAGE = YES_ERROR;
				CLANG_WARN_DOCUMENTATION_COMMENTS = YES;
				CLANG_WARN_EMPTY_BODY = YES;
				CLANG_WARN_ENUM_CONVERSION = YES;
				CLANG_WARN_INFINITE_RECURSION = YES;
				CLANG_WARN_INT_CONVERSION = YES;
				CLANG_WARN_NON_LITERAL_NULL_CONVERSION = YES;
				CLANG_WARN_OBJC_IMPLICIT_RETAIN_SELF = YES;
				CLANG_WARN_OBJC_LITERAL_CONVERSION = YES;
				CLANG_WARN_OBJC_ROOT_CLASS = YES_ERROR;
				CLANG_WARN_QUOTED_INCLUDE_IN_FRAMEWORK_HEADER = YES;
				CLANG_WARN_RANGE_LOOP_ANALYSIS = YES;
				CLANG_WARN_STRICT_PROTOTYPES = YES;
				CLANG_WARN_SUSPICIOUS_MOVE = YES;
				CLANG_WARN_UNGUARDED_AVAILABILITY = YES_AGGRESSIVE;
				CLANG_WARN_UNREACHABLE_CODE = YES;
				CLANG_WARN__DUPLICATE_METHOD_MATCH = YES;
				COPY_PHASE_STRIP = NO;
				DEBUG_INFORMATION_FORMAT = "dwarf-with-dsym";
				ENABLE_NS_ASSERTIONS = NO;
				ENABLE_STRICT_OBJC_MSGSEND = YES;
				GCC_C_LANGUAGE_STANDARD = gnu11;
				GCC_NO_COMMON_BLOCKS = YES;
				GCC_WARN_64_TO_32_BIT_CONVERSION = YES;
				GCC_WARN_ABOUT_RETURN_TYPE = YES_ERROR;
				GCC_WARN_UNDECLARED_SELECTOR = YES;
				GCC_WARN_UNINITIALIZED_AUTOS = YES_AGGRESSIVE;
				GCC_WARN_UNUSED_FUNCTION = YES;
				GCC_WARN_UNUSED_VARIABLE = YES;
				IPHONEOS_DEPLOYMENT_TARGET = 14.0;
				MTL_ENABLE_DEBUG_INFO = NO;
				MTL_FAST_MATH = YES;
				SDKROOT = iphoneos;
				SWIFT_COMPILATION_MODE = wholemodule;
				SWIFT_OPTIMIZATION_LEVEL = "-O";
				VALIDATE_PRODUCT = YES;
			};
			name = Release;
		};
		C30893BF28A2F42D004B1860 /* Debug */ = {
			isa = XCBuildConfiguration;
			buildSettings = {
				ASSETCATALOG_COMPILER_APPICON_NAME = AppIcon;
				ASSETCATALOG_COMPILER_GLOBAL_ACCENT_COLOR_NAME = AccentColor;
				CODE_SIGN_STYLE = Automatic;
				CURRENT_PROJECT_VERSION = 1;
				GENERATE_INFOPLIST_FILE = YES;
				INFOPLIST_FILE = BAZProject/Info.plist;
				INFOPLIST_KEY_UIApplicationSupportsIndirectInputEvents = YES;
				INFOPLIST_KEY_UILaunchStoryboardName = LaunchScreen;
				INFOPLIST_KEY_UIMainStoryboardFile = Main;
				INFOPLIST_KEY_UISupportedInterfaceOrientations_iPad = "UIInterfaceOrientationPortrait UIInterfaceOrientationPortraitUpsideDown UIInterfaceOrientationLandscapeLeft UIInterfaceOrientationLandscapeRight";
				INFOPLIST_KEY_UISupportedInterfaceOrientations_iPhone = "UIInterfaceOrientationPortrait UIInterfaceOrientationLandscapeLeft UIInterfaceOrientationLandscapeRight";
				IPHONEOS_DEPLOYMENT_TARGET = 14.0;
				LD_RUNPATH_SEARCH_PATHS = (
					"$(inherited)",
					"@executable_path/Frameworks",
				);
				MARKETING_VERSION = 1.0;
				PRODUCT_BUNDLE_IDENTIFIER = com.wizeline.BAZProject;
				PRODUCT_NAME = "$(TARGET_NAME)";
				SWIFT_EMIT_LOC_STRINGS = YES;
				SWIFT_VERSION = 5.0;
				TARGETED_DEVICE_FAMILY = "1,2";
			};
			name = Debug;
		};
		C30893C028A2F42D004B1860 /* Release */ = {
			isa = XCBuildConfiguration;
			buildSettings = {
				ASSETCATALOG_COMPILER_APPICON_NAME = AppIcon;
				ASSETCATALOG_COMPILER_GLOBAL_ACCENT_COLOR_NAME = AccentColor;
				CODE_SIGN_STYLE = Automatic;
				CURRENT_PROJECT_VERSION = 1;
				GENERATE_INFOPLIST_FILE = YES;
				INFOPLIST_FILE = BAZProject/Info.plist;
				INFOPLIST_KEY_UIApplicationSupportsIndirectInputEvents = YES;
				INFOPLIST_KEY_UILaunchStoryboardName = LaunchScreen;
				INFOPLIST_KEY_UIMainStoryboardFile = Main;
				INFOPLIST_KEY_UISupportedInterfaceOrientations_iPad = "UIInterfaceOrientationPortrait UIInterfaceOrientationPortraitUpsideDown UIInterfaceOrientationLandscapeLeft UIInterfaceOrientationLandscapeRight";
				INFOPLIST_KEY_UISupportedInterfaceOrientations_iPhone = "UIInterfaceOrientationPortrait UIInterfaceOrientationLandscapeLeft UIInterfaceOrientationLandscapeRight";
				IPHONEOS_DEPLOYMENT_TARGET = 14.0;
				LD_RUNPATH_SEARCH_PATHS = (
					"$(inherited)",
					"@executable_path/Frameworks",
				);
				MARKETING_VERSION = 1.0;
				PRODUCT_BUNDLE_IDENTIFIER = com.wizeline.BAZProject;
				PRODUCT_NAME = "$(TARGET_NAME)";
				SWIFT_EMIT_LOC_STRINGS = YES;
				SWIFT_VERSION = 5.0;
				TARGETED_DEVICE_FAMILY = "1,2";
			};
			name = Release;
		};
		D3E5443729D48B6E00651AE9 /* Debug */ = {
			isa = XCBuildConfiguration;
			buildSettings = {
				BUNDLE_LOADER = "$(TEST_HOST)";
				CLANG_CXX_LIBRARY = "libc++";
				CODE_SIGN_STYLE = Automatic;
				CURRENT_PROJECT_VERSION = 1;
				DEVELOPMENT_TEAM = X86ZLSQ4YR;
				GENERATE_INFOPLIST_FILE = YES;
				IPHONEOS_DEPLOYMENT_TARGET = 15.2;
				MARKETING_VERSION = 1.0;
				PRODUCT_BUNDLE_IDENTIFIER = ben.BAZProjectTests;
				PRODUCT_NAME = "$(TARGET_NAME)";
				SWIFT_EMIT_LOC_STRINGS = NO;
				SWIFT_VERSION = 5.0;
				TARGETED_DEVICE_FAMILY = "1,2";
				TEST_HOST = "$(BUILT_PRODUCTS_DIR)/BAZProject.app/BAZProject";
			};
			name = Debug;
		};
		D3E5443829D48B6E00651AE9 /* Release */ = {
			isa = XCBuildConfiguration;
			buildSettings = {
				BUNDLE_LOADER = "$(TEST_HOST)";
				CLANG_CXX_LIBRARY = "libc++";
				CODE_SIGN_STYLE = Automatic;
				CURRENT_PROJECT_VERSION = 1;
				DEVELOPMENT_TEAM = X86ZLSQ4YR;
				GENERATE_INFOPLIST_FILE = YES;
				IPHONEOS_DEPLOYMENT_TARGET = 15.2;
				MARKETING_VERSION = 1.0;
				PRODUCT_BUNDLE_IDENTIFIER = ben.BAZProjectTests;
				PRODUCT_NAME = "$(TARGET_NAME)";
				SWIFT_EMIT_LOC_STRINGS = NO;
				SWIFT_VERSION = 5.0;
				TARGETED_DEVICE_FAMILY = "1,2";
				TEST_HOST = "$(BUILT_PRODUCTS_DIR)/BAZProject.app/BAZProject";
			};
			name = Release;
		};
/* End XCBuildConfiguration section */

/* Begin XCConfigurationList section */
		C30893A528A2F42B004B1860 /* Build configuration list for PBXProject "BAZProject" */ = {
			isa = XCConfigurationList;
			buildConfigurations = (
				C30893BC28A2F42D004B1860 /* Debug */,
				C30893BD28A2F42D004B1860 /* Release */,
			);
			defaultConfigurationIsVisible = 0;
			defaultConfigurationName = Release;
		};
		C30893BE28A2F42D004B1860 /* Build configuration list for PBXNativeTarget "BAZProject" */ = {
			isa = XCConfigurationList;
			buildConfigurations = (
				C30893BF28A2F42D004B1860 /* Debug */,
				C30893C028A2F42D004B1860 /* Release */,
			);
			defaultConfigurationIsVisible = 0;
			defaultConfigurationName = Release;
		};
		D3E5443929D48B6E00651AE9 /* Build configuration list for PBXNativeTarget "BAZProjectTests" */ = {
			isa = XCConfigurationList;
			buildConfigurations = (
				D3E5443729D48B6E00651AE9 /* Debug */,
				D3E5443829D48B6E00651AE9 /* Release */,
			);
			defaultConfigurationIsVisible = 0;
			defaultConfigurationName = Release;
		};
/* End XCConfigurationList section */
	};
	rootObject = C30893A228A2F42B004B1860 /* Project object */;
}
