// !$*UTF8*$!
{
	archiveVersion = 1;
	classes = {
	};
	objectVersion = 55;
	objects = {

/* Begin PBXBuildFile section */
		C30893AE28A2F42B004B1860 /* AppDelegate.swift in Sources */ = {isa = PBXBuildFile; fileRef = C30893AD28A2F42B004B1860 /* AppDelegate.swift */; };
		C30893B028A2F42B004B1860 /* SceneDelegate.swift in Sources */ = {isa = PBXBuildFile; fileRef = C30893AF28A2F42B004B1860 /* SceneDelegate.swift */; };
		C30893B728A2F42D004B1860 /* Assets.xcassets in Resources */ = {isa = PBXBuildFile; fileRef = C30893B628A2F42D004B1860 /* Assets.xcassets */; };
		C30893BA28A2F42D004B1860 /* LaunchScreen.storyboard in Resources */ = {isa = PBXBuildFile; fileRef = C30893B828A2F42D004B1860 /* LaunchScreen.storyboard */; };
		C30893DB28A42481004B1860 /* README.md in Resources */ = {isa = PBXBuildFile; fileRef = C30893DA28A42481004B1860 /* README.md */; };
		C30893E228A425E1004B1860 /* MovieAPI.swift in Sources */ = {isa = PBXBuildFile; fileRef = C30893E028A425E1004B1860 /* MovieAPI.swift */; };
		C30893E328A425E1004B1860 /* Movie.swift in Sources */ = {isa = PBXBuildFile; fileRef = C30893E128A425E1004B1860 /* Movie.swift */; };
		C383356E28CA917400FCE0D5 /* code-review-rubric.md in Resources */ = {isa = PBXBuildFile; fileRef = C383356D28CA917400FCE0D5 /* code-review-rubric.md */; };
		F70C6F6C2A02389F006F2D9D /* UIViewController+Extensions.swift in Sources */ = {isa = PBXBuildFile; fileRef = F70C6F6B2A02389F006F2D9D /* UIViewController+Extensions.swift */; };
		F70C6F6D2A02389F006F2D9D /* UIViewController+Extensions.swift in Sources */ = {isa = PBXBuildFile; fileRef = F70C6F6B2A02389F006F2D9D /* UIViewController+Extensions.swift */; };
		F7135F3D29D6273000EA3B7B /* MovieInfo.swift in Sources */ = {isa = PBXBuildFile; fileRef = F7135F3C29D6272F00EA3B7B /* MovieInfo.swift */; };
		F7135F3F29D629A500EA3B7B /* API_config.swift in Sources */ = {isa = PBXBuildFile; fileRef = F7135F3E29D629A500EA3B7B /* API_config.swift */; };
		F778E7A729FC555A00EADFD4 /* MovieFoundAdapter.swift in Sources */ = {isa = PBXBuildFile; fileRef = F778E7A629FC555A00EADFD4 /* MovieFoundAdapter.swift */; };
		F778E7A929FC886300EADFD4 /* MovieDetailsInfo.swift in Sources */ = {isa = PBXBuildFile; fileRef = F778E7A829FC886300EADFD4 /* MovieDetailsInfo.swift */; };
		F778E7AB29FC8C2500EADFD4 /* MovieFoundAdapter.swift in Sources */ = {isa = PBXBuildFile; fileRef = F778E7A629FC555A00EADFD4 /* MovieFoundAdapter.swift */; };
		F778E7AC29FC8C2A00EADFD4 /* MovieInfo.swift in Sources */ = {isa = PBXBuildFile; fileRef = F7135F3C29D6272F00EA3B7B /* MovieInfo.swift */; };
		F778E7AD29FC8C2A00EADFD4 /* MovieDetailsInfo.swift in Sources */ = {isa = PBXBuildFile; fileRef = F778E7A829FC886300EADFD4 /* MovieDetailsInfo.swift */; };
		F778E7AE29FC8C2A00EADFD4 /* MovieSection.swift in Sources */ = {isa = PBXBuildFile; fileRef = F7CBD3B229F1005E0049D018 /* MovieSection.swift */; };
		F778E7AF29FC8C2A00EADFD4 /* MovieFoundInfo.swift in Sources */ = {isa = PBXBuildFile; fileRef = F7CBD3FE29F33E470049D018 /* MovieFoundInfo.swift */; };
		F778E7B029FC8C2A00EADFD4 /* ReusableCell.swift in Sources */ = {isa = PBXBuildFile; fileRef = F77D594529E0AA6D0099C129 /* ReusableCell.swift */; };
		F778E7B129FC9A1C00EADFD4 /* String+Extensions.swift in Sources */ = {isa = PBXBuildFile; fileRef = F7CBD40D29F3512D0049D018 /* String+Extensions.swift */; };
		F778E7B329FCA92600EADFD4 /* MovieDetails.swift in Sources */ = {isa = PBXBuildFile; fileRef = F778E7B229FCA92600EADFD4 /* MovieDetails.swift */; };
		F778E7B429FCA92600EADFD4 /* MovieDetails.swift in Sources */ = {isa = PBXBuildFile; fileRef = F778E7B229FCA92600EADFD4 /* MovieDetails.swift */; };
		F778E7B629FCAF4400EADFD4 /* MovieCreditsInfo.swift in Sources */ = {isa = PBXBuildFile; fileRef = F778E7B529FCAF4400EADFD4 /* MovieCreditsInfo.swift */; };
		F778E7B729FCAF4400EADFD4 /* MovieCreditsInfo.swift in Sources */ = {isa = PBXBuildFile; fileRef = F778E7B529FCAF4400EADFD4 /* MovieCreditsInfo.swift */; };
		F778E7B929FCB1A600EADFD4 /* MovieCredits.swift in Sources */ = {isa = PBXBuildFile; fileRef = F778E7B829FCB1A600EADFD4 /* MovieCredits.swift */; };
		F778E7BA29FCB1A600EADFD4 /* MovieCredits.swift in Sources */ = {isa = PBXBuildFile; fileRef = F778E7B829FCB1A600EADFD4 /* MovieCredits.swift */; };
		F778E7BC29FCB3A400EADFD4 /* MovieCastInfo.swift in Sources */ = {isa = PBXBuildFile; fileRef = F778E7BB29FCB3A400EADFD4 /* MovieCastInfo.swift */; };
		F778E7BD29FCB3A400EADFD4 /* MovieCastInfo.swift in Sources */ = {isa = PBXBuildFile; fileRef = F778E7BB29FCB3A400EADFD4 /* MovieCastInfo.swift */; };
		F778E7BF29FCB3D900EADFD4 /* MovieCast.swift in Sources */ = {isa = PBXBuildFile; fileRef = F778E7BE29FCB3D900EADFD4 /* MovieCast.swift */; };
		F778E7C029FCB3D900EADFD4 /* MovieCast.swift in Sources */ = {isa = PBXBuildFile; fileRef = F778E7BE29FCB3D900EADFD4 /* MovieCast.swift */; };
		F778E7C229FCD9E900EADFD4 /* MovieReviewInfo.swift in Sources */ = {isa = PBXBuildFile; fileRef = F778E7C129FCD9E900EADFD4 /* MovieReviewInfo.swift */; };
		F778E7C329FCD9E900EADFD4 /* MovieReviewInfo.swift in Sources */ = {isa = PBXBuildFile; fileRef = F778E7C129FCD9E900EADFD4 /* MovieReviewInfo.swift */; };
		F778E7C529FCDABA00EADFD4 /* MovieReview.swift in Sources */ = {isa = PBXBuildFile; fileRef = F778E7C429FCDABA00EADFD4 /* MovieReview.swift */; };
		F778E7C629FCDABA00EADFD4 /* MovieReview.swift in Sources */ = {isa = PBXBuildFile; fileRef = F778E7C429FCDABA00EADFD4 /* MovieReview.swift */; };
		F77D593C29E09BA70099C129 /* MoviesResponse.swift in Sources */ = {isa = PBXBuildFile; fileRef = F77D593B29E09BA70099C129 /* MoviesResponse.swift */; };
		F77D594629E0AA6D0099C129 /* ReusableCell.swift in Sources */ = {isa = PBXBuildFile; fileRef = F77D594529E0AA6D0099C129 /* ReusableCell.swift */; };
		F77D594929E0AEAD0099C129 /* ResourcesManager.swift in Sources */ = {isa = PBXBuildFile; fileRef = F77D594829E0AEAD0099C129 /* ResourcesManager.swift */; };
		F77D594C29E0B2E30099C129 /* MovieListCell.swift in Sources */ = {isa = PBXBuildFile; fileRef = F77D594A29E0B2E30099C129 /* MovieListCell.swift */; };
		F77D594D29E0B2E30099C129 /* MovieListCell.xib in Resources */ = {isa = PBXBuildFile; fileRef = F77D594B29E0B2E30099C129 /* MovieListCell.xib */; };
		F782877629FF063D00D7D2D7 /* Sections.swift in Sources */ = {isa = PBXBuildFile; fileRef = F782877529FF063D00D7D2D7 /* Sections.swift */; };
		F782877829FF067A00D7D2D7 /* DetailsSubSections.swift in Sources */ = {isa = PBXBuildFile; fileRef = F782877729FF067A00D7D2D7 /* DetailsSubSections.swift */; };
		F782877929FF067D00D7D2D7 /* DetailsSubSections.swift in Sources */ = {isa = PBXBuildFile; fileRef = F782877729FF067A00D7D2D7 /* DetailsSubSections.swift */; };
		F782877A29FF067F00D7D2D7 /* Sections.swift in Sources */ = {isa = PBXBuildFile; fileRef = F782877529FF063D00D7D2D7 /* Sections.swift */; };
		F79F9B2F29E0E1DB00133A98 /* BAZProjectTests.swift in Sources */ = {isa = PBXBuildFile; fileRef = F79F9B2E29E0E1DB00133A98 /* BAZProjectTests.swift */; };
		F79F9B3629E0E25500133A98 /* MovieListCell.swift in Sources */ = {isa = PBXBuildFile; fileRef = F77D594A29E0B2E30099C129 /* MovieListCell.swift */; };
		F79F9B3729E0E25B00133A98 /* MovieListCell.xib in Resources */ = {isa = PBXBuildFile; fileRef = F77D594B29E0B2E30099C129 /* MovieListCell.xib */; };
		F79F9B3829E0E25E00133A98 /* MovieAPI.swift in Sources */ = {isa = PBXBuildFile; fileRef = C30893E028A425E1004B1860 /* MovieAPI.swift */; };
		F79F9B3929E0E26100133A98 /* API_config.swift in Sources */ = {isa = PBXBuildFile; fileRef = F7135F3E29D629A500EA3B7B /* API_config.swift */; };
		F79F9B3C29E0E93900133A98 /* ResourcesManager.swift in Sources */ = {isa = PBXBuildFile; fileRef = F77D594829E0AEAD0099C129 /* ResourcesManager.swift */; };
		F7B4A5C529F07F0F00F52D14 /* URLSessionManager.swift in Sources */ = {isa = PBXBuildFile; fileRef = F7B4A5C429F07F0F00F52D14 /* URLSessionManager.swift */; };
		F7B4A5C929F0AF1000F52D14 /* MovieListCollectionView.swift in Sources */ = {isa = PBXBuildFile; fileRef = F7B4A5C829F0AF1000F52D14 /* MovieListCollectionView.swift */; };
		F7B4A5CB29F0BA4600F52D14 /* MovieListCollectionView.xib in Resources */ = {isa = PBXBuildFile; fileRef = F7B4A5CA29F0BA4600F52D14 /* MovieListCollectionView.xib */; };
		F7CBD3AA29F0ED600049D018 /* UIView+Extensions.swift in Sources */ = {isa = PBXBuildFile; fileRef = F7CBD3A929F0ED600049D018 /* UIView+Extensions.swift */; };
		F7CBD3B029F0F9760049D018 /* MovieListCollectionCell.swift in Sources */ = {isa = PBXBuildFile; fileRef = F7CBD3AE29F0F9760049D018 /* MovieListCollectionCell.swift */; };
		F7CBD3B129F0F9760049D018 /* MovieListCollectionCell.xib in Resources */ = {isa = PBXBuildFile; fileRef = F7CBD3AF29F0F9760049D018 /* MovieListCollectionCell.xib */; };
		F7CBD3B329F1005E0049D018 /* MovieSection.swift in Sources */ = {isa = PBXBuildFile; fileRef = F7CBD3B229F1005E0049D018 /* MovieSection.swift */; };
		F7CBD3B529F101AF0049D018 /* Section.swift in Sources */ = {isa = PBXBuildFile; fileRef = F7CBD3B429F101AF0049D018 /* Section.swift */; };
		F7CBD3C429F1A4DE0049D018 /* HomePresenter.swift in Sources */ = {isa = PBXBuildFile; fileRef = F7CBD3BB29F1A4DE0049D018 /* HomePresenter.swift */; };
		F7CBD3C629F1A4DE0049D018 /* HomeRouter.swift in Sources */ = {isa = PBXBuildFile; fileRef = F7CBD3BD29F1A4DE0049D018 /* HomeRouter.swift */; };
		F7CBD3C729F1A4DE0049D018 /* HomeProtocols.swift in Sources */ = {isa = PBXBuildFile; fileRef = F7CBD3BE29F1A4DE0049D018 /* HomeProtocols.swift */; };
		F7CBD3C829F1A4DE0049D018 /* HomeInteractor.swift in Sources */ = {isa = PBXBuildFile; fileRef = F7CBD3BF29F1A4DE0049D018 /* HomeInteractor.swift */; };
		F7CBD3C929F1A4DE0049D018 /* HomeView.swift in Sources */ = {isa = PBXBuildFile; fileRef = F7CBD3C029F1A4DE0049D018 /* HomeView.swift */; };
		F7CBD3CB29F1A4DE0049D018 /* HomeView.xib in Resources */ = {isa = PBXBuildFile; fileRef = F7CBD3C229F1A4DE0049D018 /* HomeView.xib */; };
		F7CBD3CC29F1A4DE0049D018 /* HomeEntities.swift in Sources */ = {isa = PBXBuildFile; fileRef = F7CBD3C329F1A4DE0049D018 /* HomeEntities.swift */; };
		F7CBD3CD29F302120049D018 /* HomeEntities.swift in Sources */ = {isa = PBXBuildFile; fileRef = F7CBD3C329F1A4DE0049D018 /* HomeEntities.swift */; };
		F7CBD3CE29F302120049D018 /* HomeInteractor.swift in Sources */ = {isa = PBXBuildFile; fileRef = F7CBD3BF29F1A4DE0049D018 /* HomeInteractor.swift */; };
		F7CBD3D129F302120049D018 /* HomeProtocols.swift in Sources */ = {isa = PBXBuildFile; fileRef = F7CBD3BE29F1A4DE0049D018 /* HomeProtocols.swift */; };
		F7CBD3D229F302120049D018 /* HomePresenter.swift in Sources */ = {isa = PBXBuildFile; fileRef = F7CBD3BB29F1A4DE0049D018 /* HomePresenter.swift */; };
		F7CBD3D329F302120049D018 /* HomeView.swift in Sources */ = {isa = PBXBuildFile; fileRef = F7CBD3C029F1A4DE0049D018 /* HomeView.swift */; };
		F7CBD3D429F302120049D018 /* HomeView.xib in Resources */ = {isa = PBXBuildFile; fileRef = F7CBD3C229F1A4DE0049D018 /* HomeView.xib */; };
		F7CBD3D529F302120049D018 /* HomeRouter.swift in Sources */ = {isa = PBXBuildFile; fileRef = F7CBD3BD29F1A4DE0049D018 /* HomeRouter.swift */; };
		F7CBD3D729F305200049D018 /* MovieListCollectionCell.swift in Sources */ = {isa = PBXBuildFile; fileRef = F7CBD3AE29F0F9760049D018 /* MovieListCollectionCell.swift */; };
		F7CBD3D829F305200049D018 /* MovieListCollectionCell.xib in Resources */ = {isa = PBXBuildFile; fileRef = F7CBD3AF29F0F9760049D018 /* MovieListCollectionCell.xib */; };
		F7CBD3D929F305240049D018 /* MovieListCollectionView.swift in Sources */ = {isa = PBXBuildFile; fileRef = F7B4A5C829F0AF1000F52D14 /* MovieListCollectionView.swift */; };
		F7CBD3DA29F305240049D018 /* MovieListCollectionView.xib in Resources */ = {isa = PBXBuildFile; fileRef = F7B4A5CA29F0BA4600F52D14 /* MovieListCollectionView.xib */; };
		F7CBD3DF29F305360049D018 /* Movie.swift in Sources */ = {isa = PBXBuildFile; fileRef = C30893E128A425E1004B1860 /* Movie.swift */; };
		F7CBD3E029F305360049D018 /* MoviesResponse.swift in Sources */ = {isa = PBXBuildFile; fileRef = F77D593B29E09BA70099C129 /* MoviesResponse.swift */; };
		F7CBD3E129F305360049D018 /* Section.swift in Sources */ = {isa = PBXBuildFile; fileRef = F7CBD3B429F101AF0049D018 /* Section.swift */; };
		F7CBD3E329F3053C0049D018 /* UIView+Extensions.swift in Sources */ = {isa = PBXBuildFile; fileRef = F7CBD3A929F0ED600049D018 /* UIView+Extensions.swift */; };
		F7CBD3E729F312D50049D018 /* Array+Extensions.swift in Sources */ = {isa = PBXBuildFile; fileRef = F7CBD3E629F312D50049D018 /* Array+Extensions.swift */; };
		F7CBD3E829F314D90049D018 /* Array+Extensions.swift in Sources */ = {isa = PBXBuildFile; fileRef = F7CBD3E629F312D50049D018 /* Array+Extensions.swift */; };
		F7CBD3E929F314E50049D018 /* URLSessionManager.swift in Sources */ = {isa = PBXBuildFile; fileRef = F7B4A5C429F07F0F00F52D14 /* URLSessionManager.swift */; };
		F7CBD3F529F329360049D018 /* MovieDetailsPresenter.swift in Sources */ = {isa = PBXBuildFile; fileRef = F7CBD3EC29F329360049D018 /* MovieDetailsPresenter.swift */; };
		F7CBD3F729F329360049D018 /* MovieDetailsRouter.swift in Sources */ = {isa = PBXBuildFile; fileRef = F7CBD3EE29F329360049D018 /* MovieDetailsRouter.swift */; };
		F7CBD3F829F329360049D018 /* MovieDetailsProtocols.swift in Sources */ = {isa = PBXBuildFile; fileRef = F7CBD3EF29F329360049D018 /* MovieDetailsProtocols.swift */; };
		F7CBD3F929F329360049D018 /* MovieDetailsInteractor.swift in Sources */ = {isa = PBXBuildFile; fileRef = F7CBD3F029F329360049D018 /* MovieDetailsInteractor.swift */; };
		F7CBD3FA29F329360049D018 /* MovieDetailsView.swift in Sources */ = {isa = PBXBuildFile; fileRef = F7CBD3F129F329360049D018 /* MovieDetailsView.swift */; };
		F7CBD3FC29F329360049D018 /* MovieDetailsView.xib in Resources */ = {isa = PBXBuildFile; fileRef = F7CBD3F329F329360049D018 /* MovieDetailsView.xib */; };
		F7CBD3FD29F329360049D018 /* MovieDetailsEntity.swift in Sources */ = {isa = PBXBuildFile; fileRef = F7CBD3F429F329360049D018 /* MovieDetailsEntity.swift */; };
		F7CBD3FF29F33E470049D018 /* MovieFoundInfo.swift in Sources */ = {isa = PBXBuildFile; fileRef = F7CBD3FE29F33E470049D018 /* MovieFoundInfo.swift */; };
		F7CBD40129F33F4B0049D018 /* MovieFound.swift in Sources */ = {isa = PBXBuildFile; fileRef = F7CBD40029F33F4B0049D018 /* MovieFound.swift */; };
		F7CBD40329F349CB0049D018 /* MovieFound.swift in Sources */ = {isa = PBXBuildFile; fileRef = F7CBD40029F33F4B0049D018 /* MovieFound.swift */; };
		F7CBD40429F34BB80049D018 /* MovieDetailsRouter.swift in Sources */ = {isa = PBXBuildFile; fileRef = F7CBD3EE29F329360049D018 /* MovieDetailsRouter.swift */; };
		F7CBD40529F34BBE0049D018 /* MovieDetailsPresenter.swift in Sources */ = {isa = PBXBuildFile; fileRef = F7CBD3EC29F329360049D018 /* MovieDetailsPresenter.swift */; };
		F7CBD40629F34BBE0049D018 /* MovieDetailsProtocols.swift in Sources */ = {isa = PBXBuildFile; fileRef = F7CBD3EF29F329360049D018 /* MovieDetailsProtocols.swift */; };
		F7CBD40829F34BBE0049D018 /* MovieDetailsEntity.swift in Sources */ = {isa = PBXBuildFile; fileRef = F7CBD3F429F329360049D018 /* MovieDetailsEntity.swift */; };
		F7CBD40929F34BBE0049D018 /* MovieDetailsView.xib in Resources */ = {isa = PBXBuildFile; fileRef = F7CBD3F329F329360049D018 /* MovieDetailsView.xib */; };
		F7CBD40A29F34BBE0049D018 /* MovieDetailsView.swift in Sources */ = {isa = PBXBuildFile; fileRef = F7CBD3F129F329360049D018 /* MovieDetailsView.swift */; };
		F7CBD40B29F34BBE0049D018 /* MovieDetailsInteractor.swift in Sources */ = {isa = PBXBuildFile; fileRef = F7CBD3F029F329360049D018 /* MovieDetailsInteractor.swift */; };
		F7CBD40E29F3512D0049D018 /* String+Extensions.swift in Sources */ = {isa = PBXBuildFile; fileRef = F7CBD40D29F3512D0049D018 /* String+Extensions.swift */; };
		F7CEF5032A03FEB00092F84C /* StorageProtocol.swift in Sources */ = {isa = PBXBuildFile; fileRef = F7CEF4FF2A03FEB00092F84C /* StorageProtocol.swift */; };
		F7CEF5042A03FEB00092F84C /* StorageProtocol.swift in Sources */ = {isa = PBXBuildFile; fileRef = F7CEF4FF2A03FEB00092F84C /* StorageProtocol.swift */; };
		F7CEF5052A03FEB00092F84C /* StorageKey.swift in Sources */ = {isa = PBXBuildFile; fileRef = F7CEF5002A03FEB00092F84C /* StorageKey.swift */; };
		F7CEF5062A03FEB00092F84C /* StorageKey.swift in Sources */ = {isa = PBXBuildFile; fileRef = F7CEF5002A03FEB00092F84C /* StorageKey.swift */; };
		F7CEF5072A03FEB00092F84C /* StorageManagerProtocol.swift in Sources */ = {isa = PBXBuildFile; fileRef = F7CEF5012A03FEB00092F84C /* StorageManagerProtocol.swift */; };
		F7CEF5082A03FEB00092F84C /* StorageManagerProtocol.swift in Sources */ = {isa = PBXBuildFile; fileRef = F7CEF5012A03FEB00092F84C /* StorageManagerProtocol.swift */; };
		F7CEF5092A03FEB00092F84C /* StorageManager.swift in Sources */ = {isa = PBXBuildFile; fileRef = F7CEF5022A03FEB00092F84C /* StorageManager.swift */; };
		F7CEF50A2A03FEB00092F84C /* StorageManager.swift in Sources */ = {isa = PBXBuildFile; fileRef = F7CEF5022A03FEB00092F84C /* StorageManager.swift */; };
		F7CEF50C2A03FED70092F84C /* FavoriteMovies.swift in Sources */ = {isa = PBXBuildFile; fileRef = F7CEF50B2A03FED70092F84C /* FavoriteMovies.swift */; };
		F7CEF50D2A03FED70092F84C /* FavoriteMovies.swift in Sources */ = {isa = PBXBuildFile; fileRef = F7CEF50B2A03FED70092F84C /* FavoriteMovies.swift */; };
		F7CEF50F2A0424290092F84C /* FileManager.swift in Sources */ = {isa = PBXBuildFile; fileRef = F7CEF50E2A0424290092F84C /* FileManager.swift */; };
		F7CEF5102A0424290092F84C /* FileManager.swift in Sources */ = {isa = PBXBuildFile; fileRef = F7CEF50E2A0424290092F84C /* FileManager.swift */; };
		F7CEF5142A042ABC0092F84C /* FavoriteMoviesView.swift in Sources */ = {isa = PBXBuildFile; fileRef = F7CEF5122A042ABC0092F84C /* FavoriteMoviesView.swift */; };
		F7CEF5152A042ABC0092F84C /* FavoriteMoviesView.swift in Sources */ = {isa = PBXBuildFile; fileRef = F7CEF5122A042ABC0092F84C /* FavoriteMoviesView.swift */; };
		F7CEF5162A042ABC0092F84C /* FavoriteMoviesView.xib in Resources */ = {isa = PBXBuildFile; fileRef = F7CEF5132A042ABC0092F84C /* FavoriteMoviesView.xib */; };
		F7CEF5172A042ABC0092F84C /* FavoriteMoviesView.xib in Resources */ = {isa = PBXBuildFile; fileRef = F7CEF5132A042ABC0092F84C /* FavoriteMoviesView.xib */; };
		F7CEF5192A042D080092F84C /* FavoriteMoviesProtocols.swift in Sources */ = {isa = PBXBuildFile; fileRef = F7CEF5182A042D080092F84C /* FavoriteMoviesProtocols.swift */; };
		F7CEF51A2A042D080092F84C /* FavoriteMoviesProtocols.swift in Sources */ = {isa = PBXBuildFile; fileRef = F7CEF5182A042D080092F84C /* FavoriteMoviesProtocols.swift */; };
		F7CEF51C2A0460F10092F84C /* FavoriteMoviesPresenter.swift in Sources */ = {isa = PBXBuildFile; fileRef = F7CEF51B2A0460F10092F84C /* FavoriteMoviesPresenter.swift */; };
		F7CEF51D2A0460F10092F84C /* FavoriteMoviesPresenter.swift in Sources */ = {isa = PBXBuildFile; fileRef = F7CEF51B2A0460F10092F84C /* FavoriteMoviesPresenter.swift */; };
		F7CEF51F2A04625E0092F84C /* FavoriteMoviesEntity.swift in Sources */ = {isa = PBXBuildFile; fileRef = F7CEF51E2A04625E0092F84C /* FavoriteMoviesEntity.swift */; };
		F7CEF5202A04625E0092F84C /* FavoriteMoviesEntity.swift in Sources */ = {isa = PBXBuildFile; fileRef = F7CEF51E2A04625E0092F84C /* FavoriteMoviesEntity.swift */; };
		F7CEF5222A0462780092F84C /* FavoriteMoviesInteractor.swift in Sources */ = {isa = PBXBuildFile; fileRef = F7CEF5212A0462780092F84C /* FavoriteMoviesInteractor.swift */; };
		F7CEF5232A0462780092F84C /* FavoriteMoviesInteractor.swift in Sources */ = {isa = PBXBuildFile; fileRef = F7CEF5212A0462780092F84C /* FavoriteMoviesInteractor.swift */; };
		F7CEF5252A0462AF0092F84C /* FavoriteMoviesRouter.swift in Sources */ = {isa = PBXBuildFile; fileRef = F7CEF5242A0462AF0092F84C /* FavoriteMoviesRouter.swift */; };
		F7CEF5262A0462AF0092F84C /* FavoriteMoviesRouter.swift in Sources */ = {isa = PBXBuildFile; fileRef = F7CEF5242A0462AF0092F84C /* FavoriteMoviesRouter.swift */; };
/* End PBXBuildFile section */

/* Begin PBXContainerItemProxy section */
		F79F9B3029E0E1DB00133A98 /* PBXContainerItemProxy */ = {
			isa = PBXContainerItemProxy;
			containerPortal = C30893A228A2F42B004B1860 /* Project object */;
			proxyType = 1;
			remoteGlobalIDString = C30893A928A2F42B004B1860;
			remoteInfo = BAZProject;
		};
/* End PBXContainerItemProxy section */

/* Begin PBXFileReference section */
		C30893AA28A2F42B004B1860 /* BAZProject.app */ = {isa = PBXFileReference; explicitFileType = wrapper.application; includeInIndex = 0; path = BAZProject.app; sourceTree = BUILT_PRODUCTS_DIR; };
		C30893AD28A2F42B004B1860 /* AppDelegate.swift */ = {isa = PBXFileReference; lastKnownFileType = sourcecode.swift; path = AppDelegate.swift; sourceTree = "<group>"; };
		C30893AF28A2F42B004B1860 /* SceneDelegate.swift */ = {isa = PBXFileReference; lastKnownFileType = sourcecode.swift; path = SceneDelegate.swift; sourceTree = "<group>"; };
		C30893B628A2F42D004B1860 /* Assets.xcassets */ = {isa = PBXFileReference; lastKnownFileType = folder.assetcatalog; path = Assets.xcassets; sourceTree = "<group>"; };
		C30893B928A2F42D004B1860 /* Base */ = {isa = PBXFileReference; lastKnownFileType = file.storyboard; name = Base; path = Base.lproj/LaunchScreen.storyboard; sourceTree = "<group>"; };
		C30893BB28A2F42D004B1860 /* Info.plist */ = {isa = PBXFileReference; lastKnownFileType = text.plist.xml; path = Info.plist; sourceTree = "<group>"; };
		C30893DA28A42481004B1860 /* README.md */ = {isa = PBXFileReference; fileEncoding = 4; lastKnownFileType = net.daringfireball.markdown; path = README.md; sourceTree = "<group>"; };
		C30893E028A425E1004B1860 /* MovieAPI.swift */ = {isa = PBXFileReference; fileEncoding = 4; lastKnownFileType = sourcecode.swift; path = MovieAPI.swift; sourceTree = "<group>"; };
		C30893E128A425E1004B1860 /* Movie.swift */ = {isa = PBXFileReference; fileEncoding = 4; lastKnownFileType = sourcecode.swift; path = Movie.swift; sourceTree = "<group>"; };
		C383356D28CA917400FCE0D5 /* code-review-rubric.md */ = {isa = PBXFileReference; fileEncoding = 4; lastKnownFileType = net.daringfireball.markdown; path = "code-review-rubric.md"; sourceTree = "<group>"; };
		F70C6F6B2A02389F006F2D9D /* UIViewController+Extensions.swift */ = {isa = PBXFileReference; lastKnownFileType = sourcecode.swift; path = "UIViewController+Extensions.swift"; sourceTree = "<group>"; };
		F7135F3C29D6272F00EA3B7B /* MovieInfo.swift */ = {isa = PBXFileReference; lastKnownFileType = sourcecode.swift; path = MovieInfo.swift; sourceTree = "<group>"; };
		F7135F3E29D629A500EA3B7B /* API_config.swift */ = {isa = PBXFileReference; lastKnownFileType = sourcecode.swift; path = API_config.swift; sourceTree = "<group>"; };
		F778E7A629FC555A00EADFD4 /* MovieFoundAdapter.swift */ = {isa = PBXFileReference; fileEncoding = 4; lastKnownFileType = sourcecode.swift; path = MovieFoundAdapter.swift; sourceTree = "<group>"; };
		F778E7A829FC886300EADFD4 /* MovieDetailsInfo.swift */ = {isa = PBXFileReference; lastKnownFileType = sourcecode.swift; path = MovieDetailsInfo.swift; sourceTree = "<group>"; };
		F778E7B229FCA92600EADFD4 /* MovieDetails.swift */ = {isa = PBXFileReference; lastKnownFileType = sourcecode.swift; path = MovieDetails.swift; sourceTree = "<group>"; };
		F778E7B529FCAF4400EADFD4 /* MovieCreditsInfo.swift */ = {isa = PBXFileReference; lastKnownFileType = sourcecode.swift; path = MovieCreditsInfo.swift; sourceTree = "<group>"; };
		F778E7B829FCB1A600EADFD4 /* MovieCredits.swift */ = {isa = PBXFileReference; lastKnownFileType = sourcecode.swift; path = MovieCredits.swift; sourceTree = "<group>"; };
		F778E7BB29FCB3A400EADFD4 /* MovieCastInfo.swift */ = {isa = PBXFileReference; lastKnownFileType = sourcecode.swift; path = MovieCastInfo.swift; sourceTree = "<group>"; };
		F778E7BE29FCB3D900EADFD4 /* MovieCast.swift */ = {isa = PBXFileReference; lastKnownFileType = sourcecode.swift; path = MovieCast.swift; sourceTree = "<group>"; };
		F778E7C129FCD9E900EADFD4 /* MovieReviewInfo.swift */ = {isa = PBXFileReference; lastKnownFileType = sourcecode.swift; path = MovieReviewInfo.swift; sourceTree = "<group>"; };
		F778E7C429FCDABA00EADFD4 /* MovieReview.swift */ = {isa = PBXFileReference; lastKnownFileType = sourcecode.swift; path = MovieReview.swift; sourceTree = "<group>"; };
		F77D593B29E09BA70099C129 /* MoviesResponse.swift */ = {isa = PBXFileReference; lastKnownFileType = sourcecode.swift; path = MoviesResponse.swift; sourceTree = "<group>"; };
		F77D594529E0AA6D0099C129 /* ReusableCell.swift */ = {isa = PBXFileReference; lastKnownFileType = sourcecode.swift; path = ReusableCell.swift; sourceTree = "<group>"; };
		F77D594829E0AEAD0099C129 /* ResourcesManager.swift */ = {isa = PBXFileReference; lastKnownFileType = sourcecode.swift; path = ResourcesManager.swift; sourceTree = "<group>"; };
		F77D594A29E0B2E30099C129 /* MovieListCell.swift */ = {isa = PBXFileReference; lastKnownFileType = sourcecode.swift; path = MovieListCell.swift; sourceTree = "<group>"; };
		F77D594B29E0B2E30099C129 /* MovieListCell.xib */ = {isa = PBXFileReference; lastKnownFileType = file.xib; path = MovieListCell.xib; sourceTree = "<group>"; };
		F782877529FF063D00D7D2D7 /* Sections.swift */ = {isa = PBXFileReference; lastKnownFileType = sourcecode.swift; path = Sections.swift; sourceTree = "<group>"; };
		F782877729FF067A00D7D2D7 /* DetailsSubSections.swift */ = {isa = PBXFileReference; lastKnownFileType = sourcecode.swift; path = DetailsSubSections.swift; sourceTree = "<group>"; };
		F79F9B2C29E0E1DA00133A98 /* BAZProjectTests.xctest */ = {isa = PBXFileReference; explicitFileType = wrapper.cfbundle; includeInIndex = 0; path = BAZProjectTests.xctest; sourceTree = BUILT_PRODUCTS_DIR; };
		F79F9B2E29E0E1DB00133A98 /* BAZProjectTests.swift */ = {isa = PBXFileReference; lastKnownFileType = sourcecode.swift; path = BAZProjectTests.swift; sourceTree = "<group>"; };
		F7B4A5C429F07F0F00F52D14 /* URLSessionManager.swift */ = {isa = PBXFileReference; lastKnownFileType = sourcecode.swift; path = URLSessionManager.swift; sourceTree = "<group>"; };
		F7B4A5C829F0AF1000F52D14 /* MovieListCollectionView.swift */ = {isa = PBXFileReference; lastKnownFileType = sourcecode.swift; path = MovieListCollectionView.swift; sourceTree = "<group>"; };
		F7B4A5CA29F0BA4600F52D14 /* MovieListCollectionView.xib */ = {isa = PBXFileReference; lastKnownFileType = file.xib; path = MovieListCollectionView.xib; sourceTree = "<group>"; };
		F7CBD3A929F0ED600049D018 /* UIView+Extensions.swift */ = {isa = PBXFileReference; lastKnownFileType = sourcecode.swift; path = "UIView+Extensions.swift"; sourceTree = "<group>"; };
		F7CBD3AE29F0F9760049D018 /* MovieListCollectionCell.swift */ = {isa = PBXFileReference; lastKnownFileType = sourcecode.swift; path = MovieListCollectionCell.swift; sourceTree = "<group>"; };
		F7CBD3AF29F0F9760049D018 /* MovieListCollectionCell.xib */ = {isa = PBXFileReference; lastKnownFileType = file.xib; path = MovieListCollectionCell.xib; sourceTree = "<group>"; };
		F7CBD3B229F1005E0049D018 /* MovieSection.swift */ = {isa = PBXFileReference; lastKnownFileType = sourcecode.swift; path = MovieSection.swift; sourceTree = "<group>"; };
		F7CBD3B429F101AF0049D018 /* Section.swift */ = {isa = PBXFileReference; lastKnownFileType = sourcecode.swift; path = Section.swift; sourceTree = "<group>"; };
		F7CBD3BB29F1A4DE0049D018 /* HomePresenter.swift */ = {isa = PBXFileReference; lastKnownFileType = sourcecode.swift; path = HomePresenter.swift; sourceTree = "<group>"; };
		F7CBD3BD29F1A4DE0049D018 /* HomeRouter.swift */ = {isa = PBXFileReference; lastKnownFileType = sourcecode.swift; path = HomeRouter.swift; sourceTree = "<group>"; };
		F7CBD3BE29F1A4DE0049D018 /* HomeProtocols.swift */ = {isa = PBXFileReference; lastKnownFileType = sourcecode.swift; path = HomeProtocols.swift; sourceTree = "<group>"; };
		F7CBD3BF29F1A4DE0049D018 /* HomeInteractor.swift */ = {isa = PBXFileReference; lastKnownFileType = sourcecode.swift; path = HomeInteractor.swift; sourceTree = "<group>"; };
		F7CBD3C029F1A4DE0049D018 /* HomeView.swift */ = {isa = PBXFileReference; lastKnownFileType = sourcecode.swift; path = HomeView.swift; sourceTree = "<group>"; };
		F7CBD3C229F1A4DE0049D018 /* HomeView.xib */ = {isa = PBXFileReference; lastKnownFileType = file.xib; path = HomeView.xib; sourceTree = "<group>"; };
		F7CBD3C329F1A4DE0049D018 /* HomeEntities.swift */ = {isa = PBXFileReference; lastKnownFileType = sourcecode.swift; path = HomeEntities.swift; sourceTree = "<group>"; };
		F7CBD3E629F312D50049D018 /* Array+Extensions.swift */ = {isa = PBXFileReference; lastKnownFileType = sourcecode.swift; path = "Array+Extensions.swift"; sourceTree = "<group>"; };
		F7CBD3EC29F329360049D018 /* MovieDetailsPresenter.swift */ = {isa = PBXFileReference; lastKnownFileType = sourcecode.swift; path = MovieDetailsPresenter.swift; sourceTree = "<group>"; };
		F7CBD3EE29F329360049D018 /* MovieDetailsRouter.swift */ = {isa = PBXFileReference; lastKnownFileType = sourcecode.swift; path = MovieDetailsRouter.swift; sourceTree = "<group>"; };
		F7CBD3EF29F329360049D018 /* MovieDetailsProtocols.swift */ = {isa = PBXFileReference; lastKnownFileType = sourcecode.swift; path = MovieDetailsProtocols.swift; sourceTree = "<group>"; };
		F7CBD3F029F329360049D018 /* MovieDetailsInteractor.swift */ = {isa = PBXFileReference; lastKnownFileType = sourcecode.swift; path = MovieDetailsInteractor.swift; sourceTree = "<group>"; };
		F7CBD3F129F329360049D018 /* MovieDetailsView.swift */ = {isa = PBXFileReference; lastKnownFileType = sourcecode.swift; path = MovieDetailsView.swift; sourceTree = "<group>"; };
		F7CBD3F329F329360049D018 /* MovieDetailsView.xib */ = {isa = PBXFileReference; lastKnownFileType = file.xib; path = MovieDetailsView.xib; sourceTree = "<group>"; };
		F7CBD3F429F329360049D018 /* MovieDetailsEntity.swift */ = {isa = PBXFileReference; lastKnownFileType = sourcecode.swift; path = MovieDetailsEntity.swift; sourceTree = "<group>"; };
		F7CBD3FE29F33E470049D018 /* MovieFoundInfo.swift */ = {isa = PBXFileReference; lastKnownFileType = sourcecode.swift; path = MovieFoundInfo.swift; sourceTree = "<group>"; };
		F7CBD40029F33F4B0049D018 /* MovieFound.swift */ = {isa = PBXFileReference; lastKnownFileType = sourcecode.swift; path = MovieFound.swift; sourceTree = "<group>"; };
		F7CBD40D29F3512D0049D018 /* String+Extensions.swift */ = {isa = PBXFileReference; lastKnownFileType = sourcecode.swift; path = "String+Extensions.swift"; sourceTree = "<group>"; };
		F7CEF4FF2A03FEB00092F84C /* StorageProtocol.swift */ = {isa = PBXFileReference; fileEncoding = 4; lastKnownFileType = sourcecode.swift; path = StorageProtocol.swift; sourceTree = "<group>"; };
		F7CEF5002A03FEB00092F84C /* StorageKey.swift */ = {isa = PBXFileReference; fileEncoding = 4; lastKnownFileType = sourcecode.swift; path = StorageKey.swift; sourceTree = "<group>"; };
		F7CEF5012A03FEB00092F84C /* StorageManagerProtocol.swift */ = {isa = PBXFileReference; fileEncoding = 4; lastKnownFileType = sourcecode.swift; path = StorageManagerProtocol.swift; sourceTree = "<group>"; };
		F7CEF5022A03FEB00092F84C /* StorageManager.swift */ = {isa = PBXFileReference; fileEncoding = 4; lastKnownFileType = sourcecode.swift; path = StorageManager.swift; sourceTree = "<group>"; };
		F7CEF50B2A03FED70092F84C /* FavoriteMovies.swift */ = {isa = PBXFileReference; fileEncoding = 4; lastKnownFileType = sourcecode.swift; path = FavoriteMovies.swift; sourceTree = "<group>"; };
		F7CEF50E2A0424290092F84C /* FileManager.swift */ = {isa = PBXFileReference; lastKnownFileType = sourcecode.swift; path = FileManager.swift; sourceTree = "<group>"; };
		F7CEF5122A042ABC0092F84C /* FavoriteMoviesView.swift */ = {isa = PBXFileReference; lastKnownFileType = sourcecode.swift; path = FavoriteMoviesView.swift; sourceTree = "<group>"; };
		F7CEF5132A042ABC0092F84C /* FavoriteMoviesView.xib */ = {isa = PBXFileReference; lastKnownFileType = file.xib; path = FavoriteMoviesView.xib; sourceTree = "<group>"; };
		F7CEF5182A042D080092F84C /* FavoriteMoviesProtocols.swift */ = {isa = PBXFileReference; lastKnownFileType = sourcecode.swift; path = FavoriteMoviesProtocols.swift; sourceTree = "<group>"; };
		F7CEF51B2A0460F10092F84C /* FavoriteMoviesPresenter.swift */ = {isa = PBXFileReference; lastKnownFileType = sourcecode.swift; path = FavoriteMoviesPresenter.swift; sourceTree = "<group>"; };
		F7CEF51E2A04625E0092F84C /* FavoriteMoviesEntity.swift */ = {isa = PBXFileReference; lastKnownFileType = sourcecode.swift; path = FavoriteMoviesEntity.swift; sourceTree = "<group>"; };
		F7CEF5212A0462780092F84C /* FavoriteMoviesInteractor.swift */ = {isa = PBXFileReference; lastKnownFileType = sourcecode.swift; path = FavoriteMoviesInteractor.swift; sourceTree = "<group>"; };
		F7CEF5242A0462AF0092F84C /* FavoriteMoviesRouter.swift */ = {isa = PBXFileReference; lastKnownFileType = sourcecode.swift; path = FavoriteMoviesRouter.swift; sourceTree = "<group>"; };
/* End PBXFileReference section */

/* Begin PBXFrameworksBuildPhase section */
		C30893A728A2F42B004B1860 /* Frameworks */ = {
			isa = PBXFrameworksBuildPhase;
			buildActionMask = 2147483647;
			files = (
			);
			runOnlyForDeploymentPostprocessing = 0;
		};
		F79F9B2929E0E1DA00133A98 /* Frameworks */ = {
			isa = PBXFrameworksBuildPhase;
			buildActionMask = 2147483647;
			files = (
			);
			runOnlyForDeploymentPostprocessing = 0;
		};
/* End PBXFrameworksBuildPhase section */

/* Begin PBXGroup section */
		C30893A128A2F42B004B1860 = {
			isa = PBXGroup;
			children = (
				C30893DA28A42481004B1860 /* README.md */,
				C383356D28CA917400FCE0D5 /* code-review-rubric.md */,
				C30893AC28A2F42B004B1860 /* BAZProject */,
				F79F9B2D29E0E1DB00133A98 /* BAZProjectTests */,
				C30893AB28A2F42B004B1860 /* Products */,
			);
			sourceTree = "<group>";
		};
		C30893AB28A2F42B004B1860 /* Products */ = {
			isa = PBXGroup;
			children = (
				C30893AA28A2F42B004B1860 /* BAZProject.app */,
				F79F9B2C29E0E1DA00133A98 /* BAZProjectTests.xctest */,
			);
			name = Products;
			sourceTree = "<group>";
		};
		C30893AC28A2F42B004B1860 /* BAZProject */ = {
			isa = PBXGroup;
			children = (
				F70C6F6E2A02436A006F2D9D /* StorgeManager */,
				C30893AD28A2F42B004B1860 /* AppDelegate.swift */,
				C30893AF28A2F42B004B1860 /* SceneDelegate.swift */,
				F7CBD3A829F0ED4B0049D018 /* Extensions */,
				F77D594729E0AE9A0099C129 /* Resources */,
				F77D593929E096AC0099C129 /* Protocols */,
				F77D593A29E096B60099C129 /* Models */,
				F782877429FF062E00D7D2D7 /* Enums */,
				F7CBD3EA29F326E60049D018 /* Delete */,
				F7CBD3BA29F1A4940049D018 /* MoviesHome */,
				F7CBD3EB29F329180049D018 /* MovieDetails */,
				F7CEF5112A0427D10092F84C /* FavoriteMovies */,
				F77D594129E0A9C40099C129 /* Views */,
				F77D593829E0954C0099C129 /* Movie_API */,
				C30893B828A2F42D004B1860 /* LaunchScreen.storyboard */,
				C30893B628A2F42D004B1860 /* Assets.xcassets */,
				C30893BB28A2F42D004B1860 /* Info.plist */,
			);
			path = BAZProject;
			sourceTree = "<group>";
		};
		F70C6F6E2A02436A006F2D9D /* StorgeManager */ = {
			isa = PBXGroup;
			children = (
				F7CEF5022A03FEB00092F84C /* StorageManager.swift */,
				F7CEF5012A03FEB00092F84C /* StorageManagerProtocol.swift */,
				F7CEF4FF2A03FEB00092F84C /* StorageProtocol.swift */,
				F7CEF5002A03FEB00092F84C /* StorageKey.swift */,
				F7CEF50E2A0424290092F84C /* FileManager.swift */,
			);
			path = StorgeManager;
			sourceTree = "<group>";
		};
		F77D593829E0954C0099C129 /* Movie_API */ = {
			isa = PBXGroup;
			children = (
				C30893E028A425E1004B1860 /* MovieAPI.swift */,
				F7135F3E29D629A500EA3B7B /* API_config.swift */,
				F7B4A5C429F07F0F00F52D14 /* URLSessionManager.swift */,
			);
			path = Movie_API;
			sourceTree = "<group>";
		};
		F77D593929E096AC0099C129 /* Protocols */ = {
			isa = PBXGroup;
			children = (
				F7135F3C29D6272F00EA3B7B /* MovieInfo.swift */,
				F77D594529E0AA6D0099C129 /* ReusableCell.swift */,
				F7CBD3B229F1005E0049D018 /* MovieSection.swift */,
				F7CBD3FE29F33E470049D018 /* MovieFoundInfo.swift */,
				F778E7A829FC886300EADFD4 /* MovieDetailsInfo.swift */,
				F778E7B529FCAF4400EADFD4 /* MovieCreditsInfo.swift */,
				F778E7BB29FCB3A400EADFD4 /* MovieCastInfo.swift */,
				F778E7C129FCD9E900EADFD4 /* MovieReviewInfo.swift */,
			);
			path = Protocols;
			sourceTree = "<group>";
		};
		F77D593A29E096B60099C129 /* Models */ = {
			isa = PBXGroup;
			children = (
				C30893E128A425E1004B1860 /* Movie.swift */,
				F778E7B229FCA92600EADFD4 /* MovieDetails.swift */,
				F778E7B829FCB1A600EADFD4 /* MovieCredits.swift */,
				F778E7BE29FCB3D900EADFD4 /* MovieCast.swift */,
				F778E7C429FCDABA00EADFD4 /* MovieReview.swift */,
				F77D593B29E09BA70099C129 /* MoviesResponse.swift */,
				F7CBD3B429F101AF0049D018 /* Section.swift */,
				F7CBD40029F33F4B0049D018 /* MovieFound.swift */,
				F778E7A629FC555A00EADFD4 /* MovieFoundAdapter.swift */,
				F7CEF50B2A03FED70092F84C /* FavoriteMovies.swift */,
			);
			path = Models;
			sourceTree = "<group>";
		};
		F77D594129E0A9C40099C129 /* Views */ = {
			isa = PBXGroup;
			children = (
				F7B4A5C729F0AEA500F52D14 /* HorizontalScrollView */,
				F7CBD3AD29F0F95A0049D018 /* MovieListCollectionCell */,
				F7B4A5C629F0880F00F52D14 /* MovieListCell */,
			);
			path = Views;
			sourceTree = "<group>";
		};
		F77D594729E0AE9A0099C129 /* Resources */ = {
			isa = PBXGroup;
			children = (
				F77D594829E0AEAD0099C129 /* ResourcesManager.swift */,
			);
			path = Resources;
			sourceTree = "<group>";
		};
		F782877429FF062E00D7D2D7 /* Enums */ = {
			isa = PBXGroup;
			children = (
				F782877529FF063D00D7D2D7 /* Sections.swift */,
				F782877729FF067A00D7D2D7 /* DetailsSubSections.swift */,
			);
			path = Enums;
			sourceTree = "<group>";
		};
		F79F9B2D29E0E1DB00133A98 /* BAZProjectTests */ = {
			isa = PBXGroup;
			children = (
				F79F9B2E29E0E1DB00133A98 /* BAZProjectTests.swift */,
			);
			path = BAZProjectTests;
			sourceTree = "<group>";
		};
		F7B4A5C629F0880F00F52D14 /* MovieListCell */ = {
			isa = PBXGroup;
			children = (
				F77D594A29E0B2E30099C129 /* MovieListCell.swift */,
				F77D594B29E0B2E30099C129 /* MovieListCell.xib */,
			);
			path = MovieListCell;
			sourceTree = "<group>";
		};
		F7B4A5C729F0AEA500F52D14 /* HorizontalScrollView */ = {
			isa = PBXGroup;
			children = (
				F7B4A5C829F0AF1000F52D14 /* MovieListCollectionView.swift */,
				F7B4A5CA29F0BA4600F52D14 /* MovieListCollectionView.xib */,
			);
			path = HorizontalScrollView;
			sourceTree = "<group>";
		};
		F7CBD3A829F0ED4B0049D018 /* Extensions */ = {
			isa = PBXGroup;
			children = (
				F7CBD3A929F0ED600049D018 /* UIView+Extensions.swift */,
				F7CBD3E629F312D50049D018 /* Array+Extensions.swift */,
				F7CBD40D29F3512D0049D018 /* String+Extensions.swift */,
				F70C6F6B2A02389F006F2D9D /* UIViewController+Extensions.swift */,
			);
			path = Extensions;
			sourceTree = "<group>";
		};
		F7CBD3AD29F0F95A0049D018 /* MovieListCollectionCell */ = {
			isa = PBXGroup;
			children = (
				F7CBD3AE29F0F9760049D018 /* MovieListCollectionCell.swift */,
				F7CBD3AF29F0F9760049D018 /* MovieListCollectionCell.xib */,
			);
			path = MovieListCollectionCell;
			sourceTree = "<group>";
		};
		F7CBD3BA29F1A4940049D018 /* MoviesHome */ = {
			isa = PBXGroup;
			children = (
				F7CBD3BE29F1A4DE0049D018 /* HomeProtocols.swift */,
				F7CBD3C029F1A4DE0049D018 /* HomeView.swift */,
				F7CBD3C229F1A4DE0049D018 /* HomeView.xib */,
				F7CBD3BF29F1A4DE0049D018 /* HomeInteractor.swift */,
				F7CBD3BB29F1A4DE0049D018 /* HomePresenter.swift */,
				F7CBD3C329F1A4DE0049D018 /* HomeEntities.swift */,
				F7CBD3BD29F1A4DE0049D018 /* HomeRouter.swift */,
			);
			path = MoviesHome;
			sourceTree = "<group>";
		};
		F7CBD3EA29F326E60049D018 /* Delete */ = {
			isa = PBXGroup;
			children = (
			);
			path = Delete;
			sourceTree = "<group>";
		};
		F7CBD3EB29F329180049D018 /* MovieDetails */ = {
			isa = PBXGroup;
			children = (
				F7CBD3EF29F329360049D018 /* MovieDetailsProtocols.swift */,
				F7CBD3F129F329360049D018 /* MovieDetailsView.swift */,
				F7CBD3F329F329360049D018 /* MovieDetailsView.xib */,
				F7CBD3F029F329360049D018 /* MovieDetailsInteractor.swift */,
				F7CBD3EC29F329360049D018 /* MovieDetailsPresenter.swift */,
				F7CBD3F429F329360049D018 /* MovieDetailsEntity.swift */,
				F7CBD3EE29F329360049D018 /* MovieDetailsRouter.swift */,
			);
			path = MovieDetails;
			sourceTree = "<group>";
		};
		F7CEF5112A0427D10092F84C /* FavoriteMovies */ = {
			isa = PBXGroup;
			children = (
				F7CEF5182A042D080092F84C /* FavoriteMoviesProtocols.swift */,
				F7CEF5122A042ABC0092F84C /* FavoriteMoviesView.swift */,
				F7CEF5132A042ABC0092F84C /* FavoriteMoviesView.xib */,
				F7CEF51B2A0460F10092F84C /* FavoriteMoviesPresenter.swift */,
				F7CEF51E2A04625E0092F84C /* FavoriteMoviesEntity.swift */,
				F7CEF5212A0462780092F84C /* FavoriteMoviesInteractor.swift */,
				F7CEF5242A0462AF0092F84C /* FavoriteMoviesRouter.swift */,
			);
			path = FavoriteMovies;
			sourceTree = "<group>";
		};
/* End PBXGroup section */

/* Begin PBXNativeTarget section */
		C30893A928A2F42B004B1860 /* BAZProject */ = {
			isa = PBXNativeTarget;
			buildConfigurationList = C30893BE28A2F42D004B1860 /* Build configuration list for PBXNativeTarget "BAZProject" */;
			buildPhases = (
				C30893A628A2F42B004B1860 /* Sources */,
				C30893A728A2F42B004B1860 /* Frameworks */,
				C30893A828A2F42B004B1860 /* Resources */,
			);
			buildRules = (
			);
			dependencies = (
			);
			name = BAZProject;
			productName = BAZProject;
			productReference = C30893AA28A2F42B004B1860 /* BAZProject.app */;
			productType = "com.apple.product-type.application";
		};
		F79F9B2B29E0E1DA00133A98 /* BAZProjectTests */ = {
			isa = PBXNativeTarget;
			buildConfigurationList = F79F9B3229E0E1DB00133A98 /* Build configuration list for PBXNativeTarget "BAZProjectTests" */;
			buildPhases = (
				F79F9B2829E0E1DA00133A98 /* Sources */,
				F79F9B2929E0E1DA00133A98 /* Frameworks */,
				F79F9B2A29E0E1DA00133A98 /* Resources */,
			);
			buildRules = (
			);
			dependencies = (
				F79F9B3129E0E1DB00133A98 /* PBXTargetDependency */,
			);
			name = BAZProjectTests;
			productName = BAZProjectTests;
			productReference = F79F9B2C29E0E1DA00133A98 /* BAZProjectTests.xctest */;
			productType = "com.apple.product-type.bundle.unit-test";
		};
/* End PBXNativeTarget section */

/* Begin PBXProject section */
		C30893A228A2F42B004B1860 /* Project object */ = {
			isa = PBXProject;
			attributes = {
				BuildIndependentTargetsInParallel = 1;
				LastSwiftUpdateCheck = 1420;
				LastUpgradeCheck = 1340;
				TargetAttributes = {
					C30893A928A2F42B004B1860 = {
						CreatedOnToolsVersion = 13.4.1;
					};
					F79F9B2B29E0E1DA00133A98 = {
						CreatedOnToolsVersion = 14.2;
						TestTargetID = C30893A928A2F42B004B1860;
					};
				};
			};
			buildConfigurationList = C30893A528A2F42B004B1860 /* Build configuration list for PBXProject "BAZProject" */;
			compatibilityVersion = "Xcode 13.0";
			developmentRegion = en;
			hasScannedForEncodings = 0;
			knownRegions = (
				en,
				Base,
			);
			mainGroup = C30893A128A2F42B004B1860;
			productRefGroup = C30893AB28A2F42B004B1860 /* Products */;
			projectDirPath = "";
			projectRoot = "";
			targets = (
				C30893A928A2F42B004B1860 /* BAZProject */,
				F79F9B2B29E0E1DA00133A98 /* BAZProjectTests */,
			);
		};
/* End PBXProject section */

/* Begin PBXResourcesBuildPhase section */
		C30893A828A2F42B004B1860 /* Resources */ = {
			isa = PBXResourcesBuildPhase;
			buildActionMask = 2147483647;
			files = (
				F77D594D29E0B2E30099C129 /* MovieListCell.xib in Resources */,
				C30893BA28A2F42D004B1860 /* LaunchScreen.storyboard in Resources */,
				C30893DB28A42481004B1860 /* README.md in Resources */,
				C30893B728A2F42D004B1860 /* Assets.xcassets in Resources */,
				F7CBD3CB29F1A4DE0049D018 /* HomeView.xib in Resources */,
				F7CEF5162A042ABC0092F84C /* FavoriteMoviesView.xib in Resources */,
				F7B4A5CB29F0BA4600F52D14 /* MovieListCollectionView.xib in Resources */,
				C383356E28CA917400FCE0D5 /* code-review-rubric.md in Resources */,
				F7CBD3FC29F329360049D018 /* MovieDetailsView.xib in Resources */,
				F7CBD3B129F0F9760049D018 /* MovieListCollectionCell.xib in Resources */,
			);
			runOnlyForDeploymentPostprocessing = 0;
		};
		F79F9B2A29E0E1DA00133A98 /* Resources */ = {
			isa = PBXResourcesBuildPhase;
			buildActionMask = 2147483647;
			files = (
				F79F9B3729E0E25B00133A98 /* MovieListCell.xib in Resources */,
				F7CBD3D829F305200049D018 /* MovieListCollectionCell.xib in Resources */,
				F7CBD40929F34BBE0049D018 /* MovieDetailsView.xib in Resources */,
				F7CBD3D429F302120049D018 /* HomeView.xib in Resources */,
				F7CBD3DA29F305240049D018 /* MovieListCollectionView.xib in Resources */,
				F7CEF5172A042ABC0092F84C /* FavoriteMoviesView.xib in Resources */,
			);
			runOnlyForDeploymentPostprocessing = 0;
		};
/* End PBXResourcesBuildPhase section */

/* Begin PBXSourcesBuildPhase section */
		C30893A628A2F42B004B1860 /* Sources */ = {
			isa = PBXSourcesBuildPhase;
			buildActionMask = 2147483647;
			files = (
				F7CBD3B529F101AF0049D018 /* Section.swift in Sources */,
				F782877629FF063D00D7D2D7 /* Sections.swift in Sources */,
				F778E7A929FC886300EADFD4 /* MovieDetailsInfo.swift in Sources */,
				F7CEF51F2A04625E0092F84C /* FavoriteMoviesEntity.swift in Sources */,
				F7B4A5C529F07F0F00F52D14 /* URLSessionManager.swift in Sources */,
				F7CBD3F729F329360049D018 /* MovieDetailsRouter.swift in Sources */,
				F7CBD3FF29F33E470049D018 /* MovieFoundInfo.swift in Sources */,
				F7CEF50C2A03FED70092F84C /* FavoriteMovies.swift in Sources */,
				F7CBD3E729F312D50049D018 /* Array+Extensions.swift in Sources */,
				F7CEF5032A03FEB00092F84C /* StorageProtocol.swift in Sources */,
				F77D594C29E0B2E30099C129 /* MovieListCell.swift in Sources */,
				F7CBD3C729F1A4DE0049D018 /* HomeProtocols.swift in Sources */,
				F782877829FF067A00D7D2D7 /* DetailsSubSections.swift in Sources */,
				F778E7B329FCA92600EADFD4 /* MovieDetails.swift in Sources */,
				F7CBD3B329F1005E0049D018 /* MovieSection.swift in Sources */,
				F7CBD3F529F329360049D018 /* MovieDetailsPresenter.swift in Sources */,
				F7CBD3AA29F0ED600049D018 /* UIView+Extensions.swift in Sources */,
				F7CEF5252A0462AF0092F84C /* FavoriteMoviesRouter.swift in Sources */,
				F7CEF5092A03FEB00092F84C /* StorageManager.swift in Sources */,
				F778E7B929FCB1A600EADFD4 /* MovieCredits.swift in Sources */,
				F7CBD3FD29F329360049D018 /* MovieDetailsEntity.swift in Sources */,
				F7CBD40E29F3512D0049D018 /* String+Extensions.swift in Sources */,
				F7CEF5192A042D080092F84C /* FavoriteMoviesProtocols.swift in Sources */,
				F77D593C29E09BA70099C129 /* MoviesResponse.swift in Sources */,
				F7CEF5142A042ABC0092F84C /* FavoriteMoviesView.swift in Sources */,
				F77D594629E0AA6D0099C129 /* ReusableCell.swift in Sources */,
				F7CBD3FA29F329360049D018 /* MovieDetailsView.swift in Sources */,
				F7135F3F29D629A500EA3B7B /* API_config.swift in Sources */,
				F778E7C529FCDABA00EADFD4 /* MovieReview.swift in Sources */,
				F7CEF5222A0462780092F84C /* FavoriteMoviesInteractor.swift in Sources */,
				F7CBD3B029F0F9760049D018 /* MovieListCollectionCell.swift in Sources */,
				F7CEF51C2A0460F10092F84C /* FavoriteMoviesPresenter.swift in Sources */,
				C30893AE28A2F42B004B1860 /* AppDelegate.swift in Sources */,
				C30893B028A2F42B004B1860 /* SceneDelegate.swift in Sources */,
				F778E7A729FC555A00EADFD4 /* MovieFoundAdapter.swift in Sources */,
				C30893E228A425E1004B1860 /* MovieAPI.swift in Sources */,
				F7CBD3C429F1A4DE0049D018 /* HomePresenter.swift in Sources */,
				F70C6F6C2A02389F006F2D9D /* UIViewController+Extensions.swift in Sources */,
				F7CBD3C629F1A4DE0049D018 /* HomeRouter.swift in Sources */,
				F7CEF5072A03FEB00092F84C /* StorageManagerProtocol.swift in Sources */,
				F7CBD3F829F329360049D018 /* MovieDetailsProtocols.swift in Sources */,
				F7CEF50F2A0424290092F84C /* FileManager.swift in Sources */,
				F778E7BF29FCB3D900EADFD4 /* MovieCast.swift in Sources */,
				F778E7BC29FCB3A400EADFD4 /* MovieCastInfo.swift in Sources */,
				F7135F3D29D6273000EA3B7B /* MovieInfo.swift in Sources */,
				F7B4A5C929F0AF1000F52D14 /* MovieListCollectionView.swift in Sources */,
				F7CBD3F929F329360049D018 /* MovieDetailsInteractor.swift in Sources */,
				F7CBD3C829F1A4DE0049D018 /* HomeInteractor.swift in Sources */,
				F7CBD3C929F1A4DE0049D018 /* HomeView.swift in Sources */,
				F778E7B629FCAF4400EADFD4 /* MovieCreditsInfo.swift in Sources */,
				F7CBD3CC29F1A4DE0049D018 /* HomeEntities.swift in Sources */,
				F77D594929E0AEAD0099C129 /* ResourcesManager.swift in Sources */,
				F7CBD40129F33F4B0049D018 /* MovieFound.swift in Sources */,
				F778E7C229FCD9E900EADFD4 /* MovieReviewInfo.swift in Sources */,
				C30893E328A425E1004B1860 /* Movie.swift in Sources */,
				F7CEF5052A03FEB00092F84C /* StorageKey.swift in Sources */,
			);
			runOnlyForDeploymentPostprocessing = 0;
		};
		F79F9B2829E0E1DA00133A98 /* Sources */ = {
			isa = PBXSourcesBuildPhase;
			buildActionMask = 2147483647;
			files = (
				F778E7B729FCAF4400EADFD4 /* MovieCreditsInfo.swift in Sources */,
				F782877A29FF067F00D7D2D7 /* Sections.swift in Sources */,
				F778E7B029FC8C2A00EADFD4 /* ReusableCell.swift in Sources */,
				F7CEF5082A03FEB00092F84C /* StorageManagerProtocol.swift in Sources */,
				F778E7BD29FCB3A400EADFD4 /* MovieCastInfo.swift in Sources */,
				F7CEF5262A0462AF0092F84C /* FavoriteMoviesRouter.swift in Sources */,
				F7CEF5232A0462780092F84C /* FavoriteMoviesInteractor.swift in Sources */,
				F778E7B429FCA92600EADFD4 /* MovieDetails.swift in Sources */,
				F778E7BA29FCB1A600EADFD4 /* MovieCredits.swift in Sources */,
				F7CEF51D2A0460F10092F84C /* FavoriteMoviesPresenter.swift in Sources */,
				F778E7B129FC9A1C00EADFD4 /* String+Extensions.swift in Sources */,
				F778E7C629FCDABA00EADFD4 /* MovieReview.swift in Sources */,
				F782877929FF067D00D7D2D7 /* DetailsSubSections.swift in Sources */,
				F79F9B2F29E0E1DB00133A98 /* BAZProjectTests.swift in Sources */,
				F7CBD40429F34BB80049D018 /* MovieDetailsRouter.swift in Sources */,
				F7CBD3D129F302120049D018 /* HomeProtocols.swift in Sources */,
				F778E7AF29FC8C2A00EADFD4 /* MovieFoundInfo.swift in Sources */,
				F7CBD40B29F34BBE0049D018 /* MovieDetailsInteractor.swift in Sources */,
				F778E7AD29FC8C2A00EADFD4 /* MovieDetailsInfo.swift in Sources */,
				F79F9B3929E0E26100133A98 /* API_config.swift in Sources */,
				F7CBD40529F34BBE0049D018 /* MovieDetailsPresenter.swift in Sources */,
				F7CBD3CE29F302120049D018 /* HomeInteractor.swift in Sources */,
				F7CBD3D329F302120049D018 /* HomeView.swift in Sources */,
				F7CEF5202A04625E0092F84C /* FavoriteMoviesEntity.swift in Sources */,
				F7CBD3E829F314D90049D018 /* Array+Extensions.swift in Sources */,
				F7CBD3E329F3053C0049D018 /* UIView+Extensions.swift in Sources */,
				F7CBD3D529F302120049D018 /* HomeRouter.swift in Sources */,
				F7CBD3CD29F302120049D018 /* HomeEntities.swift in Sources */,
				F79F9B3629E0E25500133A98 /* MovieListCell.swift in Sources */,
				F778E7AE29FC8C2A00EADFD4 /* MovieSection.swift in Sources */,
				F778E7AB29FC8C2500EADFD4 /* MovieFoundAdapter.swift in Sources */,
				F778E7AC29FC8C2A00EADFD4 /* MovieInfo.swift in Sources */,
				F7CBD40A29F34BBE0049D018 /* MovieDetailsView.swift in Sources */,
				F778E7C329FCD9E900EADFD4 /* MovieReviewInfo.swift in Sources */,
				F7CEF51A2A042D080092F84C /* FavoriteMoviesProtocols.swift in Sources */,
				F7CBD3DF29F305360049D018 /* Movie.swift in Sources */,
				F7CEF5102A0424290092F84C /* FileManager.swift in Sources */,
				F7CBD3E129F305360049D018 /* Section.swift in Sources */,
				F7CEF50A2A03FEB00092F84C /* StorageManager.swift in Sources */,
				F7CEF5062A03FEB00092F84C /* StorageKey.swift in Sources */,
				F7CEF50D2A03FED70092F84C /* FavoriteMovies.swift in Sources */,
				F79F9B3829E0E25E00133A98 /* MovieAPI.swift in Sources */,
				F7CBD40629F34BBE0049D018 /* MovieDetailsProtocols.swift in Sources */,
				F7CBD3E929F314E50049D018 /* URLSessionManager.swift in Sources */,
				F7CBD3D729F305200049D018 /* MovieListCollectionCell.swift in Sources */,
				F7CEF5042A03FEB00092F84C /* StorageProtocol.swift in Sources */,
				F7CEF5152A042ABC0092F84C /* FavoriteMoviesView.swift in Sources */,
				F778E7C029FCB3D900EADFD4 /* MovieCast.swift in Sources */,
				F70C6F6D2A02389F006F2D9D /* UIViewController+Extensions.swift in Sources */,
				F7CBD3E029F305360049D018 /* MoviesResponse.swift in Sources */,
				F79F9B3C29E0E93900133A98 /* ResourcesManager.swift in Sources */,
				F7CBD40329F349CB0049D018 /* MovieFound.swift in Sources */,
				F7CBD3D229F302120049D018 /* HomePresenter.swift in Sources */,
				F7CBD3D929F305240049D018 /* MovieListCollectionView.swift in Sources */,
				F7CBD40829F34BBE0049D018 /* MovieDetailsEntity.swift in Sources */,
			);
			runOnlyForDeploymentPostprocessing = 0;
		};
/* End PBXSourcesBuildPhase section */

/* Begin PBXTargetDependency section */
		F79F9B3129E0E1DB00133A98 /* PBXTargetDependency */ = {
			isa = PBXTargetDependency;
			target = C30893A928A2F42B004B1860 /* BAZProject */;
			targetProxy = F79F9B3029E0E1DB00133A98 /* PBXContainerItemProxy */;
		};
/* End PBXTargetDependency section */

/* Begin PBXVariantGroup section */
		C30893B828A2F42D004B1860 /* LaunchScreen.storyboard */ = {
			isa = PBXVariantGroup;
			children = (
				C30893B928A2F42D004B1860 /* Base */,
			);
			name = LaunchScreen.storyboard;
			sourceTree = "<group>";
		};
/* End PBXVariantGroup section */

/* Begin XCBuildConfiguration section */
		C30893BC28A2F42D004B1860 /* Debug */ = {
			isa = XCBuildConfiguration;
			buildSettings = {
				ALWAYS_SEARCH_USER_PATHS = NO;
				CLANG_ANALYZER_NONNULL = YES;
				CLANG_ANALYZER_NUMBER_OBJECT_CONVERSION = YES_AGGRESSIVE;
				CLANG_CXX_LANGUAGE_STANDARD = "gnu++17";
				CLANG_ENABLE_MODULES = YES;
				CLANG_ENABLE_OBJC_ARC = YES;
				CLANG_ENABLE_OBJC_WEAK = YES;
				CLANG_WARN_BLOCK_CAPTURE_AUTORELEASING = YES;
				CLANG_WARN_BOOL_CONVERSION = YES;
				CLANG_WARN_COMMA = YES;
				CLANG_WARN_CONSTANT_CONVERSION = YES;
				CLANG_WARN_DEPRECATED_OBJC_IMPLEMENTATIONS = YES;
				CLANG_WARN_DIRECT_OBJC_ISA_USAGE = YES_ERROR;
				CLANG_WARN_DOCUMENTATION_COMMENTS = YES;
				CLANG_WARN_EMPTY_BODY = YES;
				CLANG_WARN_ENUM_CONVERSION = YES;
				CLANG_WARN_INFINITE_RECURSION = YES;
				CLANG_WARN_INT_CONVERSION = YES;
				CLANG_WARN_NON_LITERAL_NULL_CONVERSION = YES;
				CLANG_WARN_OBJC_IMPLICIT_RETAIN_SELF = YES;
				CLANG_WARN_OBJC_LITERAL_CONVERSION = YES;
				CLANG_WARN_OBJC_ROOT_CLASS = YES_ERROR;
				CLANG_WARN_QUOTED_INCLUDE_IN_FRAMEWORK_HEADER = YES;
				CLANG_WARN_RANGE_LOOP_ANALYSIS = YES;
				CLANG_WARN_STRICT_PROTOTYPES = YES;
				CLANG_WARN_SUSPICIOUS_MOVE = YES;
				CLANG_WARN_UNGUARDED_AVAILABILITY = YES_AGGRESSIVE;
				CLANG_WARN_UNREACHABLE_CODE = YES;
				CLANG_WARN__DUPLICATE_METHOD_MATCH = YES;
				COPY_PHASE_STRIP = NO;
				DEBUG_INFORMATION_FORMAT = dwarf;
				ENABLE_STRICT_OBJC_MSGSEND = YES;
				ENABLE_TESTABILITY = YES;
				GCC_C_LANGUAGE_STANDARD = gnu11;
				GCC_DYNAMIC_NO_PIC = NO;
				GCC_NO_COMMON_BLOCKS = YES;
				GCC_OPTIMIZATION_LEVEL = 0;
				GCC_PREPROCESSOR_DEFINITIONS = (
					"DEBUG=1",
					"$(inherited)",
				);
				GCC_WARN_64_TO_32_BIT_CONVERSION = YES;
				GCC_WARN_ABOUT_RETURN_TYPE = YES_ERROR;
				GCC_WARN_UNDECLARED_SELECTOR = YES;
				GCC_WARN_UNINITIALIZED_AUTOS = YES_AGGRESSIVE;
				GCC_WARN_UNUSED_FUNCTION = YES;
				GCC_WARN_UNUSED_VARIABLE = YES;
				IPHONEOS_DEPLOYMENT_TARGET = 14.0;
				MTL_ENABLE_DEBUG_INFO = INCLUDE_SOURCE;
				MTL_FAST_MATH = YES;
				ONLY_ACTIVE_ARCH = YES;
				SDKROOT = iphoneos;
				SWIFT_ACTIVE_COMPILATION_CONDITIONS = DEBUG;
				SWIFT_OPTIMIZATION_LEVEL = "-Onone";
			};
			name = Debug;
		};
		C30893BD28A2F42D004B1860 /* Release */ = {
			isa = XCBuildConfiguration;
			buildSettings = {
				ALWAYS_SEARCH_USER_PATHS = NO;
				CLANG_ANALYZER_NONNULL = YES;
				CLANG_ANALYZER_NUMBER_OBJECT_CONVERSION = YES_AGGRESSIVE;
				CLANG_CXX_LANGUAGE_STANDARD = "gnu++17";
				CLANG_ENABLE_MODULES = YES;
				CLANG_ENABLE_OBJC_ARC = YES;
				CLANG_ENABLE_OBJC_WEAK = YES;
				CLANG_WARN_BLOCK_CAPTURE_AUTORELEASING = YES;
				CLANG_WARN_BOOL_CONVERSION = YES;
				CLANG_WARN_COMMA = YES;
				CLANG_WARN_CONSTANT_CONVERSION = YES;
				CLANG_WARN_DEPRECATED_OBJC_IMPLEMENTATIONS = YES;
				CLANG_WARN_DIRECT_OBJC_ISA_USAGE = YES_ERROR;
				CLANG_WARN_DOCUMENTATION_COMMENTS = YES;
				CLANG_WARN_EMPTY_BODY = YES;
				CLANG_WARN_ENUM_CONVERSION = YES;
				CLANG_WARN_INFINITE_RECURSION = YES;
				CLANG_WARN_INT_CONVERSION = YES;
				CLANG_WARN_NON_LITERAL_NULL_CONVERSION = YES;
				CLANG_WARN_OBJC_IMPLICIT_RETAIN_SELF = YES;
				CLANG_WARN_OBJC_LITERAL_CONVERSION = YES;
				CLANG_WARN_OBJC_ROOT_CLASS = YES_ERROR;
				CLANG_WARN_QUOTED_INCLUDE_IN_FRAMEWORK_HEADER = YES;
				CLANG_WARN_RANGE_LOOP_ANALYSIS = YES;
				CLANG_WARN_STRICT_PROTOTYPES = YES;
				CLANG_WARN_SUSPICIOUS_MOVE = YES;
				CLANG_WARN_UNGUARDED_AVAILABILITY = YES_AGGRESSIVE;
				CLANG_WARN_UNREACHABLE_CODE = YES;
				CLANG_WARN__DUPLICATE_METHOD_MATCH = YES;
				COPY_PHASE_STRIP = NO;
				DEBUG_INFORMATION_FORMAT = "dwarf-with-dsym";
				ENABLE_NS_ASSERTIONS = NO;
				ENABLE_STRICT_OBJC_MSGSEND = YES;
				GCC_C_LANGUAGE_STANDARD = gnu11;
				GCC_NO_COMMON_BLOCKS = YES;
				GCC_WARN_64_TO_32_BIT_CONVERSION = YES;
				GCC_WARN_ABOUT_RETURN_TYPE = YES_ERROR;
				GCC_WARN_UNDECLARED_SELECTOR = YES;
				GCC_WARN_UNINITIALIZED_AUTOS = YES_AGGRESSIVE;
				GCC_WARN_UNUSED_FUNCTION = YES;
				GCC_WARN_UNUSED_VARIABLE = YES;
				IPHONEOS_DEPLOYMENT_TARGET = 14.0;
				MTL_ENABLE_DEBUG_INFO = NO;
				MTL_FAST_MATH = YES;
				SDKROOT = iphoneos;
				SWIFT_COMPILATION_MODE = wholemodule;
				SWIFT_OPTIMIZATION_LEVEL = "-O";
				VALIDATE_PRODUCT = YES;
			};
			name = Release;
		};
		C30893BF28A2F42D004B1860 /* Debug */ = {
			isa = XCBuildConfiguration;
			buildSettings = {
				ASSETCATALOG_COMPILER_APPICON_NAME = AppIcon;
				ASSETCATALOG_COMPILER_GLOBAL_ACCENT_COLOR_NAME = AccentColor;
				CODE_SIGN_STYLE = Automatic;
				CURRENT_PROJECT_VERSION = 1;
				GENERATE_INFOPLIST_FILE = YES;
				INFOPLIST_FILE = BAZProject/Info.plist;
				INFOPLIST_KEY_UIApplicationSupportsIndirectInputEvents = YES;
				INFOPLIST_KEY_UILaunchStoryboardName = LaunchScreen;
				INFOPLIST_KEY_UISupportedInterfaceOrientations_iPad = "UIInterfaceOrientationPortrait UIInterfaceOrientationPortraitUpsideDown UIInterfaceOrientationLandscapeLeft UIInterfaceOrientationLandscapeRight";
				INFOPLIST_KEY_UISupportedInterfaceOrientations_iPhone = "UIInterfaceOrientationPortrait UIInterfaceOrientationLandscapeLeft UIInterfaceOrientationLandscapeRight";
				IPHONEOS_DEPLOYMENT_TARGET = 14.0;
				LD_RUNPATH_SEARCH_PATHS = (
					"$(inherited)",
					"@executable_path/Frameworks",
				);
				MARKETING_VERSION = 1.0;
				PRODUCT_BUNDLE_IDENTIFIER = com.wizeline.BAZProject;
				PRODUCT_NAME = "$(TARGET_NAME)";
				SWIFT_EMIT_LOC_STRINGS = YES;
				SWIFT_VERSION = 5.0;
				TARGETED_DEVICE_FAMILY = "1,2";
			};
			name = Debug;
		};
		C30893C028A2F42D004B1860 /* Release */ = {
			isa = XCBuildConfiguration;
			buildSettings = {
				ASSETCATALOG_COMPILER_APPICON_NAME = AppIcon;
				ASSETCATALOG_COMPILER_GLOBAL_ACCENT_COLOR_NAME = AccentColor;
				CODE_SIGN_STYLE = Automatic;
				CURRENT_PROJECT_VERSION = 1;
				GENERATE_INFOPLIST_FILE = YES;
				INFOPLIST_FILE = BAZProject/Info.plist;
				INFOPLIST_KEY_UIApplicationSupportsIndirectInputEvents = YES;
				INFOPLIST_KEY_UILaunchStoryboardName = LaunchScreen;
				INFOPLIST_KEY_UISupportedInterfaceOrientations_iPad = "UIInterfaceOrientationPortrait UIInterfaceOrientationPortraitUpsideDown UIInterfaceOrientationLandscapeLeft UIInterfaceOrientationLandscapeRight";
				INFOPLIST_KEY_UISupportedInterfaceOrientations_iPhone = "UIInterfaceOrientationPortrait UIInterfaceOrientationLandscapeLeft UIInterfaceOrientationLandscapeRight";
				IPHONEOS_DEPLOYMENT_TARGET = 14.0;
				LD_RUNPATH_SEARCH_PATHS = (
					"$(inherited)",
					"@executable_path/Frameworks",
				);
				MARKETING_VERSION = 1.0;
				PRODUCT_BUNDLE_IDENTIFIER = com.wizeline.BAZProject;
				PRODUCT_NAME = "$(TARGET_NAME)";
				SWIFT_EMIT_LOC_STRINGS = YES;
				SWIFT_VERSION = 5.0;
				TARGETED_DEVICE_FAMILY = "1,2";
			};
			name = Release;
		};
		F79F9B3329E0E1DB00133A98 /* Debug */ = {
			isa = XCBuildConfiguration;
			buildSettings = {
				BUNDLE_LOADER = "$(TEST_HOST)";
				CLANG_CXX_LANGUAGE_STANDARD = "gnu++20";
				CODE_SIGN_STYLE = Automatic;
				CURRENT_PROJECT_VERSION = 1;
				DEVELOPMENT_TEAM = UX9GY7WA87;
				GENERATE_INFOPLIST_FILE = YES;
				INFOPLIST_KEY_LSApplicationCategoryType = "";
				IPHONEOS_DEPLOYMENT_TARGET = 14.0;
				MARKETING_VERSION = 1.0;
				PRODUCT_BUNDLE_IDENTIFIER = com.bancoazteca.bancadigital.BAZProjectTests;
				PRODUCT_NAME = "$(TARGET_NAME)";
				SWIFT_EMIT_LOC_STRINGS = NO;
				SWIFT_VERSION = 5.0;
				TARGETED_DEVICE_FAMILY = "1,2";
				TEST_HOST = "$(BUILT_PRODUCTS_DIR)/BAZProject.app/BAZProject";
			};
			name = Debug;
		};
		F79F9B3429E0E1DB00133A98 /* Release */ = {
			isa = XCBuildConfiguration;
			buildSettings = {
				BUNDLE_LOADER = "$(TEST_HOST)";
				CLANG_CXX_LANGUAGE_STANDARD = "gnu++20";
				CODE_SIGN_STYLE = Automatic;
				CURRENT_PROJECT_VERSION = 1;
				DEVELOPMENT_TEAM = UX9GY7WA87;
				GENERATE_INFOPLIST_FILE = YES;
				INFOPLIST_KEY_LSApplicationCategoryType = "";
				IPHONEOS_DEPLOYMENT_TARGET = 14.0;
				MARKETING_VERSION = 1.0;
				PRODUCT_BUNDLE_IDENTIFIER = com.bancoazteca.bancadigital.BAZProjectTests;
				PRODUCT_NAME = "$(TARGET_NAME)";
				SWIFT_EMIT_LOC_STRINGS = NO;
				SWIFT_VERSION = 5.0;
				TARGETED_DEVICE_FAMILY = "1,2";
				TEST_HOST = "$(BUILT_PRODUCTS_DIR)/BAZProject.app/BAZProject";
			};
			name = Release;
		};
/* End XCBuildConfiguration section */

/* Begin XCConfigurationList section */
		C30893A528A2F42B004B1860 /* Build configuration list for PBXProject "BAZProject" */ = {
			isa = XCConfigurationList;
			buildConfigurations = (
				C30893BC28A2F42D004B1860 /* Debug */,
				C30893BD28A2F42D004B1860 /* Release */,
			);
			defaultConfigurationIsVisible = 0;
			defaultConfigurationName = Release;
		};
		C30893BE28A2F42D004B1860 /* Build configuration list for PBXNativeTarget "BAZProject" */ = {
			isa = XCConfigurationList;
			buildConfigurations = (
				C30893BF28A2F42D004B1860 /* Debug */,
				C30893C028A2F42D004B1860 /* Release */,
			);
			defaultConfigurationIsVisible = 0;
			defaultConfigurationName = Release;
		};
		F79F9B3229E0E1DB00133A98 /* Build configuration list for PBXNativeTarget "BAZProjectTests" */ = {
			isa = XCConfigurationList;
			buildConfigurations = (
				F79F9B3329E0E1DB00133A98 /* Debug */,
				F79F9B3429E0E1DB00133A98 /* Release */,
			);
			defaultConfigurationIsVisible = 0;
			defaultConfigurationName = Release;
		};
/* End XCConfigurationList section */
	};
	rootObject = C30893A228A2F42B004B1860 /* Project object */;
}
